
Microsoft Visual Studio Solution File, Format Version 12.00
# Visual Studio 15
VisualStudioVersion = 15.0.28010.2019
MinimumVisualStudioVersion = 10.0.40219.1
Project("{FAE04EC0-301F-11D3-BF4B-00C04F79EFBC}") = "ButtonDemo.Android", "ButtonDemo\ButtonDemo.Android\ButtonDemo.Android.csproj", "{667D854A-1317-47A7-83C3-7BE07F503862}"
EndProject
Project("{FAE04EC0-301F-11D3-BF4B-00C04F79EFBC}") = "ButtonDemo.iOS", "ButtonDemo\ButtonDemo.iOS\ButtonDemo.iOS.csproj", "{07829F4F-CAD9-4576-9D7C-6BB305B3DB06}"
EndProject
Project("{FAE04EC0-301F-11D3-BF4B-00C04F79EFBC}") = "ButtonDemo.UWP", "ButtonDemo\ButtonDemo.UWP\ButtonDemo.UWP.csproj", "{8B8CC142-08A2-42E3-8170-D56A08225BE1}"
EndProject
Project("{FAE04EC0-301F-11D3-BF4B-00C04F79EFBC}") = "ButtonDemo", "ButtonDemo\ButtonDemo\ButtonDemo.csproj", "{1693FECA-684A-4710-9A7A-7B55635F2743}"
EndProject
Global
	GlobalSection(SolutionConfigurationPlatforms) = preSolution
		Ad-Hoc|Any CPU = Ad-Hoc|Any CPU
		Ad-Hoc|ARM = Ad-Hoc|ARM
		Ad-Hoc|iPhone = Ad-Hoc|iPhone
		Ad-Hoc|iPhoneSimulator = Ad-Hoc|iPhoneSimulator
		Ad-Hoc|x64 = Ad-Hoc|x64
		Ad-Hoc|x86 = Ad-Hoc|x86
		AppStore|Any CPU = AppStore|Any CPU
		AppStore|ARM = AppStore|ARM
		AppStore|iPhone = AppStore|iPhone
		AppStore|iPhoneSimulator = AppStore|iPhoneSimulator
		AppStore|x64 = AppStore|x64
		AppStore|x86 = AppStore|x86
		Debug|Any CPU = Debug|Any CPU
		Debug|ARM = Debug|ARM
		Debug|iPhone = Debug|iPhone
		Debug|iPhoneSimulator = Debug|iPhoneSimulator
		Debug|x64 = Debug|x64
		Debug|x86 = Debug|x86
		Release|Any CPU = Release|Any CPU
		Release|ARM = Release|ARM
		Release|iPhone = Release|iPhone
		Release|iPhoneSimulator = Release|iPhoneSimulator
		Release|x64 = Release|x64
		Release|x86 = Release|x86
	EndGlobalSection
	GlobalSection(ProjectConfigurationPlatforms) = postSolution
		{667D854A-1317-47A7-83C3-7BE07F503862}.Ad-Hoc|Any CPU.ActiveCfg = Release|Any CPU
		{667D854A-1317-47A7-83C3-7BE07F503862}.Ad-Hoc|Any CPU.Build.0 = Release|Any CPU
		{667D854A-1317-47A7-83C3-7BE07F503862}.Ad-Hoc|Any CPU.Deploy.0 = Release|Any CPU
		{667D854A-1317-47A7-83C3-7BE07F503862}.Ad-Hoc|ARM.ActiveCfg = Release|Any CPU
		{667D854A-1317-47A7-83C3-7BE07F503862}.Ad-Hoc|ARM.Build.0 = Release|Any CPU
		{667D854A-1317-47A7-83C3-7BE07F503862}.Ad-Hoc|ARM.Deploy.0 = Release|Any CPU
		{667D854A-1317-47A7-83C3-7BE07F503862}.Ad-Hoc|iPhone.ActiveCfg = Release|Any CPU
		{667D854A-1317-47A7-83C3-7BE07F503862}.Ad-Hoc|iPhone.Build.0 = Release|Any CPU
		{667D854A-1317-47A7-83C3-7BE07F503862}.Ad-Hoc|iPhone.Deploy.0 = Release|Any CPU
		{667D854A-1317-47A7-83C3-7BE07F503862}.Ad-Hoc|iPhoneSimulator.ActiveCfg = Release|Any CPU
		{667D854A-1317-47A7-83C3-7BE07F503862}.Ad-Hoc|iPhoneSimulator.Build.0 = Release|Any CPU
		{667D854A-1317-47A7-83C3-7BE07F503862}.Ad-Hoc|iPhoneSimulator.Deploy.0 = Release|Any CPU
		{667D854A-1317-47A7-83C3-7BE07F503862}.Ad-Hoc|x64.ActiveCfg = Release|Any CPU
		{667D854A-1317-47A7-83C3-7BE07F503862}.Ad-Hoc|x64.Build.0 = Release|Any CPU
		{667D854A-1317-47A7-83C3-7BE07F503862}.Ad-Hoc|x64.Deploy.0 = Release|Any CPU
		{667D854A-1317-47A7-83C3-7BE07F503862}.Ad-Hoc|x86.ActiveCfg = Release|Any CPU
		{667D854A-1317-47A7-83C3-7BE07F503862}.Ad-Hoc|x86.Build.0 = Release|Any CPU
		{667D854A-1317-47A7-83C3-7BE07F503862}.Ad-Hoc|x86.Deploy.0 = Release|Any CPU
		{667D854A-1317-47A7-83C3-7BE07F503862}.AppStore|Any CPU.ActiveCfg = Release|Any CPU
		{667D854A-1317-47A7-83C3-7BE07F503862}.AppStore|Any CPU.Build.0 = Release|Any CPU
		{667D854A-1317-47A7-83C3-7BE07F503862}.AppStore|Any CPU.Deploy.0 = Release|Any CPU
		{667D854A-1317-47A7-83C3-7BE07F503862}.AppStore|ARM.ActiveCfg = Release|Any CPU
		{667D854A-1317-47A7-83C3-7BE07F503862}.AppStore|ARM.Build.0 = Release|Any CPU
		{667D854A-1317-47A7-83C3-7BE07F503862}.AppStore|ARM.Deploy.0 = Release|Any CPU
		{667D854A-1317-47A7-83C3-7BE07F503862}.AppStore|iPhone.ActiveCfg = Release|Any CPU
		{667D854A-1317-47A7-83C3-7BE07F503862}.AppStore|iPhone.Build.0 = Release|Any CPU
		{667D854A-1317-47A7-83C3-7BE07F503862}.AppStore|iPhone.Deploy.0 = Release|Any CPU
		{667D854A-1317-47A7-83C3-7BE07F503862}.AppStore|iPhoneSimulator.ActiveCfg = Release|Any CPU
		{667D854A-1317-47A7-83C3-7BE07F503862}.AppStore|iPhoneSimulator.Build.0 = Release|Any CPU
		{667D854A-1317-47A7-83C3-7BE07F503862}.AppStore|iPhoneSimulator.Deploy.0 = Release|Any CPU
		{667D854A-1317-47A7-83C3-7BE07F503862}.AppStore|x64.ActiveCfg = Release|Any CPU
		{667D854A-1317-47A7-83C3-7BE07F503862}.AppStore|x64.Build.0 = Release|Any CPU
		{667D854A-1317-47A7-83C3-7BE07F503862}.AppStore|x64.Deploy.0 = Release|Any CPU
		{667D854A-1317-47A7-83C3-7BE07F503862}.AppStore|x86.ActiveCfg = Release|Any CPU
		{667D854A-1317-47A7-83C3-7BE07F503862}.AppStore|x86.Build.0 = Release|Any CPU
		{667D854A-1317-47A7-83C3-7BE07F503862}.AppStore|x86.Deploy.0 = Release|Any CPU
		{667D854A-1317-47A7-83C3-7BE07F503862}.Debug|Any CPU.ActiveCfg = Debug|Any CPU
		{667D854A-1317-47A7-83C3-7BE07F503862}.Debug|Any CPU.Build.0 = Debug|Any CPU
		{667D854A-1317-47A7-83C3-7BE07F503862}.Debug|Any CPU.Deploy.0 = Debug|Any CPU
		{667D854A-1317-47A7-83C3-7BE07F503862}.Debug|ARM.ActiveCfg = Debug|Any CPU
		{667D854A-1317-47A7-83C3-7BE07F503862}.Debug|ARM.Build.0 = Debug|Any CPU
		{667D854A-1317-47A7-83C3-7BE07F503862}.Debug|ARM.Deploy.0 = Debug|Any CPU
		{667D854A-1317-47A7-83C3-7BE07F503862}.Debug|iPhone.ActiveCfg = Debug|Any CPU
		{667D854A-1317-47A7-83C3-7BE07F503862}.Debug|iPhone.Build.0 = Debug|Any CPU
		{667D854A-1317-47A7-83C3-7BE07F503862}.Debug|iPhone.Deploy.0 = Debug|Any CPU
		{667D854A-1317-47A7-83C3-7BE07F503862}.Debug|iPhoneSimulator.ActiveCfg = Debug|Any CPU
		{667D854A-1317-47A7-83C3-7BE07F503862}.Debug|iPhoneSimulator.Build.0 = Debug|Any CPU
		{667D854A-1317-47A7-83C3-7BE07F503862}.Debug|iPhoneSimulator.Deploy.0 = Debug|Any CPU
		{667D854A-1317-47A7-83C3-7BE07F503862}.Debug|x64.ActiveCfg = Debug|Any CPU
		{667D854A-1317-47A7-83C3-7BE07F503862}.Debug|x64.Build.0 = Debug|Any CPU
		{667D854A-1317-47A7-83C3-7BE07F503862}.Debug|x64.Deploy.0 = Debug|Any CPU
		{667D854A-1317-47A7-83C3-7BE07F503862}.Debug|x86.ActiveCfg = Debug|Any CPU
		{667D854A-1317-47A7-83C3-7BE07F503862}.Debug|x86.Build.0 = Debug|Any CPU
		{667D854A-1317-47A7-83C3-7BE07F503862}.Debug|x86.Deploy.0 = Debug|Any CPU
		{667D854A-1317-47A7-83C3-7BE07F503862}.Release|Any CPU.ActiveCfg = Release|Any CPU
		{667D854A-1317-47A7-83C3-7BE07F503862}.Release|Any CPU.Build.0 = Release|Any CPU
		{667D854A-1317-47A7-83C3-7BE07F503862}.Release|Any CPU.Deploy.0 = Release|Any CPU
		{667D854A-1317-47A7-83C3-7BE07F503862}.Release|ARM.ActiveCfg = Release|Any CPU
		{667D854A-1317-47A7-83C3-7BE07F503862}.Release|ARM.Build.0 = Release|Any CPU
		{667D854A-1317-47A7-83C3-7BE07F503862}.Release|ARM.Deploy.0 = Release|Any CPU
		{667D854A-1317-47A7-83C3-7BE07F503862}.Release|iPhone.ActiveCfg = Release|Any CPU
		{667D854A-1317-47A7-83C3-7BE07F503862}.Release|iPhone.Build.0 = Release|Any CPU
		{667D854A-1317-47A7-83C3-7BE07F503862}.Release|iPhone.Deploy.0 = Release|Any CPU
		{667D854A-1317-47A7-83C3-7BE07F503862}.Release|iPhoneSimulator.ActiveCfg = Release|Any CPU
		{667D854A-1317-47A7-83C3-7BE07F503862}.Release|iPhoneSimulator.Build.0 = Release|Any CPU
		{667D854A-1317-47A7-83C3-7BE07F503862}.Release|iPhoneSimulator.Deploy.0 = Release|Any CPU
		{667D854A-1317-47A7-83C3-7BE07F503862}.Release|x64.ActiveCfg = Release|Any CPU
		{667D854A-1317-47A7-83C3-7BE07F503862}.Release|x64.Build.0 = Release|Any CPU
		{667D854A-1317-47A7-83C3-7BE07F503862}.Release|x64.Deploy.0 = Release|Any CPU
		{667D854A-1317-47A7-83C3-7BE07F503862}.Release|x86.ActiveCfg = Release|Any CPU
		{667D854A-1317-47A7-83C3-7BE07F503862}.Release|x86.Build.0 = Release|Any CPU
		{667D854A-1317-47A7-83C3-7BE07F503862}.Release|x86.Deploy.0 = Release|Any CPU
		{07829F4F-CAD9-4576-9D7C-6BB305B3DB06}.Ad-Hoc|Any CPU.ActiveCfg = Ad-Hoc|iPhone
		{07829F4F-CAD9-4576-9D7C-6BB305B3DB06}.Ad-Hoc|Any CPU.Build.0 = Ad-Hoc|iPhone
		{07829F4F-CAD9-4576-9D7C-6BB305B3DB06}.Ad-Hoc|Any CPU.Deploy.0 = Ad-Hoc|iPhone
		{07829F4F-CAD9-4576-9D7C-6BB305B3DB06}.Ad-Hoc|ARM.ActiveCfg = Ad-Hoc|iPhone
		{07829F4F-CAD9-4576-9D7C-6BB305B3DB06}.Ad-Hoc|ARM.Build.0 = Ad-Hoc|iPhone
		{07829F4F-CAD9-4576-9D7C-6BB305B3DB06}.Ad-Hoc|ARM.Deploy.0 = Ad-Hoc|iPhone
		{07829F4F-CAD9-4576-9D7C-6BB305B3DB06}.Ad-Hoc|iPhone.ActiveCfg = Ad-Hoc|iPhone
		{07829F4F-CAD9-4576-9D7C-6BB305B3DB06}.Ad-Hoc|iPhone.Build.0 = Ad-Hoc|iPhone
		{07829F4F-CAD9-4576-9D7C-6BB305B3DB06}.Ad-Hoc|iPhone.Deploy.0 = Ad-Hoc|iPhone
		{07829F4F-CAD9-4576-9D7C-6BB305B3DB06}.Ad-Hoc|iPhoneSimulator.ActiveCfg = Ad-Hoc|iPhoneSimulator
		{07829F4F-CAD9-4576-9D7C-6BB305B3DB06}.Ad-Hoc|iPhoneSimulator.Build.0 = Ad-Hoc|iPhoneSimulator
		{07829F4F-CAD9-4576-9D7C-6BB305B3DB06}.Ad-Hoc|iPhoneSimulator.Deploy.0 = Ad-Hoc|iPhoneSimulator
		{07829F4F-CAD9-4576-9D7C-6BB305B3DB06}.Ad-Hoc|x64.ActiveCfg = Ad-Hoc|iPhone
		{07829F4F-CAD9-4576-9D7C-6BB305B3DB06}.Ad-Hoc|x64.Build.0 = Ad-Hoc|iPhone
		{07829F4F-CAD9-4576-9D7C-6BB305B3DB06}.Ad-Hoc|x64.Deploy.0 = Ad-Hoc|iPhone
		{07829F4F-CAD9-4576-9D7C-6BB305B3DB06}.Ad-Hoc|x86.ActiveCfg = Ad-Hoc|iPhone
		{07829F4F-CAD9-4576-9D7C-6BB305B3DB06}.Ad-Hoc|x86.Build.0 = Ad-Hoc|iPhone
		{07829F4F-CAD9-4576-9D7C-6BB305B3DB06}.Ad-Hoc|x86.Deploy.0 = Ad-Hoc|iPhone
		{07829F4F-CAD9-4576-9D7C-6BB305B3DB06}.AppStore|Any CPU.ActiveCfg = AppStore|iPhone
		{07829F4F-CAD9-4576-9D7C-6BB305B3DB06}.AppStore|Any CPU.Build.0 = AppStore|iPhone
		{07829F4F-CAD9-4576-9D7C-6BB305B3DB06}.AppStore|Any CPU.Deploy.0 = AppStore|iPhone
		{07829F4F-CAD9-4576-9D7C-6BB305B3DB06}.AppStore|ARM.ActiveCfg = AppStore|iPhone
		{07829F4F-CAD9-4576-9D7C-6BB305B3DB06}.AppStore|ARM.Build.0 = AppStore|iPhone
		{07829F4F-CAD9-4576-9D7C-6BB305B3DB06}.AppStore|ARM.Deploy.0 = AppStore|iPhone
		{07829F4F-CAD9-4576-9D7C-6BB305B3DB06}.AppStore|iPhone.ActiveCfg = AppStore|iPhone
		{07829F4F-CAD9-4576-9D7C-6BB305B3DB06}.AppStore|iPhone.Build.0 = AppStore|iPhone
		{07829F4F-CAD9-4576-9D7C-6BB305B3DB06}.AppStore|iPhone.Deploy.0 = AppStore|iPhone
		{07829F4F-CAD9-4576-9D7C-6BB305B3DB06}.AppStore|iPhoneSimulator.ActiveCfg = AppStore|iPhoneSimulator
		{07829F4F-CAD9-4576-9D7C-6BB305B3DB06}.AppStore|iPhoneSimulator.Build.0 = AppStore|iPhoneSimulator
		{07829F4F-CAD9-4576-9D7C-6BB305B3DB06}.AppStore|iPhoneSimulator.Deploy.0 = AppStore|iPhoneSimulator
		{07829F4F-CAD9-4576-9D7C-6BB305B3DB06}.AppStore|x64.ActiveCfg = AppStore|iPhone
		{07829F4F-CAD9-4576-9D7C-6BB305B3DB06}.AppStore|x64.Build.0 = AppStore|iPhone
		{07829F4F-CAD9-4576-9D7C-6BB305B3DB06}.AppStore|x64.Deploy.0 = AppStore|iPhone
		{07829F4F-CAD9-4576-9D7C-6BB305B3DB06}.AppStore|x86.ActiveCfg = AppStore|iPhone
		{07829F4F-CAD9-4576-9D7C-6BB305B3DB06}.AppStore|x86.Build.0 = AppStore|iPhone
		{07829F4F-CAD9-4576-9D7C-6BB305B3DB06}.AppStore|x86.Deploy.0 = AppStore|iPhone
		{07829F4F-CAD9-4576-9D7C-6BB305B3DB06}.Debug|Any CPU.ActiveCfg = Debug|iPhoneSimulator
		{07829F4F-CAD9-4576-9D7C-6BB305B3DB06}.Debug|Any CPU.Build.0 = Debug|iPhoneSimulator
		{07829F4F-CAD9-4576-9D7C-6BB305B3DB06}.Debug|Any CPU.Deploy.0 = Debug|iPhoneSimulator
		{07829F4F-CAD9-4576-9D7C-6BB305B3DB06}.Debug|ARM.ActiveCfg = Debug|iPhone
		{07829F4F-CAD9-4576-9D7C-6BB305B3DB06}.Debug|ARM.Build.0 = Debug|iPhone
		{07829F4F-CAD9-4576-9D7C-6BB305B3DB06}.Debug|ARM.Deploy.0 = Debug|iPhone
		{07829F4F-CAD9-4576-9D7C-6BB305B3DB06}.Debug|iPhone.ActiveCfg = Debug|iPhone
		{07829F4F-CAD9-4576-9D7C-6BB305B3DB06}.Debug|iPhone.Build.0 = Debug|iPhone
		{07829F4F-CAD9-4576-9D7C-6BB305B3DB06}.Debug|iPhone.Deploy.0 = Debug|iPhone
		{07829F4F-CAD9-4576-9D7C-6BB305B3DB06}.Debug|iPhoneSimulator.ActiveCfg = Debug|iPhoneSimulator
		{07829F4F-CAD9-4576-9D7C-6BB305B3DB06}.Debug|iPhoneSimulator.Build.0 = Debug|iPhoneSimulator
		{07829F4F-CAD9-4576-9D7C-6BB305B3DB06}.Debug|iPhoneSimulator.Deploy.0 = Debug|iPhoneSimulator
		{07829F4F-CAD9-4576-9D7C-6BB305B3DB06}.Debug|x64.ActiveCfg = Debug|iPhone
		{07829F4F-CAD9-4576-9D7C-6BB305B3DB06}.Debug|x64.Build.0 = Debug|iPhone
		{07829F4F-CAD9-4576-9D7C-6BB305B3DB06}.Debug|x64.Deploy.0 = Debug|iPhone
		{07829F4F-CAD9-4576-9D7C-6BB305B3DB06}.Debug|x86.ActiveCfg = Debug|iPhone
		{07829F4F-CAD9-4576-9D7C-6BB305B3DB06}.Debug|x86.Build.0 = Debug|iPhone
		{07829F4F-CAD9-4576-9D7C-6BB305B3DB06}.Debug|x86.Deploy.0 = Debug|iPhone
		{07829F4F-CAD9-4576-9D7C-6BB305B3DB06}.Release|Any CPU.ActiveCfg = Release|iPhone
		{07829F4F-CAD9-4576-9D7C-6BB305B3DB06}.Release|Any CPU.Build.0 = Release|iPhone
		{07829F4F-CAD9-4576-9D7C-6BB305B3DB06}.Release|Any CPU.Deploy.0 = Release|iPhone
		{07829F4F-CAD9-4576-9D7C-6BB305B3DB06}.Release|ARM.ActiveCfg = Release|iPhone
		{07829F4F-CAD9-4576-9D7C-6BB305B3DB06}.Release|ARM.Build.0 = Release|iPhone
		{07829F4F-CAD9-4576-9D7C-6BB305B3DB06}.Release|ARM.Deploy.0 = Release|iPhone
		{07829F4F-CAD9-4576-9D7C-6BB305B3DB06}.Release|iPhone.ActiveCfg = Release|iPhone
		{07829F4F-CAD9-4576-9D7C-6BB305B3DB06}.Release|iPhone.Build.0 = Release|iPhone
		{07829F4F-CAD9-4576-9D7C-6BB305B3DB06}.Release|iPhone.Deploy.0 = Release|iPhone
		{07829F4F-CAD9-4576-9D7C-6BB305B3DB06}.Release|iPhoneSimulator.ActiveCfg = Release|iPhoneSimulator
		{07829F4F-CAD9-4576-9D7C-6BB305B3DB06}.Release|iPhoneSimulator.Build.0 = Release|iPhoneSimulator
		{07829F4F-CAD9-4576-9D7C-6BB305B3DB06}.Release|iPhoneSimulator.Deploy.0 = Release|iPhoneSimulator
		{07829F4F-CAD9-4576-9D7C-6BB305B3DB06}.Release|x64.ActiveCfg = Release|iPhone
		{07829F4F-CAD9-4576-9D7C-6BB305B3DB06}.Release|x64.Build.0 = Release|iPhone
		{07829F4F-CAD9-4576-9D7C-6BB305B3DB06}.Release|x64.Deploy.0 = Release|iPhone
		{07829F4F-CAD9-4576-9D7C-6BB305B3DB06}.Release|x86.ActiveCfg = Release|iPhone
		{07829F4F-CAD9-4576-9D7C-6BB305B3DB06}.Release|x86.Build.0 = Release|iPhone
		{07829F4F-CAD9-4576-9D7C-6BB305B3DB06}.Release|x86.Deploy.0 = Release|iPhone
		{8B8CC142-08A2-42E3-8170-D56A08225BE1}.Ad-Hoc|Any CPU.ActiveCfg = Release|x86
		{8B8CC142-08A2-42E3-8170-D56A08225BE1}.Ad-Hoc|Any CPU.Build.0 = Release|x86
		{8B8CC142-08A2-42E3-8170-D56A08225BE1}.Ad-Hoc|Any CPU.Deploy.0 = Release|x86
		{8B8CC142-08A2-42E3-8170-D56A08225BE1}.Ad-Hoc|ARM.ActiveCfg = Release|ARM
		{8B8CC142-08A2-42E3-8170-D56A08225BE1}.Ad-Hoc|ARM.Build.0 = Release|ARM
		{8B8CC142-08A2-42E3-8170-D56A08225BE1}.Ad-Hoc|ARM.Deploy.0 = Release|ARM
		{8B8CC142-08A2-42E3-8170-D56A08225BE1}.Ad-Hoc|iPhone.ActiveCfg = Release|x86
		{8B8CC142-08A2-42E3-8170-D56A08225BE1}.Ad-Hoc|iPhone.Build.0 = Release|x86
		{8B8CC142-08A2-42E3-8170-D56A08225BE1}.Ad-Hoc|iPhone.Deploy.0 = Release|x86
		{8B8CC142-08A2-42E3-8170-D56A08225BE1}.Ad-Hoc|iPhoneSimulator.ActiveCfg = Release|x86
		{8B8CC142-08A2-42E3-8170-D56A08225BE1}.Ad-Hoc|iPhoneSimulator.Build.0 = Release|x86
		{8B8CC142-08A2-42E3-8170-D56A08225BE1}.Ad-Hoc|iPhoneSimulator.Deploy.0 = Release|x86
		{8B8CC142-08A2-42E3-8170-D56A08225BE1}.Ad-Hoc|x64.ActiveCfg = Release|x64
		{8B8CC142-08A2-42E3-8170-D56A08225BE1}.Ad-Hoc|x64.Build.0 = Release|x64
		{8B8CC142-08A2-42E3-8170-D56A08225BE1}.Ad-Hoc|x64.Deploy.0 = Release|x64
		{8B8CC142-08A2-42E3-8170-D56A08225BE1}.Ad-Hoc|x86.ActiveCfg = Release|x86
		{8B8CC142-08A2-42E3-8170-D56A08225BE1}.Ad-Hoc|x86.Build.0 = Release|x86
		{8B8CC142-08A2-42E3-8170-D56A08225BE1}.Ad-Hoc|x86.Deploy.0 = Release|x86
		{8B8CC142-08A2-42E3-8170-D56A08225BE1}.AppStore|Any CPU.ActiveCfg = Release|x86
		{8B8CC142-08A2-42E3-8170-D56A08225BE1}.AppStore|Any CPU.Build.0 = Release|x86
		{8B8CC142-08A2-42E3-8170-D56A08225BE1}.AppStore|Any CPU.Deploy.0 = Release|x86
		{8B8CC142-08A2-42E3-8170-D56A08225BE1}.AppStore|ARM.ActiveCfg = Release|ARM
		{8B8CC142-08A2-42E3-8170-D56A08225BE1}.AppStore|ARM.Build.0 = Release|ARM
		{8B8CC142-08A2-42E3-8170-D56A08225BE1}.AppStore|ARM.Deploy.0 = Release|ARM
		{8B8CC142-08A2-42E3-8170-D56A08225BE1}.AppStore|iPhone.ActiveCfg = Release|x86
		{8B8CC142-08A2-42E3-8170-D56A08225BE1}.AppStore|iPhone.Build.0 = Release|x86
		{8B8CC142-08A2-42E3-8170-D56A08225BE1}.AppStore|iPhone.Deploy.0 = Release|x86
		{8B8CC142-08A2-42E3-8170-D56A08225BE1}.AppStore|iPhoneSimulator.ActiveCfg = Release|x86
		{8B8CC142-08A2-42E3-8170-D56A08225BE1}.AppStore|iPhoneSimulator.Build.0 = Release|x86
		{8B8CC142-08A2-42E3-8170-D56A08225BE1}.AppStore|iPhoneSimulator.Deploy.0 = Release|x86
		{8B8CC142-08A2-42E3-8170-D56A08225BE1}.AppStore|x64.ActiveCfg = Release|x64
		{8B8CC142-08A2-42E3-8170-D56A08225BE1}.AppStore|x64.Build.0 = Release|x64
		{8B8CC142-08A2-42E3-8170-D56A08225BE1}.AppStore|x64.Deploy.0 = Release|x64
		{8B8CC142-08A2-42E3-8170-D56A08225BE1}.AppStore|x86.ActiveCfg = Release|x86
		{8B8CC142-08A2-42E3-8170-D56A08225BE1}.AppStore|x86.Build.0 = Release|x86
		{8B8CC142-08A2-42E3-8170-D56A08225BE1}.AppStore|x86.Deploy.0 = Release|x86
		{8B8CC142-08A2-42E3-8170-D56A08225BE1}.Debug|Any CPU.ActiveCfg = Debug|x86
		{8B8CC142-08A2-42E3-8170-D56A08225BE1}.Debug|Any CPU.Build.0 = Debug|x86
		{8B8CC142-08A2-42E3-8170-D56A08225BE1}.Debug|Any CPU.Deploy.0 = Debug|x86
		{8B8CC142-08A2-42E3-8170-D56A08225BE1}.Debug|ARM.ActiveCfg = Debug|ARM
		{8B8CC142-08A2-42E3-8170-D56A08225BE1}.Debug|ARM.Build.0 = Debug|ARM
		{8B8CC142-08A2-42E3-8170-D56A08225BE1}.Debug|ARM.Deploy.0 = Debug|ARM
		{8B8CC142-08A2-42E3-8170-D56A08225BE1}.Debug|iPhone.ActiveCfg = Debug|x86
		{8B8CC142-08A2-42E3-8170-D56A08225BE1}.Debug|iPhone.Build.0 = Debug|x86
		{8B8CC142-08A2-42E3-8170-D56A08225BE1}.Debug|iPhone.Deploy.0 = Debug|x86
		{8B8CC142-08A2-42E3-8170-D56A08225BE1}.Debug|iPhoneSimulator.ActiveCfg = Debug|x86
		{8B8CC142-08A2-42E3-8170-D56A08225BE1}.Debug|iPhoneSimulator.Build.0 = Debug|x86
		{8B8CC142-08A2-42E3-8170-D56A08225BE1}.Debug|iPhoneSimulator.Deploy.0 = Debug|x86
		{8B8CC142-08A2-42E3-8170-D56A08225BE1}.Debug|x64.ActiveCfg = Debug|x64
		{8B8CC142-08A2-42E3-8170-D56A08225BE1}.Debug|x64.Build.0 = Debug|x64
		{8B8CC142-08A2-42E3-8170-D56A08225BE1}.Debug|x64.Deploy.0 = Debug|x64
		{8B8CC142-08A2-42E3-8170-D56A08225BE1}.Debug|x86.ActiveCfg = Debug|x86
		{8B8CC142-08A2-42E3-8170-D56A08225BE1}.Debug|x86.Build.0 = Debug|x86
		{8B8CC142-08A2-42E3-8170-D56A08225BE1}.Debug|x86.Deploy.0 = Debug|x86
		{8B8CC142-08A2-42E3-8170-D56A08225BE1}.Release|Any CPU.ActiveCfg = Release|x86
		{8B8CC142-08A2-42E3-8170-D56A08225BE1}.Release|Any CPU.Build.0 = Release|x86
		{8B8CC142-08A2-42E3-8170-D56A08225BE1}.Release|Any CPU.Deploy.0 = Release|x86
		{8B8CC142-08A2-42E3-8170-D56A08225BE1}.Release|ARM.ActiveCfg = Release|ARM
		{8B8CC142-08A2-42E3-8170-D56A08225BE1}.Release|ARM.Build.0 = Release|ARM
		{8B8CC142-08A2-42E3-8170-D56A08225BE1}.Release|ARM.Deploy.0 = Release|ARM
		{8B8CC142-08A2-42E3-8170-D56A08225BE1}.Release|iPhone.ActiveCfg = Release|x86
		{8B8CC142-08A2-42E3-8170-D56A08225BE1}.Release|iPhone.Build.0 = Release|x86
		{8B8CC142-08A2-42E3-8170-D56A08225BE1}.Release|iPhone.Deploy.0 = Release|x86
		{8B8CC142-08A2-42E3-8170-D56A08225BE1}.Release|iPhoneSimulator.ActiveCfg = Release|x86
		{8B8CC142-08A2-42E3-8170-D56A08225BE1}.Release|iPhoneSimulator.Build.0 = Release|x86
		{8B8CC142-08A2-42E3-8170-D56A08225BE1}.Release|iPhoneSimulator.Deploy.0 = Release|x86
		{8B8CC142-08A2-42E3-8170-D56A08225BE1}.Release|x64.ActiveCfg = Release|x64
		{8B8CC142-08A2-42E3-8170-D56A08225BE1}.Release|x64.Build.0 = Release|x64
		{8B8CC142-08A2-42E3-8170-D56A08225BE1}.Release|x64.Deploy.0 = Release|x64
		{8B8CC142-08A2-42E3-8170-D56A08225BE1}.Release|x86.ActiveCfg = Release|x86
		{8B8CC142-08A2-42E3-8170-D56A08225BE1}.Release|x86.Build.0 = Release|x86
		{8B8CC142-08A2-42E3-8170-D56A08225BE1}.Release|x86.Deploy.0 = Release|x86
		{1693FECA-684A-4710-9A7A-7B55635F2743}.Ad-Hoc|Any CPU.ActiveCfg = Debug|Any CPU
		{1693FECA-684A-4710-9A7A-7B55635F2743}.Ad-Hoc|Any CPU.Build.0 = Debug|Any CPU
		{1693FECA-684A-4710-9A7A-7B55635F2743}.Ad-Hoc|Any CPU.Deploy.0 = Debug|Any CPU
		{1693FECA-684A-4710-9A7A-7B55635F2743}.Ad-Hoc|ARM.ActiveCfg = Debug|Any CPU
		{1693FECA-684A-4710-9A7A-7B55635F2743}.Ad-Hoc|ARM.Build.0 = Debug|Any CPU
		{1693FECA-684A-4710-9A7A-7B55635F2743}.Ad-Hoc|ARM.Deploy.0 = Debug|Any CPU
		{1693FECA-684A-4710-9A7A-7B55635F2743}.Ad-Hoc|iPhone.ActiveCfg = Debug|Any CPU
		{1693FECA-684A-4710-9A7A-7B55635F2743}.Ad-Hoc|iPhone.Build.0 = Debug|Any CPU
		{1693FECA-684A-4710-9A7A-7B55635F2743}.Ad-Hoc|iPhone.Deploy.0 = Debug|Any CPU
		{1693FECA-684A-4710-9A7A-7B55635F2743}.Ad-Hoc|iPhoneSimulator.ActiveCfg = Debug|Any CPU
		{1693FECA-684A-4710-9A7A-7B55635F2743}.Ad-Hoc|iPhoneSimulator.Build.0 = Debug|Any CPU
		{1693FECA-684A-4710-9A7A-7B55635F2743}.Ad-Hoc|iPhoneSimulator.Deploy.0 = Debug|Any CPU
		{1693FECA-684A-4710-9A7A-7B55635F2743}.Ad-Hoc|x64.ActiveCfg = Debug|Any CPU
		{1693FECA-684A-4710-9A7A-7B55635F2743}.Ad-Hoc|x64.Build.0 = Debug|Any CPU
		{1693FECA-684A-4710-9A7A-7B55635F2743}.Ad-Hoc|x64.Deploy.0 = Debug|Any CPU
		{1693FECA-684A-4710-9A7A-7B55635F2743}.Ad-Hoc|x86.ActiveCfg = Debug|Any CPU
		{1693FECA-684A-4710-9A7A-7B55635F2743}.Ad-Hoc|x86.Build.0 = Debug|Any CPU
		{1693FECA-684A-4710-9A7A-7B55635F2743}.Ad-Hoc|x86.Deploy.0 = Debug|Any CPU
		{1693FECA-684A-4710-9A7A-7B55635F2743}.AppStore|Any CPU.ActiveCfg = Debug|Any CPU
		{1693FECA-684A-4710-9A7A-7B55635F2743}.AppStore|Any CPU.Build.0 = Debug|Any CPU
		{1693FECA-684A-4710-9A7A-7B55635F2743}.AppStore|Any CPU.Deploy.0 = Debug|Any CPU
		{1693FECA-684A-4710-9A7A-7B55635F2743}.AppStore|ARM.ActiveCfg = Debug|Any CPU
		{1693FECA-684A-4710-9A7A-7B55635F2743}.AppStore|ARM.Build.0 = Debug|Any CPU
		{1693FECA-684A-4710-9A7A-7B55635F2743}.AppStore|ARM.Deploy.0 = Debug|Any CPU
		{1693FECA-684A-4710-9A7A-7B55635F2743}.AppStore|iPhone.ActiveCfg = Debug|Any CPU
		{1693FECA-684A-4710-9A7A-7B55635F2743}.AppStore|iPhone.Build.0 = Debug|Any CPU
		{1693FECA-684A-4710-9A7A-7B55635F2743}.AppStore|iPhone.Deploy.0 = Debug|Any CPU
		{1693FECA-684A-4710-9A7A-7B55635F2743}.AppStore|iPhoneSimulator.ActiveCfg = Debug|Any CPU
		{1693FECA-684A-4710-9A7A-7B55635F2743}.AppStore|iPhoneSimulator.Build.0 = Debug|Any CPU
		{1693FECA-684A-4710-9A7A-7B55635F2743}.AppStore|iPhoneSimulator.Deploy.0 = Debug|Any CPU
		{1693FECA-684A-4710-9A7A-7B55635F2743}.AppStore|x64.ActiveCfg = Debug|Any CPU
		{1693FECA-684A-4710-9A7A-7B55635F2743}.AppStore|x64.Build.0 = Debug|Any CPU
		{1693FECA-684A-4710-9A7A-7B55635F2743}.AppStore|x64.Deploy.0 = Debug|Any CPU
		{1693FECA-684A-4710-9A7A-7B55635F2743}.AppStore|x86.ActiveCfg = Debug|Any CPU
		{1693FECA-684A-4710-9A7A-7B55635F2743}.AppStore|x86.Build.0 = Debug|Any CPU
		{1693FECA-684A-4710-9A7A-7B55635F2743}.AppStore|x86.Deploy.0 = Debug|Any CPU
		{1693FECA-684A-4710-9A7A-7B55635F2743}.Debug|Any CPU.ActiveCfg = Debug|Any CPU
		{1693FECA-684A-4710-9A7A-7B55635F2743}.Debug|Any CPU.Build.0 = Debug|Any CPU
		{1693FECA-684A-4710-9A7A-7B55635F2743}.Debug|Any CPU.Deploy.0 = Debug|Any CPU
		{1693FECA-684A-4710-9A7A-7B55635F2743}.Debug|ARM.ActiveCfg = Debug|Any CPU
		{1693FECA-684A-4710-9A7A-7B55635F2743}.Debug|ARM.Build.0 = Debug|Any CPU
		{1693FECA-684A-4710-9A7A-7B55635F2743}.Debug|ARM.Deploy.0 = Debug|Any CPU
		{1693FECA-684A-4710-9A7A-7B55635F2743}.Debug|iPhone.ActiveCfg = Debug|Any CPU
		{1693FECA-684A-4710-9A7A-7B55635F2743}.Debug|iPhone.Build.0 = Debug|Any CPU
		{1693FECA-684A-4710-9A7A-7B55635F2743}.Debug|iPhone.Deploy.0 = Debug|Any CPU
		{1693FECA-684A-4710-9A7A-7B55635F2743}.Debug|iPhoneSimulator.ActiveCfg = Debug|Any CPU
		{1693FECA-684A-4710-9A7A-7B55635F2743}.Debug|iPhoneSimulator.Build.0 = Debug|Any CPU
		{1693FECA-684A-4710-9A7A-7B55635F2743}.Debug|iPhoneSimulator.Deploy.0 = Debug|Any CPU
		{1693FECA-684A-4710-9A7A-7B55635F2743}.Debug|x64.ActiveCfg = Debug|Any CPU
		{1693FECA-684A-4710-9A7A-7B55635F2743}.Debug|x64.Build.0 = Debug|Any CPU
		{1693FECA-684A-4710-9A7A-7B55635F2743}.Debug|x64.Deploy.0 = Debug|Any CPU
		{1693FECA-684A-4710-9A7A-7B55635F2743}.Debug|x86.ActiveCfg = Debug|Any CPU
		{1693FECA-684A-4710-9A7A-7B55635F2743}.Debug|x86.Build.0 = Debug|Any CPU
		{1693FECA-684A-4710-9A7A-7B55635F2743}.Debug|x86.Deploy.0 = Debug|Any CPU
		{1693FECA-684A-4710-9A7A-7B55635F2743}.Release|Any CPU.ActiveCfg = Release|Any CPU
		{1693FECA-684A-4710-9A7A-7B55635F2743}.Release|Any CPU.Build.0 = Release|Any CPU
		{1693FECA-684A-4710-9A7A-7B55635F2743}.Release|Any CPU.Deploy.0 = Release|Any CPU
		{1693FECA-684A-4710-9A7A-7B55635F2743}.Release|ARM.ActiveCfg = Release|Any CPU
		{1693FECA-684A-4710-9A7A-7B55635F2743}.Release|ARM.Build.0 = Release|Any CPU
		{1693FECA-684A-4710-9A7A-7B55635F2743}.Release|ARM.Deploy.0 = Release|Any CPU
		{1693FECA-684A-4710-9A7A-7B55635F2743}.Release|iPhone.ActiveCfg = Release|Any CPU
		{1693FECA-684A-4710-9A7A-7B55635F2743}.Release|iPhone.Build.0 = Release|Any CPU
		{1693FECA-684A-4710-9A7A-7B55635F2743}.Release|iPhone.Deploy.0 = Release|Any CPU
		{1693FECA-684A-4710-9A7A-7B55635F2743}.Release|iPhoneSimulator.ActiveCfg = Release|Any CPU
		{1693FECA-684A-4710-9A7A-7B55635F2743}.Release|iPhoneSimulator.Build.0 = Release|Any CPU
		{1693FECA-684A-4710-9A7A-7B55635F2743}.Release|iPhoneSimulator.Deploy.0 = Release|Any CPU
		{1693FECA-684A-4710-9A7A-7B55635F2743}.Release|x64.ActiveCfg = Release|Any CPU
		{1693FECA-684A-4710-9A7A-7B55635F2743}.Release|x64.Build.0 = Release|Any CPU
		{1693FECA-684A-4710-9A7A-7B55635F2743}.Release|x64.Deploy.0 = Release|Any CPU
		{1693FECA-684A-4710-9A7A-7B55635F2743}.Release|x86.ActiveCfg = Release|Any CPU
		{1693FECA-684A-4710-9A7A-7B55635F2743}.Release|x86.Build.0 = Release|Any CPU
		{1693FECA-684A-4710-9A7A-7B55635F2743}.Release|x86.Deploy.0 = Release|Any CPU
	EndGlobalSection
	GlobalSection(SolutionProperties) = preSolution
		HideSolutionNode = FALSE
	EndGlobalSection
	GlobalSection(ExtensibilityGlobals) = postSolution
		SolutionGuid = {17DAA2B6-A45E-45F6-BC08-08B9BD95ABDA}
	EndGlobalSection
EndGlobal
