
Microsoft Visual Studio Solution File, Format Version 12.00
# Visual Studio 15
VisualStudioVersion = 15.0.28010.2019
MinimumVisualStudioVersion = 10.0.40219.1
Project("{FAE04EC0-301F-11D3-BF4B-00C04F79EFBC}") = "VisualElementColor.Android", "VisualElementColor\VisualElementColor.Android\VisualElementColor.Android.csproj", "{D6A106F0-3010-4480-9733-3363802E2150}"
EndProject
Project("{FAE04EC0-301F-11D3-BF4B-00C04F79EFBC}") = "VisualElementColor.iOS", "VisualElementColor\VisualElementColor.iOS\VisualElementColor.iOS.csproj", "{F060B154-D3EE-46EA-98ED-A9C5067FE485}"
EndProject
Project("{FAE04EC0-301F-11D3-BF4B-00C04F79EFBC}") = "VisualElementColor.UWP", "VisualElementColor\VisualElementColor.UWP\VisualElementColor.UWP.csproj", "{468F58E9-0BCF-4362-8760-5127C74EBA75}"
EndProject
Project("{FAE04EC0-301F-11D3-BF4B-00C04F79EFBC}") = "VisualElementColor", "VisualElementColor\VisualElementColor\VisualElementColor.csproj", "{D27A7C00-8428-4C86-A597-A4012F95D0B9}"
EndProject
Global
	GlobalSection(SolutionConfigurationPlatforms) = preSolution
		Ad-Hoc|Any CPU = Ad-Hoc|Any CPU
		Ad-Hoc|ARM = Ad-Hoc|ARM
		Ad-Hoc|iPhone = Ad-Hoc|iPhone
		Ad-Hoc|iPhoneSimulator = Ad-Hoc|iPhoneSimulator
		Ad-Hoc|x64 = Ad-Hoc|x64
		Ad-Hoc|x86 = Ad-Hoc|x86
		AppStore|Any CPU = AppStore|Any CPU
		AppStore|ARM = AppStore|ARM
		AppStore|iPhone = AppStore|iPhone
		AppStore|iPhoneSimulator = AppStore|iPhoneSimulator
		AppStore|x64 = AppStore|x64
		AppStore|x86 = AppStore|x86
		Debug|Any CPU = Debug|Any CPU
		Debug|ARM = Debug|ARM
		Debug|iPhone = Debug|iPhone
		Debug|iPhoneSimulator = Debug|iPhoneSimulator
		Debug|x64 = Debug|x64
		Debug|x86 = Debug|x86
		Release|Any CPU = Release|Any CPU
		Release|ARM = Release|ARM
		Release|iPhone = Release|iPhone
		Release|iPhoneSimulator = Release|iPhoneSimulator
		Release|x64 = Release|x64
		Release|x86 = Release|x86
	EndGlobalSection
	GlobalSection(ProjectConfigurationPlatforms) = postSolution
		{D6A106F0-3010-4480-9733-3363802E2150}.Ad-Hoc|Any CPU.ActiveCfg = Release|Any CPU
		{D6A106F0-3010-4480-9733-3363802E2150}.Ad-Hoc|Any CPU.Build.0 = Release|Any CPU
		{D6A106F0-3010-4480-9733-3363802E2150}.Ad-Hoc|Any CPU.Deploy.0 = Release|Any CPU
		{D6A106F0-3010-4480-9733-3363802E2150}.Ad-Hoc|ARM.ActiveCfg = Release|Any CPU
		{D6A106F0-3010-4480-9733-3363802E2150}.Ad-Hoc|ARM.Build.0 = Release|Any CPU
		{D6A106F0-3010-4480-9733-3363802E2150}.Ad-Hoc|ARM.Deploy.0 = Release|Any CPU
		{D6A106F0-3010-4480-9733-3363802E2150}.Ad-Hoc|iPhone.ActiveCfg = Release|Any CPU
		{D6A106F0-3010-4480-9733-3363802E2150}.Ad-Hoc|iPhone.Build.0 = Release|Any CPU
		{D6A106F0-3010-4480-9733-3363802E2150}.Ad-Hoc|iPhone.Deploy.0 = Release|Any CPU
		{D6A106F0-3010-4480-9733-3363802E2150}.Ad-Hoc|iPhoneSimulator.ActiveCfg = Release|Any CPU
		{D6A106F0-3010-4480-9733-3363802E2150}.Ad-Hoc|iPhoneSimulator.Build.0 = Release|Any CPU
		{D6A106F0-3010-4480-9733-3363802E2150}.Ad-Hoc|iPhoneSimulator.Deploy.0 = Release|Any CPU
		{D6A106F0-3010-4480-9733-3363802E2150}.Ad-Hoc|x64.ActiveCfg = Release|Any CPU
		{D6A106F0-3010-4480-9733-3363802E2150}.Ad-Hoc|x64.Build.0 = Release|Any CPU
		{D6A106F0-3010-4480-9733-3363802E2150}.Ad-Hoc|x64.Deploy.0 = Release|Any CPU
		{D6A106F0-3010-4480-9733-3363802E2150}.Ad-Hoc|x86.ActiveCfg = Release|Any CPU
		{D6A106F0-3010-4480-9733-3363802E2150}.Ad-Hoc|x86.Build.0 = Release|Any CPU
		{D6A106F0-3010-4480-9733-3363802E2150}.Ad-Hoc|x86.Deploy.0 = Release|Any CPU
		{D6A106F0-3010-4480-9733-3363802E2150}.AppStore|Any CPU.ActiveCfg = Release|Any CPU
		{D6A106F0-3010-4480-9733-3363802E2150}.AppStore|Any CPU.Build.0 = Release|Any CPU
		{D6A106F0-3010-4480-9733-3363802E2150}.AppStore|Any CPU.Deploy.0 = Release|Any CPU
		{D6A106F0-3010-4480-9733-3363802E2150}.AppStore|ARM.ActiveCfg = Release|Any CPU
		{D6A106F0-3010-4480-9733-3363802E2150}.AppStore|ARM.Build.0 = Release|Any CPU
		{D6A106F0-3010-4480-9733-3363802E2150}.AppStore|ARM.Deploy.0 = Release|Any CPU
		{D6A106F0-3010-4480-9733-3363802E2150}.AppStore|iPhone.ActiveCfg = Release|Any CPU
		{D6A106F0-3010-4480-9733-3363802E2150}.AppStore|iPhone.Build.0 = Release|Any CPU
		{D6A106F0-3010-4480-9733-3363802E2150}.AppStore|iPhone.Deploy.0 = Release|Any CPU
		{D6A106F0-3010-4480-9733-3363802E2150}.AppStore|iPhoneSimulator.ActiveCfg = Release|Any CPU
		{D6A106F0-3010-4480-9733-3363802E2150}.AppStore|iPhoneSimulator.Build.0 = Release|Any CPU
		{D6A106F0-3010-4480-9733-3363802E2150}.AppStore|iPhoneSimulator.Deploy.0 = Release|Any CPU
		{D6A106F0-3010-4480-9733-3363802E2150}.AppStore|x64.ActiveCfg = Release|Any CPU
		{D6A106F0-3010-4480-9733-3363802E2150}.AppStore|x64.Build.0 = Release|Any CPU
		{D6A106F0-3010-4480-9733-3363802E2150}.AppStore|x64.Deploy.0 = Release|Any CPU
		{D6A106F0-3010-4480-9733-3363802E2150}.AppStore|x86.ActiveCfg = Release|Any CPU
		{D6A106F0-3010-4480-9733-3363802E2150}.AppStore|x86.Build.0 = Release|Any CPU
		{D6A106F0-3010-4480-9733-3363802E2150}.AppStore|x86.Deploy.0 = Release|Any CPU
		{D6A106F0-3010-4480-9733-3363802E2150}.Debug|Any CPU.ActiveCfg = Debug|Any CPU
		{D6A106F0-3010-4480-9733-3363802E2150}.Debug|Any CPU.Build.0 = Debug|Any CPU
		{D6A106F0-3010-4480-9733-3363802E2150}.Debug|Any CPU.Deploy.0 = Debug|Any CPU
		{D6A106F0-3010-4480-9733-3363802E2150}.Debug|ARM.ActiveCfg = Debug|Any CPU
		{D6A106F0-3010-4480-9733-3363802E2150}.Debug|ARM.Build.0 = Debug|Any CPU
		{D6A106F0-3010-4480-9733-3363802E2150}.Debug|ARM.Deploy.0 = Debug|Any CPU
		{D6A106F0-3010-4480-9733-3363802E2150}.Debug|iPhone.ActiveCfg = Debug|Any CPU
		{D6A106F0-3010-4480-9733-3363802E2150}.Debug|iPhone.Build.0 = Debug|Any CPU
		{D6A106F0-3010-4480-9733-3363802E2150}.Debug|iPhone.Deploy.0 = Debug|Any CPU
		{D6A106F0-3010-4480-9733-3363802E2150}.Debug|iPhoneSimulator.ActiveCfg = Debug|Any CPU
		{D6A106F0-3010-4480-9733-3363802E2150}.Debug|iPhoneSimulator.Build.0 = Debug|Any CPU
		{D6A106F0-3010-4480-9733-3363802E2150}.Debug|iPhoneSimulator.Deploy.0 = Debug|Any CPU
		{D6A106F0-3010-4480-9733-3363802E2150}.Debug|x64.ActiveCfg = Debug|Any CPU
		{D6A106F0-3010-4480-9733-3363802E2150}.Debug|x64.Build.0 = Debug|Any CPU
		{D6A106F0-3010-4480-9733-3363802E2150}.Debug|x64.Deploy.0 = Debug|Any CPU
		{D6A106F0-3010-4480-9733-3363802E2150}.Debug|x86.ActiveCfg = Debug|Any CPU
		{D6A106F0-3010-4480-9733-3363802E2150}.Debug|x86.Build.0 = Debug|Any CPU
		{D6A106F0-3010-4480-9733-3363802E2150}.Debug|x86.Deploy.0 = Debug|Any CPU
		{D6A106F0-3010-4480-9733-3363802E2150}.Release|Any CPU.ActiveCfg = Release|Any CPU
		{D6A106F0-3010-4480-9733-3363802E2150}.Release|Any CPU.Build.0 = Release|Any CPU
		{D6A106F0-3010-4480-9733-3363802E2150}.Release|Any CPU.Deploy.0 = Release|Any CPU
		{D6A106F0-3010-4480-9733-3363802E2150}.Release|ARM.ActiveCfg = Release|Any CPU
		{D6A106F0-3010-4480-9733-3363802E2150}.Release|ARM.Build.0 = Release|Any CPU
		{D6A106F0-3010-4480-9733-3363802E2150}.Release|ARM.Deploy.0 = Release|Any CPU
		{D6A106F0-3010-4480-9733-3363802E2150}.Release|iPhone.ActiveCfg = Release|Any CPU
		{D6A106F0-3010-4480-9733-3363802E2150}.Release|iPhone.Build.0 = Release|Any CPU
		{D6A106F0-3010-4480-9733-3363802E2150}.Release|iPhone.Deploy.0 = Release|Any CPU
		{D6A106F0-3010-4480-9733-3363802E2150}.Release|iPhoneSimulator.ActiveCfg = Release|Any CPU
		{D6A106F0-3010-4480-9733-3363802E2150}.Release|iPhoneSimulator.Build.0 = Release|Any CPU
		{D6A106F0-3010-4480-9733-3363802E2150}.Release|iPhoneSimulator.Deploy.0 = Release|Any CPU
		{D6A106F0-3010-4480-9733-3363802E2150}.Release|x64.ActiveCfg = Release|Any CPU
		{D6A106F0-3010-4480-9733-3363802E2150}.Release|x64.Build.0 = Release|Any CPU
		{D6A106F0-3010-4480-9733-3363802E2150}.Release|x64.Deploy.0 = Release|Any CPU
		{D6A106F0-3010-4480-9733-3363802E2150}.Release|x86.ActiveCfg = Release|Any CPU
		{D6A106F0-3010-4480-9733-3363802E2150}.Release|x86.Build.0 = Release|Any CPU
		{D6A106F0-3010-4480-9733-3363802E2150}.Release|x86.Deploy.0 = Release|Any CPU
		{F060B154-D3EE-46EA-98ED-A9C5067FE485}.Ad-Hoc|Any CPU.ActiveCfg = Ad-Hoc|iPhone
		{F060B154-D3EE-46EA-98ED-A9C5067FE485}.Ad-Hoc|Any CPU.Build.0 = Ad-Hoc|iPhone
		{F060B154-D3EE-46EA-98ED-A9C5067FE485}.Ad-Hoc|Any CPU.Deploy.0 = Ad-Hoc|iPhone
		{F060B154-D3EE-46EA-98ED-A9C5067FE485}.Ad-Hoc|ARM.ActiveCfg = Ad-Hoc|iPhone
		{F060B154-D3EE-46EA-98ED-A9C5067FE485}.Ad-Hoc|ARM.Build.0 = Ad-Hoc|iPhone
		{F060B154-D3EE-46EA-98ED-A9C5067FE485}.Ad-Hoc|ARM.Deploy.0 = Ad-Hoc|iPhone
		{F060B154-D3EE-46EA-98ED-A9C5067FE485}.Ad-Hoc|iPhone.ActiveCfg = Ad-Hoc|iPhone
		{F060B154-D3EE-46EA-98ED-A9C5067FE485}.Ad-Hoc|iPhone.Build.0 = Ad-Hoc|iPhone
		{F060B154-D3EE-46EA-98ED-A9C5067FE485}.Ad-Hoc|iPhone.Deploy.0 = Ad-Hoc|iPhone
		{F060B154-D3EE-46EA-98ED-A9C5067FE485}.Ad-Hoc|iPhoneSimulator.ActiveCfg = Ad-Hoc|iPhoneSimulator
		{F060B154-D3EE-46EA-98ED-A9C5067FE485}.Ad-Hoc|iPhoneSimulator.Build.0 = Ad-Hoc|iPhoneSimulator
		{F060B154-D3EE-46EA-98ED-A9C5067FE485}.Ad-Hoc|iPhoneSimulator.Deploy.0 = Ad-Hoc|iPhoneSimulator
		{F060B154-D3EE-46EA-98ED-A9C5067FE485}.Ad-Hoc|x64.ActiveCfg = Ad-Hoc|iPhone
		{F060B154-D3EE-46EA-98ED-A9C5067FE485}.Ad-Hoc|x64.Build.0 = Ad-Hoc|iPhone
		{F060B154-D3EE-46EA-98ED-A9C5067FE485}.Ad-Hoc|x64.Deploy.0 = Ad-Hoc|iPhone
		{F060B154-D3EE-46EA-98ED-A9C5067FE485}.Ad-Hoc|x86.ActiveCfg = Ad-Hoc|iPhone
		{F060B154-D3EE-46EA-98ED-A9C5067FE485}.Ad-Hoc|x86.Build.0 = Ad-Hoc|iPhone
		{F060B154-D3EE-46EA-98ED-A9C5067FE485}.Ad-Hoc|x86.Deploy.0 = Ad-Hoc|iPhone
		{F060B154-D3EE-46EA-98ED-A9C5067FE485}.AppStore|Any CPU.ActiveCfg = AppStore|iPhone
		{F060B154-D3EE-46EA-98ED-A9C5067FE485}.AppStore|Any CPU.Build.0 = AppStore|iPhone
		{F060B154-D3EE-46EA-98ED-A9C5067FE485}.AppStore|Any CPU.Deploy.0 = AppStore|iPhone
		{F060B154-D3EE-46EA-98ED-A9C5067FE485}.AppStore|ARM.ActiveCfg = AppStore|iPhone
		{F060B154-D3EE-46EA-98ED-A9C5067FE485}.AppStore|ARM.Build.0 = AppStore|iPhone
		{F060B154-D3EE-46EA-98ED-A9C5067FE485}.AppStore|ARM.Deploy.0 = AppStore|iPhone
		{F060B154-D3EE-46EA-98ED-A9C5067FE485}.AppStore|iPhone.ActiveCfg = AppStore|iPhone
		{F060B154-D3EE-46EA-98ED-A9C5067FE485}.AppStore|iPhone.Build.0 = AppStore|iPhone
		{F060B154-D3EE-46EA-98ED-A9C5067FE485}.AppStore|iPhone.Deploy.0 = AppStore|iPhone
		{F060B154-D3EE-46EA-98ED-A9C5067FE485}.AppStore|iPhoneSimulator.ActiveCfg = AppStore|iPhoneSimulator
		{F060B154-D3EE-46EA-98ED-A9C5067FE485}.AppStore|iPhoneSimulator.Build.0 = AppStore|iPhoneSimulator
		{F060B154-D3EE-46EA-98ED-A9C5067FE485}.AppStore|iPhoneSimulator.Deploy.0 = AppStore|iPhoneSimulator
		{F060B154-D3EE-46EA-98ED-A9C5067FE485}.AppStore|x64.ActiveCfg = AppStore|iPhone
		{F060B154-D3EE-46EA-98ED-A9C5067FE485}.AppStore|x64.Build.0 = AppStore|iPhone
		{F060B154-D3EE-46EA-98ED-A9C5067FE485}.AppStore|x64.Deploy.0 = AppStore|iPhone
		{F060B154-D3EE-46EA-98ED-A9C5067FE485}.AppStore|x86.ActiveCfg = AppStore|iPhone
		{F060B154-D3EE-46EA-98ED-A9C5067FE485}.AppStore|x86.Build.0 = AppStore|iPhone
		{F060B154-D3EE-46EA-98ED-A9C5067FE485}.AppStore|x86.Deploy.0 = AppStore|iPhone
		{F060B154-D3EE-46EA-98ED-A9C5067FE485}.Debug|Any CPU.ActiveCfg = Debug|iPhoneSimulator
		{F060B154-D3EE-46EA-98ED-A9C5067FE485}.Debug|Any CPU.Build.0 = Debug|iPhoneSimulator
		{F060B154-D3EE-46EA-98ED-A9C5067FE485}.Debug|Any CPU.Deploy.0 = Debug|iPhoneSimulator
		{F060B154-D3EE-46EA-98ED-A9C5067FE485}.Debug|ARM.ActiveCfg = Debug|iPhone
		{F060B154-D3EE-46EA-98ED-A9C5067FE485}.Debug|ARM.Build.0 = Debug|iPhone
		{F060B154-D3EE-46EA-98ED-A9C5067FE485}.Debug|ARM.Deploy.0 = Debug|iPhone
		{F060B154-D3EE-46EA-98ED-A9C5067FE485}.Debug|iPhone.ActiveCfg = Debug|iPhone
		{F060B154-D3EE-46EA-98ED-A9C5067FE485}.Debug|iPhone.Build.0 = Debug|iPhone
		{F060B154-D3EE-46EA-98ED-A9C5067FE485}.Debug|iPhone.Deploy.0 = Debug|iPhone
		{F060B154-D3EE-46EA-98ED-A9C5067FE485}.Debug|iPhoneSimulator.ActiveCfg = Debug|iPhoneSimulator
		{F060B154-D3EE-46EA-98ED-A9C5067FE485}.Debug|iPhoneSimulator.Build.0 = Debug|iPhoneSimulator
		{F060B154-D3EE-46EA-98ED-A9C5067FE485}.Debug|iPhoneSimulator.Deploy.0 = Debug|iPhoneSimulator
		{F060B154-D3EE-46EA-98ED-A9C5067FE485}.Debug|x64.ActiveCfg = Debug|iPhone
		{F060B154-D3EE-46EA-98ED-A9C5067FE485}.Debug|x64.Build.0 = Debug|iPhone
		{F060B154-D3EE-46EA-98ED-A9C5067FE485}.Debug|x64.Deploy.0 = Debug|iPhone
		{F060B154-D3EE-46EA-98ED-A9C5067FE485}.Debug|x86.ActiveCfg = Debug|iPhone
		{F060B154-D3EE-46EA-98ED-A9C5067FE485}.Debug|x86.Build.0 = Debug|iPhone
		{F060B154-D3EE-46EA-98ED-A9C5067FE485}.Debug|x86.Deploy.0 = Debug|iPhone
		{F060B154-D3EE-46EA-98ED-A9C5067FE485}.Release|Any CPU.ActiveCfg = Release|iPhone
		{F060B154-D3EE-46EA-98ED-A9C5067FE485}.Release|Any CPU.Build.0 = Release|iPhone
		{F060B154-D3EE-46EA-98ED-A9C5067FE485}.Release|Any CPU.Deploy.0 = Release|iPhone
		{F060B154-D3EE-46EA-98ED-A9C5067FE485}.Release|ARM.ActiveCfg = Release|iPhone
		{F060B154-D3EE-46EA-98ED-A9C5067FE485}.Release|ARM.Build.0 = Release|iPhone
		{F060B154-D3EE-46EA-98ED-A9C5067FE485}.Release|ARM.Deploy.0 = Release|iPhone
		{F060B154-D3EE-46EA-98ED-A9C5067FE485}.Release|iPhone.ActiveCfg = Release|iPhone
		{F060B154-D3EE-46EA-98ED-A9C5067FE485}.Release|iPhone.Build.0 = Release|iPhone
		{F060B154-D3EE-46EA-98ED-A9C5067FE485}.Release|iPhone.Deploy.0 = Release|iPhone
		{F060B154-D3EE-46EA-98ED-A9C5067FE485}.Release|iPhoneSimulator.ActiveCfg = Release|iPhoneSimulator
		{F060B154-D3EE-46EA-98ED-A9C5067FE485}.Release|iPhoneSimulator.Build.0 = Release|iPhoneSimulator
		{F060B154-D3EE-46EA-98ED-A9C5067FE485}.Release|iPhoneSimulator.Deploy.0 = Release|iPhoneSimulator
		{F060B154-D3EE-46EA-98ED-A9C5067FE485}.Release|x64.ActiveCfg = Release|iPhone
		{F060B154-D3EE-46EA-98ED-A9C5067FE485}.Release|x64.Build.0 = Release|iPhone
		{F060B154-D3EE-46EA-98ED-A9C5067FE485}.Release|x64.Deploy.0 = Release|iPhone
		{F060B154-D3EE-46EA-98ED-A9C5067FE485}.Release|x86.ActiveCfg = Release|iPhone
		{F060B154-D3EE-46EA-98ED-A9C5067FE485}.Release|x86.Build.0 = Release|iPhone
		{F060B154-D3EE-46EA-98ED-A9C5067FE485}.Release|x86.Deploy.0 = Release|iPhone
		{468F58E9-0BCF-4362-8760-5127C74EBA75}.Ad-Hoc|Any CPU.ActiveCfg = Release|x86
		{468F58E9-0BCF-4362-8760-5127C74EBA75}.Ad-Hoc|Any CPU.Build.0 = Release|x86
		{468F58E9-0BCF-4362-8760-5127C74EBA75}.Ad-Hoc|Any CPU.Deploy.0 = Release|x86
		{468F58E9-0BCF-4362-8760-5127C74EBA75}.Ad-Hoc|ARM.ActiveCfg = Release|ARM
		{468F58E9-0BCF-4362-8760-5127C74EBA75}.Ad-Hoc|ARM.Build.0 = Release|ARM
		{468F58E9-0BCF-4362-8760-5127C74EBA75}.Ad-Hoc|ARM.Deploy.0 = Release|ARM
		{468F58E9-0BCF-4362-8760-5127C74EBA75}.Ad-Hoc|iPhone.ActiveCfg = Release|x86
		{468F58E9-0BCF-4362-8760-5127C74EBA75}.Ad-Hoc|iPhone.Build.0 = Release|x86
		{468F58E9-0BCF-4362-8760-5127C74EBA75}.Ad-Hoc|iPhone.Deploy.0 = Release|x86
		{468F58E9-0BCF-4362-8760-5127C74EBA75}.Ad-Hoc|iPhoneSimulator.ActiveCfg = Release|x86
		{468F58E9-0BCF-4362-8760-5127C74EBA75}.Ad-Hoc|iPhoneSimulator.Build.0 = Release|x86
		{468F58E9-0BCF-4362-8760-5127C74EBA75}.Ad-Hoc|iPhoneSimulator.Deploy.0 = Release|x86
		{468F58E9-0BCF-4362-8760-5127C74EBA75}.Ad-Hoc|x64.ActiveCfg = Release|x64
		{468F58E9-0BCF-4362-8760-5127C74EBA75}.Ad-Hoc|x64.Build.0 = Release|x64
		{468F58E9-0BCF-4362-8760-5127C74EBA75}.Ad-Hoc|x64.Deploy.0 = Release|x64
		{468F58E9-0BCF-4362-8760-5127C74EBA75}.Ad-Hoc|x86.ActiveCfg = Release|x86
		{468F58E9-0BCF-4362-8760-5127C74EBA75}.Ad-Hoc|x86.Build.0 = Release|x86
		{468F58E9-0BCF-4362-8760-5127C74EBA75}.Ad-Hoc|x86.Deploy.0 = Release|x86
		{468F58E9-0BCF-4362-8760-5127C74EBA75}.AppStore|Any CPU.ActiveCfg = Release|x86
		{468F58E9-0BCF-4362-8760-5127C74EBA75}.AppStore|Any CPU.Build.0 = Release|x86
		{468F58E9-0BCF-4362-8760-5127C74EBA75}.AppStore|Any CPU.Deploy.0 = Release|x86
		{468F58E9-0BCF-4362-8760-5127C74EBA75}.AppStore|ARM.ActiveCfg = Release|ARM
		{468F58E9-0BCF-4362-8760-5127C74EBA75}.AppStore|ARM.Build.0 = Release|ARM
		{468F58E9-0BCF-4362-8760-5127C74EBA75}.AppStore|ARM.Deploy.0 = Release|ARM
		{468F58E9-0BCF-4362-8760-5127C74EBA75}.AppStore|iPhone.ActiveCfg = Release|x86
		{468F58E9-0BCF-4362-8760-5127C74EBA75}.AppStore|iPhone.Build.0 = Release|x86
		{468F58E9-0BCF-4362-8760-5127C74EBA75}.AppStore|iPhone.Deploy.0 = Release|x86
		{468F58E9-0BCF-4362-8760-5127C74EBA75}.AppStore|iPhoneSimulator.ActiveCfg = Release|x86
		{468F58E9-0BCF-4362-8760-5127C74EBA75}.AppStore|iPhoneSimulator.Build.0 = Release|x86
		{468F58E9-0BCF-4362-8760-5127C74EBA75}.AppStore|iPhoneSimulator.Deploy.0 = Release|x86
		{468F58E9-0BCF-4362-8760-5127C74EBA75}.AppStore|x64.ActiveCfg = Release|x64
		{468F58E9-0BCF-4362-8760-5127C74EBA75}.AppStore|x64.Build.0 = Release|x64
		{468F58E9-0BCF-4362-8760-5127C74EBA75}.AppStore|x64.Deploy.0 = Release|x64
		{468F58E9-0BCF-4362-8760-5127C74EBA75}.AppStore|x86.ActiveCfg = Release|x86
		{468F58E9-0BCF-4362-8760-5127C74EBA75}.AppStore|x86.Build.0 = Release|x86
		{468F58E9-0BCF-4362-8760-5127C74EBA75}.AppStore|x86.Deploy.0 = Release|x86
		{468F58E9-0BCF-4362-8760-5127C74EBA75}.Debug|Any CPU.ActiveCfg = Debug|x86
		{468F58E9-0BCF-4362-8760-5127C74EBA75}.Debug|Any CPU.Build.0 = Debug|x86
		{468F58E9-0BCF-4362-8760-5127C74EBA75}.Debug|Any CPU.Deploy.0 = Debug|x86
		{468F58E9-0BCF-4362-8760-5127C74EBA75}.Debug|ARM.ActiveCfg = Debug|ARM
		{468F58E9-0BCF-4362-8760-5127C74EBA75}.Debug|ARM.Build.0 = Debug|ARM
		{468F58E9-0BCF-4362-8760-5127C74EBA75}.Debug|ARM.Deploy.0 = Debug|ARM
		{468F58E9-0BCF-4362-8760-5127C74EBA75}.Debug|iPhone.ActiveCfg = Debug|x86
		{468F58E9-0BCF-4362-8760-5127C74EBA75}.Debug|iPhone.Build.0 = Debug|x86
		{468F58E9-0BCF-4362-8760-5127C74EBA75}.Debug|iPhone.Deploy.0 = Debug|x86
		{468F58E9-0BCF-4362-8760-5127C74EBA75}.Debug|iPhoneSimulator.ActiveCfg = Debug|x86
		{468F58E9-0BCF-4362-8760-5127C74EBA75}.Debug|iPhoneSimulator.Build.0 = Debug|x86
		{468F58E9-0BCF-4362-8760-5127C74EBA75}.Debug|iPhoneSimulator.Deploy.0 = Debug|x86
		{468F58E9-0BCF-4362-8760-5127C74EBA75}.Debug|x64.ActiveCfg = Debug|x64
		{468F58E9-0BCF-4362-8760-5127C74EBA75}.Debug|x64.Build.0 = Debug|x64
		{468F58E9-0BCF-4362-8760-5127C74EBA75}.Debug|x64.Deploy.0 = Debug|x64
		{468F58E9-0BCF-4362-8760-5127C74EBA75}.Debug|x86.ActiveCfg = Debug|x86
		{468F58E9-0BCF-4362-8760-5127C74EBA75}.Debug|x86.Build.0 = Debug|x86
		{468F58E9-0BCF-4362-8760-5127C74EBA75}.Debug|x86.Deploy.0 = Debug|x86
		{468F58E9-0BCF-4362-8760-5127C74EBA75}.Release|Any CPU.ActiveCfg = Release|x86
		{468F58E9-0BCF-4362-8760-5127C74EBA75}.Release|Any CPU.Build.0 = Release|x86
		{468F58E9-0BCF-4362-8760-5127C74EBA75}.Release|Any CPU.Deploy.0 = Release|x86
		{468F58E9-0BCF-4362-8760-5127C74EBA75}.Release|ARM.ActiveCfg = Release|ARM
		{468F58E9-0BCF-4362-8760-5127C74EBA75}.Release|ARM.Build.0 = Release|ARM
		{468F58E9-0BCF-4362-8760-5127C74EBA75}.Release|ARM.Deploy.0 = Release|ARM
		{468F58E9-0BCF-4362-8760-5127C74EBA75}.Release|iPhone.ActiveCfg = Release|x86
		{468F58E9-0BCF-4362-8760-5127C74EBA75}.Release|iPhone.Build.0 = Release|x86
		{468F58E9-0BCF-4362-8760-5127C74EBA75}.Release|iPhone.Deploy.0 = Release|x86
		{468F58E9-0BCF-4362-8760-5127C74EBA75}.Release|iPhoneSimulator.ActiveCfg = Release|x86
		{468F58E9-0BCF-4362-8760-5127C74EBA75}.Release|iPhoneSimulator.Build.0 = Release|x86
		{468F58E9-0BCF-4362-8760-5127C74EBA75}.Release|iPhoneSimulator.Deploy.0 = Release|x86
		{468F58E9-0BCF-4362-8760-5127C74EBA75}.Release|x64.ActiveCfg = Release|x64
		{468F58E9-0BCF-4362-8760-5127C74EBA75}.Release|x64.Build.0 = Release|x64
		{468F58E9-0BCF-4362-8760-5127C74EBA75}.Release|x64.Deploy.0 = Release|x64
		{468F58E9-0BCF-4362-8760-5127C74EBA75}.Release|x86.ActiveCfg = Release|x86
		{468F58E9-0BCF-4362-8760-5127C74EBA75}.Release|x86.Build.0 = Release|x86
		{468F58E9-0BCF-4362-8760-5127C74EBA75}.Release|x86.Deploy.0 = Release|x86
		{D27A7C00-8428-4C86-A597-A4012F95D0B9}.Ad-Hoc|Any CPU.ActiveCfg = Debug|Any CPU
		{D27A7C00-8428-4C86-A597-A4012F95D0B9}.Ad-Hoc|Any CPU.Build.0 = Debug|Any CPU
		{D27A7C00-8428-4C86-A597-A4012F95D0B9}.Ad-Hoc|Any CPU.Deploy.0 = Debug|Any CPU
		{D27A7C00-8428-4C86-A597-A4012F95D0B9}.Ad-Hoc|ARM.ActiveCfg = Debug|Any CPU
		{D27A7C00-8428-4C86-A597-A4012F95D0B9}.Ad-Hoc|ARM.Build.0 = Debug|Any CPU
		{D27A7C00-8428-4C86-A597-A4012F95D0B9}.Ad-Hoc|ARM.Deploy.0 = Debug|Any CPU
		{D27A7C00-8428-4C86-A597-A4012F95D0B9}.Ad-Hoc|iPhone.ActiveCfg = Debug|Any CPU
		{D27A7C00-8428-4C86-A597-A4012F95D0B9}.Ad-Hoc|iPhone.Build.0 = Debug|Any CPU
		{D27A7C00-8428-4C86-A597-A4012F95D0B9}.Ad-Hoc|iPhone.Deploy.0 = Debug|Any CPU
		{D27A7C00-8428-4C86-A597-A4012F95D0B9}.Ad-Hoc|iPhoneSimulator.ActiveCfg = Debug|Any CPU
		{D27A7C00-8428-4C86-A597-A4012F95D0B9}.Ad-Hoc|iPhoneSimulator.Build.0 = Debug|Any CPU
		{D27A7C00-8428-4C86-A597-A4012F95D0B9}.Ad-Hoc|iPhoneSimulator.Deploy.0 = Debug|Any CPU
		{D27A7C00-8428-4C86-A597-A4012F95D0B9}.Ad-Hoc|x64.ActiveCfg = Debug|Any CPU
		{D27A7C00-8428-4C86-A597-A4012F95D0B9}.Ad-Hoc|x64.Build.0 = Debug|Any CPU
		{D27A7C00-8428-4C86-A597-A4012F95D0B9}.Ad-Hoc|x64.Deploy.0 = Debug|Any CPU
		{D27A7C00-8428-4C86-A597-A4012F95D0B9}.Ad-Hoc|x86.ActiveCfg = Debug|Any CPU
		{D27A7C00-8428-4C86-A597-A4012F95D0B9}.Ad-Hoc|x86.Build.0 = Debug|Any CPU
		{D27A7C00-8428-4C86-A597-A4012F95D0B9}.Ad-Hoc|x86.Deploy.0 = Debug|Any CPU
		{D27A7C00-8428-4C86-A597-A4012F95D0B9}.AppStore|Any CPU.ActiveCfg = Debug|Any CPU
		{D27A7C00-8428-4C86-A597-A4012F95D0B9}.AppStore|Any CPU.Build.0 = Debug|Any CPU
		{D27A7C00-8428-4C86-A597-A4012F95D0B9}.AppStore|Any CPU.Deploy.0 = Debug|Any CPU
		{D27A7C00-8428-4C86-A597-A4012F95D0B9}.AppStore|ARM.ActiveCfg = Debug|Any CPU
		{D27A7C00-8428-4C86-A597-A4012F95D0B9}.AppStore|ARM.Build.0 = Debug|Any CPU
		{D27A7C00-8428-4C86-A597-A4012F95D0B9}.AppStore|ARM.Deploy.0 = Debug|Any CPU
		{D27A7C00-8428-4C86-A597-A4012F95D0B9}.AppStore|iPhone.ActiveCfg = Debug|Any CPU
		{D27A7C00-8428-4C86-A597-A4012F95D0B9}.AppStore|iPhone.Build.0 = Debug|Any CPU
		{D27A7C00-8428-4C86-A597-A4012F95D0B9}.AppStore|iPhone.Deploy.0 = Debug|Any CPU
		{D27A7C00-8428-4C86-A597-A4012F95D0B9}.AppStore|iPhoneSimulator.ActiveCfg = Debug|Any CPU
		{D27A7C00-8428-4C86-A597-A4012F95D0B9}.AppStore|iPhoneSimulator.Build.0 = Debug|Any CPU
		{D27A7C00-8428-4C86-A597-A4012F95D0B9}.AppStore|iPhoneSimulator.Deploy.0 = Debug|Any CPU
		{D27A7C00-8428-4C86-A597-A4012F95D0B9}.AppStore|x64.ActiveCfg = Debug|Any CPU
		{D27A7C00-8428-4C86-A597-A4012F95D0B9}.AppStore|x64.Build.0 = Debug|Any CPU
		{D27A7C00-8428-4C86-A597-A4012F95D0B9}.AppStore|x64.Deploy.0 = Debug|Any CPU
		{D27A7C00-8428-4C86-A597-A4012F95D0B9}.AppStore|x86.ActiveCfg = Debug|Any CPU
		{D27A7C00-8428-4C86-A597-A4012F95D0B9}.AppStore|x86.Build.0 = Debug|Any CPU
		{D27A7C00-8428-4C86-A597-A4012F95D0B9}.AppStore|x86.Deploy.0 = Debug|Any CPU
		{D27A7C00-8428-4C86-A597-A4012F95D0B9}.Debug|Any CPU.ActiveCfg = Debug|Any CPU
		{D27A7C00-8428-4C86-A597-A4012F95D0B9}.Debug|Any CPU.Build.0 = Debug|Any CPU
		{D27A7C00-8428-4C86-A597-A4012F95D0B9}.Debug|Any CPU.Deploy.0 = Debug|Any CPU
		{D27A7C00-8428-4C86-A597-A4012F95D0B9}.Debug|ARM.ActiveCfg = Debug|Any CPU
		{D27A7C00-8428-4C86-A597-A4012F95D0B9}.Debug|ARM.Build.0 = Debug|Any CPU
		{D27A7C00-8428-4C86-A597-A4012F95D0B9}.Debug|ARM.Deploy.0 = Debug|Any CPU
		{D27A7C00-8428-4C86-A597-A4012F95D0B9}.Debug|iPhone.ActiveCfg = Debug|Any CPU
		{D27A7C00-8428-4C86-A597-A4012F95D0B9}.Debug|iPhone.Build.0 = Debug|Any CPU
		{D27A7C00-8428-4C86-A597-A4012F95D0B9}.Debug|iPhone.Deploy.0 = Debug|Any CPU
		{D27A7C00-8428-4C86-A597-A4012F95D0B9}.Debug|iPhoneSimulator.ActiveCfg = Debug|Any CPU
		{D27A7C00-8428-4C86-A597-A4012F95D0B9}.Debug|iPhoneSimulator.Build.0 = Debug|Any CPU
		{D27A7C00-8428-4C86-A597-A4012F95D0B9}.Debug|iPhoneSimulator.Deploy.0 = Debug|Any CPU
		{D27A7C00-8428-4C86-A597-A4012F95D0B9}.Debug|x64.ActiveCfg = Debug|Any CPU
		{D27A7C00-8428-4C86-A597-A4012F95D0B9}.Debug|x64.Build.0 = Debug|Any CPU
		{D27A7C00-8428-4C86-A597-A4012F95D0B9}.Debug|x64.Deploy.0 = Debug|Any CPU
		{D27A7C00-8428-4C86-A597-A4012F95D0B9}.Debug|x86.ActiveCfg = Debug|Any CPU
		{D27A7C00-8428-4C86-A597-A4012F95D0B9}.Debug|x86.Build.0 = Debug|Any CPU
		{D27A7C00-8428-4C86-A597-A4012F95D0B9}.Debug|x86.Deploy.0 = Debug|Any CPU
		{D27A7C00-8428-4C86-A597-A4012F95D0B9}.Release|Any CPU.ActiveCfg = Release|Any CPU
		{D27A7C00-8428-4C86-A597-A4012F95D0B9}.Release|Any CPU.Build.0 = Release|Any CPU
		{D27A7C00-8428-4C86-A597-A4012F95D0B9}.Release|Any CPU.Deploy.0 = Release|Any CPU
		{D27A7C00-8428-4C86-A597-A4012F95D0B9}.Release|ARM.ActiveCfg = Release|Any CPU
		{D27A7C00-8428-4C86-A597-A4012F95D0B9}.Release|ARM.Build.0 = Release|Any CPU
		{D27A7C00-8428-4C86-A597-A4012F95D0B9}.Release|ARM.Deploy.0 = Release|Any CPU
		{D27A7C00-8428-4C86-A597-A4012F95D0B9}.Release|iPhone.ActiveCfg = Release|Any CPU
		{D27A7C00-8428-4C86-A597-A4012F95D0B9}.Release|iPhone.Build.0 = Release|Any CPU
		{D27A7C00-8428-4C86-A597-A4012F95D0B9}.Release|iPhone.Deploy.0 = Release|Any CPU
		{D27A7C00-8428-4C86-A597-A4012F95D0B9}.Release|iPhoneSimulator.ActiveCfg = Release|Any CPU
		{D27A7C00-8428-4C86-A597-A4012F95D0B9}.Release|iPhoneSimulator.Build.0 = Release|Any CPU
		{D27A7C00-8428-4C86-A597-A4012F95D0B9}.Release|iPhoneSimulator.Deploy.0 = Release|Any CPU
		{D27A7C00-8428-4C86-A597-A4012F95D0B9}.Release|x64.ActiveCfg = Release|Any CPU
		{D27A7C00-8428-4C86-A597-A4012F95D0B9}.Release|x64.Build.0 = Release|Any CPU
		{D27A7C00-8428-4C86-A597-A4012F95D0B9}.Release|x64.Deploy.0 = Release|Any CPU
		{D27A7C00-8428-4C86-A597-A4012F95D0B9}.Release|x86.ActiveCfg = Release|Any CPU
		{D27A7C00-8428-4C86-A597-A4012F95D0B9}.Release|x86.Build.0 = Release|Any CPU
		{D27A7C00-8428-4C86-A597-A4012F95D0B9}.Release|x86.Deploy.0 = Release|Any CPU
	EndGlobalSection
	GlobalSection(SolutionProperties) = preSolution
		HideSolutionNode = FALSE
	EndGlobalSection
	GlobalSection(ExtensibilityGlobals) = postSolution
		SolutionGuid = {196F21C6-5AFA-4E11-AB9A-DB237EF7B737}
	EndGlobalSection
EndGlobal
