
Microsoft Visual Studio Solution File, Format Version 12.00
# Visual Studio 15
VisualStudioVersion = 15.0.28010.2019
MinimumVisualStudioVersion = 10.0.40219.1
Project("{FAE04EC0-301F-11D3-BF4B-00C04F79EFBC}") = "GridDemo.Android", "GridDemo\GridDemo.Android\GridDemo.Android.csproj", "{DE8F6F9F-F1C7-4841-93C2-5A081C5B8F48}"
EndProject
Project("{FAE04EC0-301F-11D3-BF4B-00C04F79EFBC}") = "GridDemo.iOS", "GridDemo\GridDemo.iOS\GridDemo.iOS.csproj", "{A634E952-5C5B-45BF-A242-D9F799BD0803}"
EndProject
Project("{FAE04EC0-301F-11D3-BF4B-00C04F79EFBC}") = "GridDemo.UWP", "GridDemo\GridDemo.UWP\GridDemo.UWP.csproj", "{45C881C6-31BB-4BCE-86C5-63E8E35594E2}"
EndProject
Project("{FAE04EC0-301F-11D3-BF4B-00C04F79EFBC}") = "GridDemo", "GridDemo\GridDemo\GridDemo.csproj", "{C84D8BAD-1169-47F3-AC3D-00408D2295A5}"
EndProject
Global
	GlobalSection(SolutionConfigurationPlatforms) = preSolution
		Ad-Hoc|Any CPU = Ad-Hoc|Any CPU
		Ad-Hoc|ARM = Ad-Hoc|ARM
		Ad-Hoc|iPhone = Ad-Hoc|iPhone
		Ad-Hoc|iPhoneSimulator = Ad-Hoc|iPhoneSimulator
		Ad-Hoc|x64 = Ad-Hoc|x64
		Ad-Hoc|x86 = Ad-Hoc|x86
		AppStore|Any CPU = AppStore|Any CPU
		AppStore|ARM = AppStore|ARM
		AppStore|iPhone = AppStore|iPhone
		AppStore|iPhoneSimulator = AppStore|iPhoneSimulator
		AppStore|x64 = AppStore|x64
		AppStore|x86 = AppStore|x86
		Debug|Any CPU = Debug|Any CPU
		Debug|ARM = Debug|ARM
		Debug|iPhone = Debug|iPhone
		Debug|iPhoneSimulator = Debug|iPhoneSimulator
		Debug|x64 = Debug|x64
		Debug|x86 = Debug|x86
		Release|Any CPU = Release|Any CPU
		Release|ARM = Release|ARM
		Release|iPhone = Release|iPhone
		Release|iPhoneSimulator = Release|iPhoneSimulator
		Release|x64 = Release|x64
		Release|x86 = Release|x86
	EndGlobalSection
	GlobalSection(ProjectConfigurationPlatforms) = postSolution
		{DE8F6F9F-F1C7-4841-93C2-5A081C5B8F48}.Ad-Hoc|Any CPU.ActiveCfg = Release|Any CPU
		{DE8F6F9F-F1C7-4841-93C2-5A081C5B8F48}.Ad-Hoc|Any CPU.Build.0 = Release|Any CPU
		{DE8F6F9F-F1C7-4841-93C2-5A081C5B8F48}.Ad-Hoc|Any CPU.Deploy.0 = Release|Any CPU
		{DE8F6F9F-F1C7-4841-93C2-5A081C5B8F48}.Ad-Hoc|ARM.ActiveCfg = Release|Any CPU
		{DE8F6F9F-F1C7-4841-93C2-5A081C5B8F48}.Ad-Hoc|ARM.Build.0 = Release|Any CPU
		{DE8F6F9F-F1C7-4841-93C2-5A081C5B8F48}.Ad-Hoc|ARM.Deploy.0 = Release|Any CPU
		{DE8F6F9F-F1C7-4841-93C2-5A081C5B8F48}.Ad-Hoc|iPhone.ActiveCfg = Release|Any CPU
		{DE8F6F9F-F1C7-4841-93C2-5A081C5B8F48}.Ad-Hoc|iPhone.Build.0 = Release|Any CPU
		{DE8F6F9F-F1C7-4841-93C2-5A081C5B8F48}.Ad-Hoc|iPhone.Deploy.0 = Release|Any CPU
		{DE8F6F9F-F1C7-4841-93C2-5A081C5B8F48}.Ad-Hoc|iPhoneSimulator.ActiveCfg = Release|Any CPU
		{DE8F6F9F-F1C7-4841-93C2-5A081C5B8F48}.Ad-Hoc|iPhoneSimulator.Build.0 = Release|Any CPU
		{DE8F6F9F-F1C7-4841-93C2-5A081C5B8F48}.Ad-Hoc|iPhoneSimulator.Deploy.0 = Release|Any CPU
		{DE8F6F9F-F1C7-4841-93C2-5A081C5B8F48}.Ad-Hoc|x64.ActiveCfg = Release|Any CPU
		{DE8F6F9F-F1C7-4841-93C2-5A081C5B8F48}.Ad-Hoc|x64.Build.0 = Release|Any CPU
		{DE8F6F9F-F1C7-4841-93C2-5A081C5B8F48}.Ad-Hoc|x64.Deploy.0 = Release|Any CPU
		{DE8F6F9F-F1C7-4841-93C2-5A081C5B8F48}.Ad-Hoc|x86.ActiveCfg = Release|Any CPU
		{DE8F6F9F-F1C7-4841-93C2-5A081C5B8F48}.Ad-Hoc|x86.Build.0 = Release|Any CPU
		{DE8F6F9F-F1C7-4841-93C2-5A081C5B8F48}.Ad-Hoc|x86.Deploy.0 = Release|Any CPU
		{DE8F6F9F-F1C7-4841-93C2-5A081C5B8F48}.AppStore|Any CPU.ActiveCfg = Release|Any CPU
		{DE8F6F9F-F1C7-4841-93C2-5A081C5B8F48}.AppStore|Any CPU.Build.0 = Release|Any CPU
		{DE8F6F9F-F1C7-4841-93C2-5A081C5B8F48}.AppStore|Any CPU.Deploy.0 = Release|Any CPU
		{DE8F6F9F-F1C7-4841-93C2-5A081C5B8F48}.AppStore|ARM.ActiveCfg = Release|Any CPU
		{DE8F6F9F-F1C7-4841-93C2-5A081C5B8F48}.AppStore|ARM.Build.0 = Release|Any CPU
		{DE8F6F9F-F1C7-4841-93C2-5A081C5B8F48}.AppStore|ARM.Deploy.0 = Release|Any CPU
		{DE8F6F9F-F1C7-4841-93C2-5A081C5B8F48}.AppStore|iPhone.ActiveCfg = Release|Any CPU
		{DE8F6F9F-F1C7-4841-93C2-5A081C5B8F48}.AppStore|iPhone.Build.0 = Release|Any CPU
		{DE8F6F9F-F1C7-4841-93C2-5A081C5B8F48}.AppStore|iPhone.Deploy.0 = Release|Any CPU
		{DE8F6F9F-F1C7-4841-93C2-5A081C5B8F48}.AppStore|iPhoneSimulator.ActiveCfg = Release|Any CPU
		{DE8F6F9F-F1C7-4841-93C2-5A081C5B8F48}.AppStore|iPhoneSimulator.Build.0 = Release|Any CPU
		{DE8F6F9F-F1C7-4841-93C2-5A081C5B8F48}.AppStore|iPhoneSimulator.Deploy.0 = Release|Any CPU
		{DE8F6F9F-F1C7-4841-93C2-5A081C5B8F48}.AppStore|x64.ActiveCfg = Release|Any CPU
		{DE8F6F9F-F1C7-4841-93C2-5A081C5B8F48}.AppStore|x64.Build.0 = Release|Any CPU
		{DE8F6F9F-F1C7-4841-93C2-5A081C5B8F48}.AppStore|x64.Deploy.0 = Release|Any CPU
		{DE8F6F9F-F1C7-4841-93C2-5A081C5B8F48}.AppStore|x86.ActiveCfg = Release|Any CPU
		{DE8F6F9F-F1C7-4841-93C2-5A081C5B8F48}.AppStore|x86.Build.0 = Release|Any CPU
		{DE8F6F9F-F1C7-4841-93C2-5A081C5B8F48}.AppStore|x86.Deploy.0 = Release|Any CPU
		{DE8F6F9F-F1C7-4841-93C2-5A081C5B8F48}.Debug|Any CPU.ActiveCfg = Debug|Any CPU
		{DE8F6F9F-F1C7-4841-93C2-5A081C5B8F48}.Debug|Any CPU.Build.0 = Debug|Any CPU
		{DE8F6F9F-F1C7-4841-93C2-5A081C5B8F48}.Debug|Any CPU.Deploy.0 = Debug|Any CPU
		{DE8F6F9F-F1C7-4841-93C2-5A081C5B8F48}.Debug|ARM.ActiveCfg = Debug|Any CPU
		{DE8F6F9F-F1C7-4841-93C2-5A081C5B8F48}.Debug|ARM.Build.0 = Debug|Any CPU
		{DE8F6F9F-F1C7-4841-93C2-5A081C5B8F48}.Debug|ARM.Deploy.0 = Debug|Any CPU
		{DE8F6F9F-F1C7-4841-93C2-5A081C5B8F48}.Debug|iPhone.ActiveCfg = Debug|Any CPU
		{DE8F6F9F-F1C7-4841-93C2-5A081C5B8F48}.Debug|iPhone.Build.0 = Debug|Any CPU
		{DE8F6F9F-F1C7-4841-93C2-5A081C5B8F48}.Debug|iPhone.Deploy.0 = Debug|Any CPU
		{DE8F6F9F-F1C7-4841-93C2-5A081C5B8F48}.Debug|iPhoneSimulator.ActiveCfg = Debug|Any CPU
		{DE8F6F9F-F1C7-4841-93C2-5A081C5B8F48}.Debug|iPhoneSimulator.Build.0 = Debug|Any CPU
		{DE8F6F9F-F1C7-4841-93C2-5A081C5B8F48}.Debug|iPhoneSimulator.Deploy.0 = Debug|Any CPU
		{DE8F6F9F-F1C7-4841-93C2-5A081C5B8F48}.Debug|x64.ActiveCfg = Debug|Any CPU
		{DE8F6F9F-F1C7-4841-93C2-5A081C5B8F48}.Debug|x64.Build.0 = Debug|Any CPU
		{DE8F6F9F-F1C7-4841-93C2-5A081C5B8F48}.Debug|x64.Deploy.0 = Debug|Any CPU
		{DE8F6F9F-F1C7-4841-93C2-5A081C5B8F48}.Debug|x86.ActiveCfg = Debug|Any CPU
		{DE8F6F9F-F1C7-4841-93C2-5A081C5B8F48}.Debug|x86.Build.0 = Debug|Any CPU
		{DE8F6F9F-F1C7-4841-93C2-5A081C5B8F48}.Debug|x86.Deploy.0 = Debug|Any CPU
		{DE8F6F9F-F1C7-4841-93C2-5A081C5B8F48}.Release|Any CPU.ActiveCfg = Release|Any CPU
		{DE8F6F9F-F1C7-4841-93C2-5A081C5B8F48}.Release|Any CPU.Build.0 = Release|Any CPU
		{DE8F6F9F-F1C7-4841-93C2-5A081C5B8F48}.Release|Any CPU.Deploy.0 = Release|Any CPU
		{DE8F6F9F-F1C7-4841-93C2-5A081C5B8F48}.Release|ARM.ActiveCfg = Release|Any CPU
		{DE8F6F9F-F1C7-4841-93C2-5A081C5B8F48}.Release|ARM.Build.0 = Release|Any CPU
		{DE8F6F9F-F1C7-4841-93C2-5A081C5B8F48}.Release|ARM.Deploy.0 = Release|Any CPU
		{DE8F6F9F-F1C7-4841-93C2-5A081C5B8F48}.Release|iPhone.ActiveCfg = Release|Any CPU
		{DE8F6F9F-F1C7-4841-93C2-5A081C5B8F48}.Release|iPhone.Build.0 = Release|Any CPU
		{DE8F6F9F-F1C7-4841-93C2-5A081C5B8F48}.Release|iPhone.Deploy.0 = Release|Any CPU
		{DE8F6F9F-F1C7-4841-93C2-5A081C5B8F48}.Release|iPhoneSimulator.ActiveCfg = Release|Any CPU
		{DE8F6F9F-F1C7-4841-93C2-5A081C5B8F48}.Release|iPhoneSimulator.Build.0 = Release|Any CPU
		{DE8F6F9F-F1C7-4841-93C2-5A081C5B8F48}.Release|iPhoneSimulator.Deploy.0 = Release|Any CPU
		{DE8F6F9F-F1C7-4841-93C2-5A081C5B8F48}.Release|x64.ActiveCfg = Release|Any CPU
		{DE8F6F9F-F1C7-4841-93C2-5A081C5B8F48}.Release|x64.Build.0 = Release|Any CPU
		{DE8F6F9F-F1C7-4841-93C2-5A081C5B8F48}.Release|x64.Deploy.0 = Release|Any CPU
		{DE8F6F9F-F1C7-4841-93C2-5A081C5B8F48}.Release|x86.ActiveCfg = Release|Any CPU
		{DE8F6F9F-F1C7-4841-93C2-5A081C5B8F48}.Release|x86.Build.0 = Release|Any CPU
		{DE8F6F9F-F1C7-4841-93C2-5A081C5B8F48}.Release|x86.Deploy.0 = Release|Any CPU
		{A634E952-5C5B-45BF-A242-D9F799BD0803}.Ad-Hoc|Any CPU.ActiveCfg = Ad-Hoc|iPhone
		{A634E952-5C5B-45BF-A242-D9F799BD0803}.Ad-Hoc|Any CPU.Build.0 = Ad-Hoc|iPhone
		{A634E952-5C5B-45BF-A242-D9F799BD0803}.Ad-Hoc|Any CPU.Deploy.0 = Ad-Hoc|iPhone
		{A634E952-5C5B-45BF-A242-D9F799BD0803}.Ad-Hoc|ARM.ActiveCfg = Ad-Hoc|iPhone
		{A634E952-5C5B-45BF-A242-D9F799BD0803}.Ad-Hoc|ARM.Build.0 = Ad-Hoc|iPhone
		{A634E952-5C5B-45BF-A242-D9F799BD0803}.Ad-Hoc|ARM.Deploy.0 = Ad-Hoc|iPhone
		{A634E952-5C5B-45BF-A242-D9F799BD0803}.Ad-Hoc|iPhone.ActiveCfg = Ad-Hoc|iPhone
		{A634E952-5C5B-45BF-A242-D9F799BD0803}.Ad-Hoc|iPhone.Build.0 = Ad-Hoc|iPhone
		{A634E952-5C5B-45BF-A242-D9F799BD0803}.Ad-Hoc|iPhone.Deploy.0 = Ad-Hoc|iPhone
		{A634E952-5C5B-45BF-A242-D9F799BD0803}.Ad-Hoc|iPhoneSimulator.ActiveCfg = Ad-Hoc|iPhoneSimulator
		{A634E952-5C5B-45BF-A242-D9F799BD0803}.Ad-Hoc|iPhoneSimulator.Build.0 = Ad-Hoc|iPhoneSimulator
		{A634E952-5C5B-45BF-A242-D9F799BD0803}.Ad-Hoc|iPhoneSimulator.Deploy.0 = Ad-Hoc|iPhoneSimulator
		{A634E952-5C5B-45BF-A242-D9F799BD0803}.Ad-Hoc|x64.ActiveCfg = Ad-Hoc|iPhone
		{A634E952-5C5B-45BF-A242-D9F799BD0803}.Ad-Hoc|x64.Build.0 = Ad-Hoc|iPhone
		{A634E952-5C5B-45BF-A242-D9F799BD0803}.Ad-Hoc|x64.Deploy.0 = Ad-Hoc|iPhone
		{A634E952-5C5B-45BF-A242-D9F799BD0803}.Ad-Hoc|x86.ActiveCfg = Ad-Hoc|iPhone
		{A634E952-5C5B-45BF-A242-D9F799BD0803}.Ad-Hoc|x86.Build.0 = Ad-Hoc|iPhone
		{A634E952-5C5B-45BF-A242-D9F799BD0803}.Ad-Hoc|x86.Deploy.0 = Ad-Hoc|iPhone
		{A634E952-5C5B-45BF-A242-D9F799BD0803}.AppStore|Any CPU.ActiveCfg = AppStore|iPhone
		{A634E952-5C5B-45BF-A242-D9F799BD0803}.AppStore|Any CPU.Build.0 = AppStore|iPhone
		{A634E952-5C5B-45BF-A242-D9F799BD0803}.AppStore|Any CPU.Deploy.0 = AppStore|iPhone
		{A634E952-5C5B-45BF-A242-D9F799BD0803}.AppStore|ARM.ActiveCfg = AppStore|iPhone
		{A634E952-5C5B-45BF-A242-D9F799BD0803}.AppStore|ARM.Build.0 = AppStore|iPhone
		{A634E952-5C5B-45BF-A242-D9F799BD0803}.AppStore|ARM.Deploy.0 = AppStore|iPhone
		{A634E952-5C5B-45BF-A242-D9F799BD0803}.AppStore|iPhone.ActiveCfg = AppStore|iPhone
		{A634E952-5C5B-45BF-A242-D9F799BD0803}.AppStore|iPhone.Build.0 = AppStore|iPhone
		{A634E952-5C5B-45BF-A242-D9F799BD0803}.AppStore|iPhone.Deploy.0 = AppStore|iPhone
		{A634E952-5C5B-45BF-A242-D9F799BD0803}.AppStore|iPhoneSimulator.ActiveCfg = AppStore|iPhoneSimulator
		{A634E952-5C5B-45BF-A242-D9F799BD0803}.AppStore|iPhoneSimulator.Build.0 = AppStore|iPhoneSimulator
		{A634E952-5C5B-45BF-A242-D9F799BD0803}.AppStore|iPhoneSimulator.Deploy.0 = AppStore|iPhoneSimulator
		{A634E952-5C5B-45BF-A242-D9F799BD0803}.AppStore|x64.ActiveCfg = AppStore|iPhone
		{A634E952-5C5B-45BF-A242-D9F799BD0803}.AppStore|x64.Build.0 = AppStore|iPhone
		{A634E952-5C5B-45BF-A242-D9F799BD0803}.AppStore|x64.Deploy.0 = AppStore|iPhone
		{A634E952-5C5B-45BF-A242-D9F799BD0803}.AppStore|x86.ActiveCfg = AppStore|iPhone
		{A634E952-5C5B-45BF-A242-D9F799BD0803}.AppStore|x86.Build.0 = AppStore|iPhone
		{A634E952-5C5B-45BF-A242-D9F799BD0803}.AppStore|x86.Deploy.0 = AppStore|iPhone
		{A634E952-5C5B-45BF-A242-D9F799BD0803}.Debug|Any CPU.ActiveCfg = Debug|iPhoneSimulator
		{A634E952-5C5B-45BF-A242-D9F799BD0803}.Debug|Any CPU.Build.0 = Debug|iPhoneSimulator
		{A634E952-5C5B-45BF-A242-D9F799BD0803}.Debug|Any CPU.Deploy.0 = Debug|iPhoneSimulator
		{A634E952-5C5B-45BF-A242-D9F799BD0803}.Debug|ARM.ActiveCfg = Debug|iPhone
		{A634E952-5C5B-45BF-A242-D9F799BD0803}.Debug|ARM.Build.0 = Debug|iPhone
		{A634E952-5C5B-45BF-A242-D9F799BD0803}.Debug|ARM.Deploy.0 = Debug|iPhone
		{A634E952-5C5B-45BF-A242-D9F799BD0803}.Debug|iPhone.ActiveCfg = Debug|iPhone
		{A634E952-5C5B-45BF-A242-D9F799BD0803}.Debug|iPhone.Build.0 = Debug|iPhone
		{A634E952-5C5B-45BF-A242-D9F799BD0803}.Debug|iPhone.Deploy.0 = Debug|iPhone
		{A634E952-5C5B-45BF-A242-D9F799BD0803}.Debug|iPhoneSimulator.ActiveCfg = Debug|iPhoneSimulator
		{A634E952-5C5B-45BF-A242-D9F799BD0803}.Debug|iPhoneSimulator.Build.0 = Debug|iPhoneSimulator
		{A634E952-5C5B-45BF-A242-D9F799BD0803}.Debug|iPhoneSimulator.Deploy.0 = Debug|iPhoneSimulator
		{A634E952-5C5B-45BF-A242-D9F799BD0803}.Debug|x64.ActiveCfg = Debug|iPhone
		{A634E952-5C5B-45BF-A242-D9F799BD0803}.Debug|x64.Build.0 = Debug|iPhone
		{A634E952-5C5B-45BF-A242-D9F799BD0803}.Debug|x64.Deploy.0 = Debug|iPhone
		{A634E952-5C5B-45BF-A242-D9F799BD0803}.Debug|x86.ActiveCfg = Debug|iPhone
		{A634E952-5C5B-45BF-A242-D9F799BD0803}.Debug|x86.Build.0 = Debug|iPhone
		{A634E952-5C5B-45BF-A242-D9F799BD0803}.Debug|x86.Deploy.0 = Debug|iPhone
		{A634E952-5C5B-45BF-A242-D9F799BD0803}.Release|Any CPU.ActiveCfg = Release|iPhone
		{A634E952-5C5B-45BF-A242-D9F799BD0803}.Release|Any CPU.Build.0 = Release|iPhone
		{A634E952-5C5B-45BF-A242-D9F799BD0803}.Release|Any CPU.Deploy.0 = Release|iPhone
		{A634E952-5C5B-45BF-A242-D9F799BD0803}.Release|ARM.ActiveCfg = Release|iPhone
		{A634E952-5C5B-45BF-A242-D9F799BD0803}.Release|ARM.Build.0 = Release|iPhone
		{A634E952-5C5B-45BF-A242-D9F799BD0803}.Release|ARM.Deploy.0 = Release|iPhone
		{A634E952-5C5B-45BF-A242-D9F799BD0803}.Release|iPhone.ActiveCfg = Release|iPhone
		{A634E952-5C5B-45BF-A242-D9F799BD0803}.Release|iPhone.Build.0 = Release|iPhone
		{A634E952-5C5B-45BF-A242-D9F799BD0803}.Release|iPhone.Deploy.0 = Release|iPhone
		{A634E952-5C5B-45BF-A242-D9F799BD0803}.Release|iPhoneSimulator.ActiveCfg = Release|iPhoneSimulator
		{A634E952-5C5B-45BF-A242-D9F799BD0803}.Release|iPhoneSimulator.Build.0 = Release|iPhoneSimulator
		{A634E952-5C5B-45BF-A242-D9F799BD0803}.Release|iPhoneSimulator.Deploy.0 = Release|iPhoneSimulator
		{A634E952-5C5B-45BF-A242-D9F799BD0803}.Release|x64.ActiveCfg = Release|iPhone
		{A634E952-5C5B-45BF-A242-D9F799BD0803}.Release|x64.Build.0 = Release|iPhone
		{A634E952-5C5B-45BF-A242-D9F799BD0803}.Release|x64.Deploy.0 = Release|iPhone
		{A634E952-5C5B-45BF-A242-D9F799BD0803}.Release|x86.ActiveCfg = Release|iPhone
		{A634E952-5C5B-45BF-A242-D9F799BD0803}.Release|x86.Build.0 = Release|iPhone
		{A634E952-5C5B-45BF-A242-D9F799BD0803}.Release|x86.Deploy.0 = Release|iPhone
		{45C881C6-31BB-4BCE-86C5-63E8E35594E2}.Ad-Hoc|Any CPU.ActiveCfg = Release|x86
		{45C881C6-31BB-4BCE-86C5-63E8E35594E2}.Ad-Hoc|Any CPU.Build.0 = Release|x86
		{45C881C6-31BB-4BCE-86C5-63E8E35594E2}.Ad-Hoc|Any CPU.Deploy.0 = Release|x86
		{45C881C6-31BB-4BCE-86C5-63E8E35594E2}.Ad-Hoc|ARM.ActiveCfg = Release|ARM
		{45C881C6-31BB-4BCE-86C5-63E8E35594E2}.Ad-Hoc|ARM.Build.0 = Release|ARM
		{45C881C6-31BB-4BCE-86C5-63E8E35594E2}.Ad-Hoc|ARM.Deploy.0 = Release|ARM
		{45C881C6-31BB-4BCE-86C5-63E8E35594E2}.Ad-Hoc|iPhone.ActiveCfg = Release|x86
		{45C881C6-31BB-4BCE-86C5-63E8E35594E2}.Ad-Hoc|iPhone.Build.0 = Release|x86
		{45C881C6-31BB-4BCE-86C5-63E8E35594E2}.Ad-Hoc|iPhone.Deploy.0 = Release|x86
		{45C881C6-31BB-4BCE-86C5-63E8E35594E2}.Ad-Hoc|iPhoneSimulator.ActiveCfg = Release|x86
		{45C881C6-31BB-4BCE-86C5-63E8E35594E2}.Ad-Hoc|iPhoneSimulator.Build.0 = Release|x86
		{45C881C6-31BB-4BCE-86C5-63E8E35594E2}.Ad-Hoc|iPhoneSimulator.Deploy.0 = Release|x86
		{45C881C6-31BB-4BCE-86C5-63E8E35594E2}.Ad-Hoc|x64.ActiveCfg = Release|x64
		{45C881C6-31BB-4BCE-86C5-63E8E35594E2}.Ad-Hoc|x64.Build.0 = Release|x64
		{45C881C6-31BB-4BCE-86C5-63E8E35594E2}.Ad-Hoc|x64.Deploy.0 = Release|x64
		{45C881C6-31BB-4BCE-86C5-63E8E35594E2}.Ad-Hoc|x86.ActiveCfg = Release|x86
		{45C881C6-31BB-4BCE-86C5-63E8E35594E2}.Ad-Hoc|x86.Build.0 = Release|x86
		{45C881C6-31BB-4BCE-86C5-63E8E35594E2}.Ad-Hoc|x86.Deploy.0 = Release|x86
		{45C881C6-31BB-4BCE-86C5-63E8E35594E2}.AppStore|Any CPU.ActiveCfg = Release|x86
		{45C881C6-31BB-4BCE-86C5-63E8E35594E2}.AppStore|Any CPU.Build.0 = Release|x86
		{45C881C6-31BB-4BCE-86C5-63E8E35594E2}.AppStore|Any CPU.Deploy.0 = Release|x86
		{45C881C6-31BB-4BCE-86C5-63E8E35594E2}.AppStore|ARM.ActiveCfg = Release|ARM
		{45C881C6-31BB-4BCE-86C5-63E8E35594E2}.AppStore|ARM.Build.0 = Release|ARM
		{45C881C6-31BB-4BCE-86C5-63E8E35594E2}.AppStore|ARM.Deploy.0 = Release|ARM
		{45C881C6-31BB-4BCE-86C5-63E8E35594E2}.AppStore|iPhone.ActiveCfg = Release|x86
		{45C881C6-31BB-4BCE-86C5-63E8E35594E2}.AppStore|iPhone.Build.0 = Release|x86
		{45C881C6-31BB-4BCE-86C5-63E8E35594E2}.AppStore|iPhone.Deploy.0 = Release|x86
		{45C881C6-31BB-4BCE-86C5-63E8E35594E2}.AppStore|iPhoneSimulator.ActiveCfg = Release|x86
		{45C881C6-31BB-4BCE-86C5-63E8E35594E2}.AppStore|iPhoneSimulator.Build.0 = Release|x86
		{45C881C6-31BB-4BCE-86C5-63E8E35594E2}.AppStore|iPhoneSimulator.Deploy.0 = Release|x86
		{45C881C6-31BB-4BCE-86C5-63E8E35594E2}.AppStore|x64.ActiveCfg = Release|x64
		{45C881C6-31BB-4BCE-86C5-63E8E35594E2}.AppStore|x64.Build.0 = Release|x64
		{45C881C6-31BB-4BCE-86C5-63E8E35594E2}.AppStore|x64.Deploy.0 = Release|x64
		{45C881C6-31BB-4BCE-86C5-63E8E35594E2}.AppStore|x86.ActiveCfg = Release|x86
		{45C881C6-31BB-4BCE-86C5-63E8E35594E2}.AppStore|x86.Build.0 = Release|x86
		{45C881C6-31BB-4BCE-86C5-63E8E35594E2}.AppStore|x86.Deploy.0 = Release|x86
		{45C881C6-31BB-4BCE-86C5-63E8E35594E2}.Debug|Any CPU.ActiveCfg = Debug|x86
		{45C881C6-31BB-4BCE-86C5-63E8E35594E2}.Debug|Any CPU.Build.0 = Debug|x86
		{45C881C6-31BB-4BCE-86C5-63E8E35594E2}.Debug|Any CPU.Deploy.0 = Debug|x86
		{45C881C6-31BB-4BCE-86C5-63E8E35594E2}.Debug|ARM.ActiveCfg = Debug|ARM
		{45C881C6-31BB-4BCE-86C5-63E8E35594E2}.Debug|ARM.Build.0 = Debug|ARM
		{45C881C6-31BB-4BCE-86C5-63E8E35594E2}.Debug|ARM.Deploy.0 = Debug|ARM
		{45C881C6-31BB-4BCE-86C5-63E8E35594E2}.Debug|iPhone.ActiveCfg = Debug|x86
		{45C881C6-31BB-4BCE-86C5-63E8E35594E2}.Debug|iPhone.Build.0 = Debug|x86
		{45C881C6-31BB-4BCE-86C5-63E8E35594E2}.Debug|iPhone.Deploy.0 = Debug|x86
		{45C881C6-31BB-4BCE-86C5-63E8E35594E2}.Debug|iPhoneSimulator.ActiveCfg = Debug|x86
		{45C881C6-31BB-4BCE-86C5-63E8E35594E2}.Debug|iPhoneSimulator.Build.0 = Debug|x86
		{45C881C6-31BB-4BCE-86C5-63E8E35594E2}.Debug|iPhoneSimulator.Deploy.0 = Debug|x86
		{45C881C6-31BB-4BCE-86C5-63E8E35594E2}.Debug|x64.ActiveCfg = Debug|x64
		{45C881C6-31BB-4BCE-86C5-63E8E35594E2}.Debug|x64.Build.0 = Debug|x64
		{45C881C6-31BB-4BCE-86C5-63E8E35594E2}.Debug|x64.Deploy.0 = Debug|x64
		{45C881C6-31BB-4BCE-86C5-63E8E35594E2}.Debug|x86.ActiveCfg = Debug|x86
		{45C881C6-31BB-4BCE-86C5-63E8E35594E2}.Debug|x86.Build.0 = Debug|x86
		{45C881C6-31BB-4BCE-86C5-63E8E35594E2}.Debug|x86.Deploy.0 = Debug|x86
		{45C881C6-31BB-4BCE-86C5-63E8E35594E2}.Release|Any CPU.ActiveCfg = Release|x86
		{45C881C6-31BB-4BCE-86C5-63E8E35594E2}.Release|Any CPU.Build.0 = Release|x86
		{45C881C6-31BB-4BCE-86C5-63E8E35594E2}.Release|Any CPU.Deploy.0 = Release|x86
		{45C881C6-31BB-4BCE-86C5-63E8E35594E2}.Release|ARM.ActiveCfg = Release|ARM
		{45C881C6-31BB-4BCE-86C5-63E8E35594E2}.Release|ARM.Build.0 = Release|ARM
		{45C881C6-31BB-4BCE-86C5-63E8E35594E2}.Release|ARM.Deploy.0 = Release|ARM
		{45C881C6-31BB-4BCE-86C5-63E8E35594E2}.Release|iPhone.ActiveCfg = Release|x86
		{45C881C6-31BB-4BCE-86C5-63E8E35594E2}.Release|iPhone.Build.0 = Release|x86
		{45C881C6-31BB-4BCE-86C5-63E8E35594E2}.Release|iPhone.Deploy.0 = Release|x86
		{45C881C6-31BB-4BCE-86C5-63E8E35594E2}.Release|iPhoneSimulator.ActiveCfg = Release|x86
		{45C881C6-31BB-4BCE-86C5-63E8E35594E2}.Release|iPhoneSimulator.Build.0 = Release|x86
		{45C881C6-31BB-4BCE-86C5-63E8E35594E2}.Release|iPhoneSimulator.Deploy.0 = Release|x86
		{45C881C6-31BB-4BCE-86C5-63E8E35594E2}.Release|x64.ActiveCfg = Release|x64
		{45C881C6-31BB-4BCE-86C5-63E8E35594E2}.Release|x64.Build.0 = Release|x64
		{45C881C6-31BB-4BCE-86C5-63E8E35594E2}.Release|x64.Deploy.0 = Release|x64
		{45C881C6-31BB-4BCE-86C5-63E8E35594E2}.Release|x86.ActiveCfg = Release|x86
		{45C881C6-31BB-4BCE-86C5-63E8E35594E2}.Release|x86.Build.0 = Release|x86
		{45C881C6-31BB-4BCE-86C5-63E8E35594E2}.Release|x86.Deploy.0 = Release|x86
		{C84D8BAD-1169-47F3-AC3D-00408D2295A5}.Ad-Hoc|Any CPU.ActiveCfg = Debug|Any CPU
		{C84D8BAD-1169-47F3-AC3D-00408D2295A5}.Ad-Hoc|Any CPU.Build.0 = Debug|Any CPU
		{C84D8BAD-1169-47F3-AC3D-00408D2295A5}.Ad-Hoc|Any CPU.Deploy.0 = Debug|Any CPU
		{C84D8BAD-1169-47F3-AC3D-00408D2295A5}.Ad-Hoc|ARM.ActiveCfg = Debug|Any CPU
		{C84D8BAD-1169-47F3-AC3D-00408D2295A5}.Ad-Hoc|ARM.Build.0 = Debug|Any CPU
		{C84D8BAD-1169-47F3-AC3D-00408D2295A5}.Ad-Hoc|ARM.Deploy.0 = Debug|Any CPU
		{C84D8BAD-1169-47F3-AC3D-00408D2295A5}.Ad-Hoc|iPhone.ActiveCfg = Debug|Any CPU
		{C84D8BAD-1169-47F3-AC3D-00408D2295A5}.Ad-Hoc|iPhone.Build.0 = Debug|Any CPU
		{C84D8BAD-1169-47F3-AC3D-00408D2295A5}.Ad-Hoc|iPhone.Deploy.0 = Debug|Any CPU
		{C84D8BAD-1169-47F3-AC3D-00408D2295A5}.Ad-Hoc|iPhoneSimulator.ActiveCfg = Debug|Any CPU
		{C84D8BAD-1169-47F3-AC3D-00408D2295A5}.Ad-Hoc|iPhoneSimulator.Build.0 = Debug|Any CPU
		{C84D8BAD-1169-47F3-AC3D-00408D2295A5}.Ad-Hoc|iPhoneSimulator.Deploy.0 = Debug|Any CPU
		{C84D8BAD-1169-47F3-AC3D-00408D2295A5}.Ad-Hoc|x64.ActiveCfg = Debug|Any CPU
		{C84D8BAD-1169-47F3-AC3D-00408D2295A5}.Ad-Hoc|x64.Build.0 = Debug|Any CPU
		{C84D8BAD-1169-47F3-AC3D-00408D2295A5}.Ad-Hoc|x64.Deploy.0 = Debug|Any CPU
		{C84D8BAD-1169-47F3-AC3D-00408D2295A5}.Ad-Hoc|x86.ActiveCfg = Debug|Any CPU
		{C84D8BAD-1169-47F3-AC3D-00408D2295A5}.Ad-Hoc|x86.Build.0 = Debug|Any CPU
		{C84D8BAD-1169-47F3-AC3D-00408D2295A5}.Ad-Hoc|x86.Deploy.0 = Debug|Any CPU
		{C84D8BAD-1169-47F3-AC3D-00408D2295A5}.AppStore|Any CPU.ActiveCfg = Debug|Any CPU
		{C84D8BAD-1169-47F3-AC3D-00408D2295A5}.AppStore|Any CPU.Build.0 = Debug|Any CPU
		{C84D8BAD-1169-47F3-AC3D-00408D2295A5}.AppStore|Any CPU.Deploy.0 = Debug|Any CPU
		{C84D8BAD-1169-47F3-AC3D-00408D2295A5}.AppStore|ARM.ActiveCfg = Debug|Any CPU
		{C84D8BAD-1169-47F3-AC3D-00408D2295A5}.AppStore|ARM.Build.0 = Debug|Any CPU
		{C84D8BAD-1169-47F3-AC3D-00408D2295A5}.AppStore|ARM.Deploy.0 = Debug|Any CPU
		{C84D8BAD-1169-47F3-AC3D-00408D2295A5}.AppStore|iPhone.ActiveCfg = Debug|Any CPU
		{C84D8BAD-1169-47F3-AC3D-00408D2295A5}.AppStore|iPhone.Build.0 = Debug|Any CPU
		{C84D8BAD-1169-47F3-AC3D-00408D2295A5}.AppStore|iPhone.Deploy.0 = Debug|Any CPU
		{C84D8BAD-1169-47F3-AC3D-00408D2295A5}.AppStore|iPhoneSimulator.ActiveCfg = Debug|Any CPU
		{C84D8BAD-1169-47F3-AC3D-00408D2295A5}.AppStore|iPhoneSimulator.Build.0 = Debug|Any CPU
		{C84D8BAD-1169-47F3-AC3D-00408D2295A5}.AppStore|iPhoneSimulator.Deploy.0 = Debug|Any CPU
		{C84D8BAD-1169-47F3-AC3D-00408D2295A5}.AppStore|x64.ActiveCfg = Debug|Any CPU
		{C84D8BAD-1169-47F3-AC3D-00408D2295A5}.AppStore|x64.Build.0 = Debug|Any CPU
		{C84D8BAD-1169-47F3-AC3D-00408D2295A5}.AppStore|x64.Deploy.0 = Debug|Any CPU
		{C84D8BAD-1169-47F3-AC3D-00408D2295A5}.AppStore|x86.ActiveCfg = Debug|Any CPU
		{C84D8BAD-1169-47F3-AC3D-00408D2295A5}.AppStore|x86.Build.0 = Debug|Any CPU
		{C84D8BAD-1169-47F3-AC3D-00408D2295A5}.AppStore|x86.Deploy.0 = Debug|Any CPU
		{C84D8BAD-1169-47F3-AC3D-00408D2295A5}.Debug|Any CPU.ActiveCfg = Debug|Any CPU
		{C84D8BAD-1169-47F3-AC3D-00408D2295A5}.Debug|Any CPU.Build.0 = Debug|Any CPU
		{C84D8BAD-1169-47F3-AC3D-00408D2295A5}.Debug|Any CPU.Deploy.0 = Debug|Any CPU
		{C84D8BAD-1169-47F3-AC3D-00408D2295A5}.Debug|ARM.ActiveCfg = Debug|Any CPU
		{C84D8BAD-1169-47F3-AC3D-00408D2295A5}.Debug|ARM.Build.0 = Debug|Any CPU
		{C84D8BAD-1169-47F3-AC3D-00408D2295A5}.Debug|ARM.Deploy.0 = Debug|Any CPU
		{C84D8BAD-1169-47F3-AC3D-00408D2295A5}.Debug|iPhone.ActiveCfg = Debug|Any CPU
		{C84D8BAD-1169-47F3-AC3D-00408D2295A5}.Debug|iPhone.Build.0 = Debug|Any CPU
		{C84D8BAD-1169-47F3-AC3D-00408D2295A5}.Debug|iPhone.Deploy.0 = Debug|Any CPU
		{C84D8BAD-1169-47F3-AC3D-00408D2295A5}.Debug|iPhoneSimulator.ActiveCfg = Debug|Any CPU
		{C84D8BAD-1169-47F3-AC3D-00408D2295A5}.Debug|iPhoneSimulator.Build.0 = Debug|Any CPU
		{C84D8BAD-1169-47F3-AC3D-00408D2295A5}.Debug|iPhoneSimulator.Deploy.0 = Debug|Any CPU
		{C84D8BAD-1169-47F3-AC3D-00408D2295A5}.Debug|x64.ActiveCfg = Debug|Any CPU
		{C84D8BAD-1169-47F3-AC3D-00408D2295A5}.Debug|x64.Build.0 = Debug|Any CPU
		{C84D8BAD-1169-47F3-AC3D-00408D2295A5}.Debug|x64.Deploy.0 = Debug|Any CPU
		{C84D8BAD-1169-47F3-AC3D-00408D2295A5}.Debug|x86.ActiveCfg = Debug|Any CPU
		{C84D8BAD-1169-47F3-AC3D-00408D2295A5}.Debug|x86.Build.0 = Debug|Any CPU
		{C84D8BAD-1169-47F3-AC3D-00408D2295A5}.Debug|x86.Deploy.0 = Debug|Any CPU
		{C84D8BAD-1169-47F3-AC3D-00408D2295A5}.Release|Any CPU.ActiveCfg = Release|Any CPU
		{C84D8BAD-1169-47F3-AC3D-00408D2295A5}.Release|Any CPU.Build.0 = Release|Any CPU
		{C84D8BAD-1169-47F3-AC3D-00408D2295A5}.Release|Any CPU.Deploy.0 = Release|Any CPU
		{C84D8BAD-1169-47F3-AC3D-00408D2295A5}.Release|ARM.ActiveCfg = Release|Any CPU
		{C84D8BAD-1169-47F3-AC3D-00408D2295A5}.Release|ARM.Build.0 = Release|Any CPU
		{C84D8BAD-1169-47F3-AC3D-00408D2295A5}.Release|ARM.Deploy.0 = Release|Any CPU
		{C84D8BAD-1169-47F3-AC3D-00408D2295A5}.Release|iPhone.ActiveCfg = Release|Any CPU
		{C84D8BAD-1169-47F3-AC3D-00408D2295A5}.Release|iPhone.Build.0 = Release|Any CPU
		{C84D8BAD-1169-47F3-AC3D-00408D2295A5}.Release|iPhone.Deploy.0 = Release|Any CPU
		{C84D8BAD-1169-47F3-AC3D-00408D2295A5}.Release|iPhoneSimulator.ActiveCfg = Release|Any CPU
		{C84D8BAD-1169-47F3-AC3D-00408D2295A5}.Release|iPhoneSimulator.Build.0 = Release|Any CPU
		{C84D8BAD-1169-47F3-AC3D-00408D2295A5}.Release|iPhoneSimulator.Deploy.0 = Release|Any CPU
		{C84D8BAD-1169-47F3-AC3D-00408D2295A5}.Release|x64.ActiveCfg = Release|Any CPU
		{C84D8BAD-1169-47F3-AC3D-00408D2295A5}.Release|x64.Build.0 = Release|Any CPU
		{C84D8BAD-1169-47F3-AC3D-00408D2295A5}.Release|x64.Deploy.0 = Release|Any CPU
		{C84D8BAD-1169-47F3-AC3D-00408D2295A5}.Release|x86.ActiveCfg = Release|Any CPU
		{C84D8BAD-1169-47F3-AC3D-00408D2295A5}.Release|x86.Build.0 = Release|Any CPU
		{C84D8BAD-1169-47F3-AC3D-00408D2295A5}.Release|x86.Deploy.0 = Release|Any CPU
	EndGlobalSection
	GlobalSection(SolutionProperties) = preSolution
		HideSolutionNode = FALSE
	EndGlobalSection
	GlobalSection(ExtensibilityGlobals) = postSolution
		SolutionGuid = {DE525073-8E7B-45B5-B897-308F47F55AE9}
	EndGlobalSection
EndGlobal
