
Microsoft Visual Studio Solution File, Format Version 12.00
# Visual Studio 15
VisualStudioVersion = 15.0.28010.2019
MinimumVisualStudioVersion = 10.0.40219.1
Project("{FAE04EC0-301F-11D3-BF4B-00C04F79EFBC}") = "ScrollViewLab.Android", "ScrollViewLab\ScrollViewLab.Android\ScrollViewLab.Android.csproj", "{AF6DC006-EBC2-4255-9E3A-558D78B080B2}"
EndProject
Project("{FAE04EC0-301F-11D3-BF4B-00C04F79EFBC}") = "ScrollViewLab.iOS", "ScrollViewLab\ScrollViewLab.iOS\ScrollViewLab.iOS.csproj", "{E671F6A1-2DC6-44A8-BE79-AF7F4AD87AC2}"
EndProject
Project("{FAE04EC0-301F-11D3-BF4B-00C04F79EFBC}") = "ScrollViewLab.UWP", "ScrollViewLab\ScrollViewLab.UWP\ScrollViewLab.UWP.csproj", "{972A459E-7163-499B-8EDB-4A73276604CD}"
EndProject
Project("{FAE04EC0-301F-11D3-BF4B-00C04F79EFBC}") = "ScrollViewLab", "ScrollViewLab\ScrollViewLab\ScrollViewLab.csproj", "{96A49DD3-D4B4-4268-AFCF-9C0932C221CA}"
EndProject
Global
	GlobalSection(SolutionConfigurationPlatforms) = preSolution
		Ad-Hoc|Any CPU = Ad-Hoc|Any CPU
		Ad-Hoc|ARM = Ad-Hoc|ARM
		Ad-Hoc|iPhone = Ad-Hoc|iPhone
		Ad-Hoc|iPhoneSimulator = Ad-Hoc|iPhoneSimulator
		Ad-Hoc|x64 = Ad-Hoc|x64
		Ad-Hoc|x86 = Ad-Hoc|x86
		AppStore|Any CPU = AppStore|Any CPU
		AppStore|ARM = AppStore|ARM
		AppStore|iPhone = AppStore|iPhone
		AppStore|iPhoneSimulator = AppStore|iPhoneSimulator
		AppStore|x64 = AppStore|x64
		AppStore|x86 = AppStore|x86
		Debug|Any CPU = Debug|Any CPU
		Debug|ARM = Debug|ARM
		Debug|iPhone = Debug|iPhone
		Debug|iPhoneSimulator = Debug|iPhoneSimulator
		Debug|x64 = Debug|x64
		Debug|x86 = Debug|x86
		Release|Any CPU = Release|Any CPU
		Release|ARM = Release|ARM
		Release|iPhone = Release|iPhone
		Release|iPhoneSimulator = Release|iPhoneSimulator
		Release|x64 = Release|x64
		Release|x86 = Release|x86
	EndGlobalSection
	GlobalSection(ProjectConfigurationPlatforms) = postSolution
		{AF6DC006-EBC2-4255-9E3A-558D78B080B2}.Ad-Hoc|Any CPU.ActiveCfg = Release|Any CPU
		{AF6DC006-EBC2-4255-9E3A-558D78B080B2}.Ad-Hoc|Any CPU.Build.0 = Release|Any CPU
		{AF6DC006-EBC2-4255-9E3A-558D78B080B2}.Ad-Hoc|Any CPU.Deploy.0 = Release|Any CPU
		{AF6DC006-EBC2-4255-9E3A-558D78B080B2}.Ad-Hoc|ARM.ActiveCfg = Release|Any CPU
		{AF6DC006-EBC2-4255-9E3A-558D78B080B2}.Ad-Hoc|ARM.Build.0 = Release|Any CPU
		{AF6DC006-EBC2-4255-9E3A-558D78B080B2}.Ad-Hoc|ARM.Deploy.0 = Release|Any CPU
		{AF6DC006-EBC2-4255-9E3A-558D78B080B2}.Ad-Hoc|iPhone.ActiveCfg = Release|Any CPU
		{AF6DC006-EBC2-4255-9E3A-558D78B080B2}.Ad-Hoc|iPhone.Build.0 = Release|Any CPU
		{AF6DC006-EBC2-4255-9E3A-558D78B080B2}.Ad-Hoc|iPhone.Deploy.0 = Release|Any CPU
		{AF6DC006-EBC2-4255-9E3A-558D78B080B2}.Ad-Hoc|iPhoneSimulator.ActiveCfg = Release|Any CPU
		{AF6DC006-EBC2-4255-9E3A-558D78B080B2}.Ad-Hoc|iPhoneSimulator.Build.0 = Release|Any CPU
		{AF6DC006-EBC2-4255-9E3A-558D78B080B2}.Ad-Hoc|iPhoneSimulator.Deploy.0 = Release|Any CPU
		{AF6DC006-EBC2-4255-9E3A-558D78B080B2}.Ad-Hoc|x64.ActiveCfg = Release|Any CPU
		{AF6DC006-EBC2-4255-9E3A-558D78B080B2}.Ad-Hoc|x64.Build.0 = Release|Any CPU
		{AF6DC006-EBC2-4255-9E3A-558D78B080B2}.Ad-Hoc|x64.Deploy.0 = Release|Any CPU
		{AF6DC006-EBC2-4255-9E3A-558D78B080B2}.Ad-Hoc|x86.ActiveCfg = Release|Any CPU
		{AF6DC006-EBC2-4255-9E3A-558D78B080B2}.Ad-Hoc|x86.Build.0 = Release|Any CPU
		{AF6DC006-EBC2-4255-9E3A-558D78B080B2}.Ad-Hoc|x86.Deploy.0 = Release|Any CPU
		{AF6DC006-EBC2-4255-9E3A-558D78B080B2}.AppStore|Any CPU.ActiveCfg = Release|Any CPU
		{AF6DC006-EBC2-4255-9E3A-558D78B080B2}.AppStore|Any CPU.Build.0 = Release|Any CPU
		{AF6DC006-EBC2-4255-9E3A-558D78B080B2}.AppStore|Any CPU.Deploy.0 = Release|Any CPU
		{AF6DC006-EBC2-4255-9E3A-558D78B080B2}.AppStore|ARM.ActiveCfg = Release|Any CPU
		{AF6DC006-EBC2-4255-9E3A-558D78B080B2}.AppStore|ARM.Build.0 = Release|Any CPU
		{AF6DC006-EBC2-4255-9E3A-558D78B080B2}.AppStore|ARM.Deploy.0 = Release|Any CPU
		{AF6DC006-EBC2-4255-9E3A-558D78B080B2}.AppStore|iPhone.ActiveCfg = Release|Any CPU
		{AF6DC006-EBC2-4255-9E3A-558D78B080B2}.AppStore|iPhone.Build.0 = Release|Any CPU
		{AF6DC006-EBC2-4255-9E3A-558D78B080B2}.AppStore|iPhone.Deploy.0 = Release|Any CPU
		{AF6DC006-EBC2-4255-9E3A-558D78B080B2}.AppStore|iPhoneSimulator.ActiveCfg = Release|Any CPU
		{AF6DC006-EBC2-4255-9E3A-558D78B080B2}.AppStore|iPhoneSimulator.Build.0 = Release|Any CPU
		{AF6DC006-EBC2-4255-9E3A-558D78B080B2}.AppStore|iPhoneSimulator.Deploy.0 = Release|Any CPU
		{AF6DC006-EBC2-4255-9E3A-558D78B080B2}.AppStore|x64.ActiveCfg = Release|Any CPU
		{AF6DC006-EBC2-4255-9E3A-558D78B080B2}.AppStore|x64.Build.0 = Release|Any CPU
		{AF6DC006-EBC2-4255-9E3A-558D78B080B2}.AppStore|x64.Deploy.0 = Release|Any CPU
		{AF6DC006-EBC2-4255-9E3A-558D78B080B2}.AppStore|x86.ActiveCfg = Release|Any CPU
		{AF6DC006-EBC2-4255-9E3A-558D78B080B2}.AppStore|x86.Build.0 = Release|Any CPU
		{AF6DC006-EBC2-4255-9E3A-558D78B080B2}.AppStore|x86.Deploy.0 = Release|Any CPU
		{AF6DC006-EBC2-4255-9E3A-558D78B080B2}.Debug|Any CPU.ActiveCfg = Debug|Any CPU
		{AF6DC006-EBC2-4255-9E3A-558D78B080B2}.Debug|Any CPU.Build.0 = Debug|Any CPU
		{AF6DC006-EBC2-4255-9E3A-558D78B080B2}.Debug|Any CPU.Deploy.0 = Debug|Any CPU
		{AF6DC006-EBC2-4255-9E3A-558D78B080B2}.Debug|ARM.ActiveCfg = Debug|Any CPU
		{AF6DC006-EBC2-4255-9E3A-558D78B080B2}.Debug|ARM.Build.0 = Debug|Any CPU
		{AF6DC006-EBC2-4255-9E3A-558D78B080B2}.Debug|ARM.Deploy.0 = Debug|Any CPU
		{AF6DC006-EBC2-4255-9E3A-558D78B080B2}.Debug|iPhone.ActiveCfg = Debug|Any CPU
		{AF6DC006-EBC2-4255-9E3A-558D78B080B2}.Debug|iPhone.Build.0 = Debug|Any CPU
		{AF6DC006-EBC2-4255-9E3A-558D78B080B2}.Debug|iPhone.Deploy.0 = Debug|Any CPU
		{AF6DC006-EBC2-4255-9E3A-558D78B080B2}.Debug|iPhoneSimulator.ActiveCfg = Debug|Any CPU
		{AF6DC006-EBC2-4255-9E3A-558D78B080B2}.Debug|iPhoneSimulator.Build.0 = Debug|Any CPU
		{AF6DC006-EBC2-4255-9E3A-558D78B080B2}.Debug|iPhoneSimulator.Deploy.0 = Debug|Any CPU
		{AF6DC006-EBC2-4255-9E3A-558D78B080B2}.Debug|x64.ActiveCfg = Debug|Any CPU
		{AF6DC006-EBC2-4255-9E3A-558D78B080B2}.Debug|x64.Build.0 = Debug|Any CPU
		{AF6DC006-EBC2-4255-9E3A-558D78B080B2}.Debug|x64.Deploy.0 = Debug|Any CPU
		{AF6DC006-EBC2-4255-9E3A-558D78B080B2}.Debug|x86.ActiveCfg = Debug|Any CPU
		{AF6DC006-EBC2-4255-9E3A-558D78B080B2}.Debug|x86.Build.0 = Debug|Any CPU
		{AF6DC006-EBC2-4255-9E3A-558D78B080B2}.Debug|x86.Deploy.0 = Debug|Any CPU
		{AF6DC006-EBC2-4255-9E3A-558D78B080B2}.Release|Any CPU.ActiveCfg = Release|Any CPU
		{AF6DC006-EBC2-4255-9E3A-558D78B080B2}.Release|Any CPU.Build.0 = Release|Any CPU
		{AF6DC006-EBC2-4255-9E3A-558D78B080B2}.Release|Any CPU.Deploy.0 = Release|Any CPU
		{AF6DC006-EBC2-4255-9E3A-558D78B080B2}.Release|ARM.ActiveCfg = Release|Any CPU
		{AF6DC006-EBC2-4255-9E3A-558D78B080B2}.Release|ARM.Build.0 = Release|Any CPU
		{AF6DC006-EBC2-4255-9E3A-558D78B080B2}.Release|ARM.Deploy.0 = Release|Any CPU
		{AF6DC006-EBC2-4255-9E3A-558D78B080B2}.Release|iPhone.ActiveCfg = Release|Any CPU
		{AF6DC006-EBC2-4255-9E3A-558D78B080B2}.Release|iPhone.Build.0 = Release|Any CPU
		{AF6DC006-EBC2-4255-9E3A-558D78B080B2}.Release|iPhone.Deploy.0 = Release|Any CPU
		{AF6DC006-EBC2-4255-9E3A-558D78B080B2}.Release|iPhoneSimulator.ActiveCfg = Release|Any CPU
		{AF6DC006-EBC2-4255-9E3A-558D78B080B2}.Release|iPhoneSimulator.Build.0 = Release|Any CPU
		{AF6DC006-EBC2-4255-9E3A-558D78B080B2}.Release|iPhoneSimulator.Deploy.0 = Release|Any CPU
		{AF6DC006-EBC2-4255-9E3A-558D78B080B2}.Release|x64.ActiveCfg = Release|Any CPU
		{AF6DC006-EBC2-4255-9E3A-558D78B080B2}.Release|x64.Build.0 = Release|Any CPU
		{AF6DC006-EBC2-4255-9E3A-558D78B080B2}.Release|x64.Deploy.0 = Release|Any CPU
		{AF6DC006-EBC2-4255-9E3A-558D78B080B2}.Release|x86.ActiveCfg = Release|Any CPU
		{AF6DC006-EBC2-4255-9E3A-558D78B080B2}.Release|x86.Build.0 = Release|Any CPU
		{AF6DC006-EBC2-4255-9E3A-558D78B080B2}.Release|x86.Deploy.0 = Release|Any CPU
		{E671F6A1-2DC6-44A8-BE79-AF7F4AD87AC2}.Ad-Hoc|Any CPU.ActiveCfg = Ad-Hoc|iPhone
		{E671F6A1-2DC6-44A8-BE79-AF7F4AD87AC2}.Ad-Hoc|Any CPU.Build.0 = Ad-Hoc|iPhone
		{E671F6A1-2DC6-44A8-BE79-AF7F4AD87AC2}.Ad-Hoc|Any CPU.Deploy.0 = Ad-Hoc|iPhone
		{E671F6A1-2DC6-44A8-BE79-AF7F4AD87AC2}.Ad-Hoc|ARM.ActiveCfg = Ad-Hoc|iPhone
		{E671F6A1-2DC6-44A8-BE79-AF7F4AD87AC2}.Ad-Hoc|ARM.Build.0 = Ad-Hoc|iPhone
		{E671F6A1-2DC6-44A8-BE79-AF7F4AD87AC2}.Ad-Hoc|ARM.Deploy.0 = Ad-Hoc|iPhone
		{E671F6A1-2DC6-44A8-BE79-AF7F4AD87AC2}.Ad-Hoc|iPhone.ActiveCfg = Ad-Hoc|iPhone
		{E671F6A1-2DC6-44A8-BE79-AF7F4AD87AC2}.Ad-Hoc|iPhone.Build.0 = Ad-Hoc|iPhone
		{E671F6A1-2DC6-44A8-BE79-AF7F4AD87AC2}.Ad-Hoc|iPhone.Deploy.0 = Ad-Hoc|iPhone
		{E671F6A1-2DC6-44A8-BE79-AF7F4AD87AC2}.Ad-Hoc|iPhoneSimulator.ActiveCfg = Ad-Hoc|iPhoneSimulator
		{E671F6A1-2DC6-44A8-BE79-AF7F4AD87AC2}.Ad-Hoc|iPhoneSimulator.Build.0 = Ad-Hoc|iPhoneSimulator
		{E671F6A1-2DC6-44A8-BE79-AF7F4AD87AC2}.Ad-Hoc|iPhoneSimulator.Deploy.0 = Ad-Hoc|iPhoneSimulator
		{E671F6A1-2DC6-44A8-BE79-AF7F4AD87AC2}.Ad-Hoc|x64.ActiveCfg = Ad-Hoc|iPhone
		{E671F6A1-2DC6-44A8-BE79-AF7F4AD87AC2}.Ad-Hoc|x64.Build.0 = Ad-Hoc|iPhone
		{E671F6A1-2DC6-44A8-BE79-AF7F4AD87AC2}.Ad-Hoc|x64.Deploy.0 = Ad-Hoc|iPhone
		{E671F6A1-2DC6-44A8-BE79-AF7F4AD87AC2}.Ad-Hoc|x86.ActiveCfg = Ad-Hoc|iPhone
		{E671F6A1-2DC6-44A8-BE79-AF7F4AD87AC2}.Ad-Hoc|x86.Build.0 = Ad-Hoc|iPhone
		{E671F6A1-2DC6-44A8-BE79-AF7F4AD87AC2}.Ad-Hoc|x86.Deploy.0 = Ad-Hoc|iPhone
		{E671F6A1-2DC6-44A8-BE79-AF7F4AD87AC2}.AppStore|Any CPU.ActiveCfg = AppStore|iPhone
		{E671F6A1-2DC6-44A8-BE79-AF7F4AD87AC2}.AppStore|Any CPU.Build.0 = AppStore|iPhone
		{E671F6A1-2DC6-44A8-BE79-AF7F4AD87AC2}.AppStore|Any CPU.Deploy.0 = AppStore|iPhone
		{E671F6A1-2DC6-44A8-BE79-AF7F4AD87AC2}.AppStore|ARM.ActiveCfg = AppStore|iPhone
		{E671F6A1-2DC6-44A8-BE79-AF7F4AD87AC2}.AppStore|ARM.Build.0 = AppStore|iPhone
		{E671F6A1-2DC6-44A8-BE79-AF7F4AD87AC2}.AppStore|ARM.Deploy.0 = AppStore|iPhone
		{E671F6A1-2DC6-44A8-BE79-AF7F4AD87AC2}.AppStore|iPhone.ActiveCfg = AppStore|iPhone
		{E671F6A1-2DC6-44A8-BE79-AF7F4AD87AC2}.AppStore|iPhone.Build.0 = AppStore|iPhone
		{E671F6A1-2DC6-44A8-BE79-AF7F4AD87AC2}.AppStore|iPhone.Deploy.0 = AppStore|iPhone
		{E671F6A1-2DC6-44A8-BE79-AF7F4AD87AC2}.AppStore|iPhoneSimulator.ActiveCfg = AppStore|iPhoneSimulator
		{E671F6A1-2DC6-44A8-BE79-AF7F4AD87AC2}.AppStore|iPhoneSimulator.Build.0 = AppStore|iPhoneSimulator
		{E671F6A1-2DC6-44A8-BE79-AF7F4AD87AC2}.AppStore|iPhoneSimulator.Deploy.0 = AppStore|iPhoneSimulator
		{E671F6A1-2DC6-44A8-BE79-AF7F4AD87AC2}.AppStore|x64.ActiveCfg = AppStore|iPhone
		{E671F6A1-2DC6-44A8-BE79-AF7F4AD87AC2}.AppStore|x64.Build.0 = AppStore|iPhone
		{E671F6A1-2DC6-44A8-BE79-AF7F4AD87AC2}.AppStore|x64.Deploy.0 = AppStore|iPhone
		{E671F6A1-2DC6-44A8-BE79-AF7F4AD87AC2}.AppStore|x86.ActiveCfg = AppStore|iPhone
		{E671F6A1-2DC6-44A8-BE79-AF7F4AD87AC2}.AppStore|x86.Build.0 = AppStore|iPhone
		{E671F6A1-2DC6-44A8-BE79-AF7F4AD87AC2}.AppStore|x86.Deploy.0 = AppStore|iPhone
		{E671F6A1-2DC6-44A8-BE79-AF7F4AD87AC2}.Debug|Any CPU.ActiveCfg = Debug|iPhoneSimulator
		{E671F6A1-2DC6-44A8-BE79-AF7F4AD87AC2}.Debug|Any CPU.Build.0 = Debug|iPhoneSimulator
		{E671F6A1-2DC6-44A8-BE79-AF7F4AD87AC2}.Debug|Any CPU.Deploy.0 = Debug|iPhoneSimulator
		{E671F6A1-2DC6-44A8-BE79-AF7F4AD87AC2}.Debug|ARM.ActiveCfg = Debug|iPhone
		{E671F6A1-2DC6-44A8-BE79-AF7F4AD87AC2}.Debug|ARM.Build.0 = Debug|iPhone
		{E671F6A1-2DC6-44A8-BE79-AF7F4AD87AC2}.Debug|ARM.Deploy.0 = Debug|iPhone
		{E671F6A1-2DC6-44A8-BE79-AF7F4AD87AC2}.Debug|iPhone.ActiveCfg = Debug|iPhone
		{E671F6A1-2DC6-44A8-BE79-AF7F4AD87AC2}.Debug|iPhone.Build.0 = Debug|iPhone
		{E671F6A1-2DC6-44A8-BE79-AF7F4AD87AC2}.Debug|iPhone.Deploy.0 = Debug|iPhone
		{E671F6A1-2DC6-44A8-BE79-AF7F4AD87AC2}.Debug|iPhoneSimulator.ActiveCfg = Debug|iPhoneSimulator
		{E671F6A1-2DC6-44A8-BE79-AF7F4AD87AC2}.Debug|iPhoneSimulator.Build.0 = Debug|iPhoneSimulator
		{E671F6A1-2DC6-44A8-BE79-AF7F4AD87AC2}.Debug|iPhoneSimulator.Deploy.0 = Debug|iPhoneSimulator
		{E671F6A1-2DC6-44A8-BE79-AF7F4AD87AC2}.Debug|x64.ActiveCfg = Debug|iPhone
		{E671F6A1-2DC6-44A8-BE79-AF7F4AD87AC2}.Debug|x64.Build.0 = Debug|iPhone
		{E671F6A1-2DC6-44A8-BE79-AF7F4AD87AC2}.Debug|x64.Deploy.0 = Debug|iPhone
		{E671F6A1-2DC6-44A8-BE79-AF7F4AD87AC2}.Debug|x86.ActiveCfg = Debug|iPhone
		{E671F6A1-2DC6-44A8-BE79-AF7F4AD87AC2}.Debug|x86.Build.0 = Debug|iPhone
		{E671F6A1-2DC6-44A8-BE79-AF7F4AD87AC2}.Debug|x86.Deploy.0 = Debug|iPhone
		{E671F6A1-2DC6-44A8-BE79-AF7F4AD87AC2}.Release|Any CPU.ActiveCfg = Release|iPhone
		{E671F6A1-2DC6-44A8-BE79-AF7F4AD87AC2}.Release|Any CPU.Build.0 = Release|iPhone
		{E671F6A1-2DC6-44A8-BE79-AF7F4AD87AC2}.Release|Any CPU.Deploy.0 = Release|iPhone
		{E671F6A1-2DC6-44A8-BE79-AF7F4AD87AC2}.Release|ARM.ActiveCfg = Release|iPhone
		{E671F6A1-2DC6-44A8-BE79-AF7F4AD87AC2}.Release|ARM.Build.0 = Release|iPhone
		{E671F6A1-2DC6-44A8-BE79-AF7F4AD87AC2}.Release|ARM.Deploy.0 = Release|iPhone
		{E671F6A1-2DC6-44A8-BE79-AF7F4AD87AC2}.Release|iPhone.ActiveCfg = Release|iPhone
		{E671F6A1-2DC6-44A8-BE79-AF7F4AD87AC2}.Release|iPhone.Build.0 = Release|iPhone
		{E671F6A1-2DC6-44A8-BE79-AF7F4AD87AC2}.Release|iPhone.Deploy.0 = Release|iPhone
		{E671F6A1-2DC6-44A8-BE79-AF7F4AD87AC2}.Release|iPhoneSimulator.ActiveCfg = Release|iPhoneSimulator
		{E671F6A1-2DC6-44A8-BE79-AF7F4AD87AC2}.Release|iPhoneSimulator.Build.0 = Release|iPhoneSimulator
		{E671F6A1-2DC6-44A8-BE79-AF7F4AD87AC2}.Release|iPhoneSimulator.Deploy.0 = Release|iPhoneSimulator
		{E671F6A1-2DC6-44A8-BE79-AF7F4AD87AC2}.Release|x64.ActiveCfg = Release|iPhone
		{E671F6A1-2DC6-44A8-BE79-AF7F4AD87AC2}.Release|x64.Build.0 = Release|iPhone
		{E671F6A1-2DC6-44A8-BE79-AF7F4AD87AC2}.Release|x64.Deploy.0 = Release|iPhone
		{E671F6A1-2DC6-44A8-BE79-AF7F4AD87AC2}.Release|x86.ActiveCfg = Release|iPhone
		{E671F6A1-2DC6-44A8-BE79-AF7F4AD87AC2}.Release|x86.Build.0 = Release|iPhone
		{E671F6A1-2DC6-44A8-BE79-AF7F4AD87AC2}.Release|x86.Deploy.0 = Release|iPhone
		{972A459E-7163-499B-8EDB-4A73276604CD}.Ad-Hoc|Any CPU.ActiveCfg = Release|x86
		{972A459E-7163-499B-8EDB-4A73276604CD}.Ad-Hoc|Any CPU.Build.0 = Release|x86
		{972A459E-7163-499B-8EDB-4A73276604CD}.Ad-Hoc|Any CPU.Deploy.0 = Release|x86
		{972A459E-7163-499B-8EDB-4A73276604CD}.Ad-Hoc|ARM.ActiveCfg = Release|ARM
		{972A459E-7163-499B-8EDB-4A73276604CD}.Ad-Hoc|ARM.Build.0 = Release|ARM
		{972A459E-7163-499B-8EDB-4A73276604CD}.Ad-Hoc|ARM.Deploy.0 = Release|ARM
		{972A459E-7163-499B-8EDB-4A73276604CD}.Ad-Hoc|iPhone.ActiveCfg = Release|x86
		{972A459E-7163-499B-8EDB-4A73276604CD}.Ad-Hoc|iPhone.Build.0 = Release|x86
		{972A459E-7163-499B-8EDB-4A73276604CD}.Ad-Hoc|iPhone.Deploy.0 = Release|x86
		{972A459E-7163-499B-8EDB-4A73276604CD}.Ad-Hoc|iPhoneSimulator.ActiveCfg = Release|x86
		{972A459E-7163-499B-8EDB-4A73276604CD}.Ad-Hoc|iPhoneSimulator.Build.0 = Release|x86
		{972A459E-7163-499B-8EDB-4A73276604CD}.Ad-Hoc|iPhoneSimulator.Deploy.0 = Release|x86
		{972A459E-7163-499B-8EDB-4A73276604CD}.Ad-Hoc|x64.ActiveCfg = Release|x64
		{972A459E-7163-499B-8EDB-4A73276604CD}.Ad-Hoc|x64.Build.0 = Release|x64
		{972A459E-7163-499B-8EDB-4A73276604CD}.Ad-Hoc|x64.Deploy.0 = Release|x64
		{972A459E-7163-499B-8EDB-4A73276604CD}.Ad-Hoc|x86.ActiveCfg = Release|x86
		{972A459E-7163-499B-8EDB-4A73276604CD}.Ad-Hoc|x86.Build.0 = Release|x86
		{972A459E-7163-499B-8EDB-4A73276604CD}.Ad-Hoc|x86.Deploy.0 = Release|x86
		{972A459E-7163-499B-8EDB-4A73276604CD}.AppStore|Any CPU.ActiveCfg = Release|x86
		{972A459E-7163-499B-8EDB-4A73276604CD}.AppStore|Any CPU.Build.0 = Release|x86
		{972A459E-7163-499B-8EDB-4A73276604CD}.AppStore|Any CPU.Deploy.0 = Release|x86
		{972A459E-7163-499B-8EDB-4A73276604CD}.AppStore|ARM.ActiveCfg = Release|ARM
		{972A459E-7163-499B-8EDB-4A73276604CD}.AppStore|ARM.Build.0 = Release|ARM
		{972A459E-7163-499B-8EDB-4A73276604CD}.AppStore|ARM.Deploy.0 = Release|ARM
		{972A459E-7163-499B-8EDB-4A73276604CD}.AppStore|iPhone.ActiveCfg = Release|x86
		{972A459E-7163-499B-8EDB-4A73276604CD}.AppStore|iPhone.Build.0 = Release|x86
		{972A459E-7163-499B-8EDB-4A73276604CD}.AppStore|iPhone.Deploy.0 = Release|x86
		{972A459E-7163-499B-8EDB-4A73276604CD}.AppStore|iPhoneSimulator.ActiveCfg = Release|x86
		{972A459E-7163-499B-8EDB-4A73276604CD}.AppStore|iPhoneSimulator.Build.0 = Release|x86
		{972A459E-7163-499B-8EDB-4A73276604CD}.AppStore|iPhoneSimulator.Deploy.0 = Release|x86
		{972A459E-7163-499B-8EDB-4A73276604CD}.AppStore|x64.ActiveCfg = Release|x64
		{972A459E-7163-499B-8EDB-4A73276604CD}.AppStore|x64.Build.0 = Release|x64
		{972A459E-7163-499B-8EDB-4A73276604CD}.AppStore|x64.Deploy.0 = Release|x64
		{972A459E-7163-499B-8EDB-4A73276604CD}.AppStore|x86.ActiveCfg = Release|x86
		{972A459E-7163-499B-8EDB-4A73276604CD}.AppStore|x86.Build.0 = Release|x86
		{972A459E-7163-499B-8EDB-4A73276604CD}.AppStore|x86.Deploy.0 = Release|x86
		{972A459E-7163-499B-8EDB-4A73276604CD}.Debug|Any CPU.ActiveCfg = Debug|x86
		{972A459E-7163-499B-8EDB-4A73276604CD}.Debug|Any CPU.Build.0 = Debug|x86
		{972A459E-7163-499B-8EDB-4A73276604CD}.Debug|Any CPU.Deploy.0 = Debug|x86
		{972A459E-7163-499B-8EDB-4A73276604CD}.Debug|ARM.ActiveCfg = Debug|ARM
		{972A459E-7163-499B-8EDB-4A73276604CD}.Debug|ARM.Build.0 = Debug|ARM
		{972A459E-7163-499B-8EDB-4A73276604CD}.Debug|ARM.Deploy.0 = Debug|ARM
		{972A459E-7163-499B-8EDB-4A73276604CD}.Debug|iPhone.ActiveCfg = Debug|x86
		{972A459E-7163-499B-8EDB-4A73276604CD}.Debug|iPhone.Build.0 = Debug|x86
		{972A459E-7163-499B-8EDB-4A73276604CD}.Debug|iPhone.Deploy.0 = Debug|x86
		{972A459E-7163-499B-8EDB-4A73276604CD}.Debug|iPhoneSimulator.ActiveCfg = Debug|x86
		{972A459E-7163-499B-8EDB-4A73276604CD}.Debug|iPhoneSimulator.Build.0 = Debug|x86
		{972A459E-7163-499B-8EDB-4A73276604CD}.Debug|iPhoneSimulator.Deploy.0 = Debug|x86
		{972A459E-7163-499B-8EDB-4A73276604CD}.Debug|x64.ActiveCfg = Debug|x64
		{972A459E-7163-499B-8EDB-4A73276604CD}.Debug|x64.Build.0 = Debug|x64
		{972A459E-7163-499B-8EDB-4A73276604CD}.Debug|x64.Deploy.0 = Debug|x64
		{972A459E-7163-499B-8EDB-4A73276604CD}.Debug|x86.ActiveCfg = Debug|x86
		{972A459E-7163-499B-8EDB-4A73276604CD}.Debug|x86.Build.0 = Debug|x86
		{972A459E-7163-499B-8EDB-4A73276604CD}.Debug|x86.Deploy.0 = Debug|x86
		{972A459E-7163-499B-8EDB-4A73276604CD}.Release|Any CPU.ActiveCfg = Release|x86
		{972A459E-7163-499B-8EDB-4A73276604CD}.Release|Any CPU.Build.0 = Release|x86
		{972A459E-7163-499B-8EDB-4A73276604CD}.Release|Any CPU.Deploy.0 = Release|x86
		{972A459E-7163-499B-8EDB-4A73276604CD}.Release|ARM.ActiveCfg = Release|ARM
		{972A459E-7163-499B-8EDB-4A73276604CD}.Release|ARM.Build.0 = Release|ARM
		{972A459E-7163-499B-8EDB-4A73276604CD}.Release|ARM.Deploy.0 = Release|ARM
		{972A459E-7163-499B-8EDB-4A73276604CD}.Release|iPhone.ActiveCfg = Release|x86
		{972A459E-7163-499B-8EDB-4A73276604CD}.Release|iPhone.Build.0 = Release|x86
		{972A459E-7163-499B-8EDB-4A73276604CD}.Release|iPhone.Deploy.0 = Release|x86
		{972A459E-7163-499B-8EDB-4A73276604CD}.Release|iPhoneSimulator.ActiveCfg = Release|x86
		{972A459E-7163-499B-8EDB-4A73276604CD}.Release|iPhoneSimulator.Build.0 = Release|x86
		{972A459E-7163-499B-8EDB-4A73276604CD}.Release|iPhoneSimulator.Deploy.0 = Release|x86
		{972A459E-7163-499B-8EDB-4A73276604CD}.Release|x64.ActiveCfg = Release|x64
		{972A459E-7163-499B-8EDB-4A73276604CD}.Release|x64.Build.0 = Release|x64
		{972A459E-7163-499B-8EDB-4A73276604CD}.Release|x64.Deploy.0 = Release|x64
		{972A459E-7163-499B-8EDB-4A73276604CD}.Release|x86.ActiveCfg = Release|x86
		{972A459E-7163-499B-8EDB-4A73276604CD}.Release|x86.Build.0 = Release|x86
		{972A459E-7163-499B-8EDB-4A73276604CD}.Release|x86.Deploy.0 = Release|x86
		{96A49DD3-D4B4-4268-AFCF-9C0932C221CA}.Ad-Hoc|Any CPU.ActiveCfg = Debug|Any CPU
		{96A49DD3-D4B4-4268-AFCF-9C0932C221CA}.Ad-Hoc|Any CPU.Build.0 = Debug|Any CPU
		{96A49DD3-D4B4-4268-AFCF-9C0932C221CA}.Ad-Hoc|Any CPU.Deploy.0 = Debug|Any CPU
		{96A49DD3-D4B4-4268-AFCF-9C0932C221CA}.Ad-Hoc|ARM.ActiveCfg = Debug|Any CPU
		{96A49DD3-D4B4-4268-AFCF-9C0932C221CA}.Ad-Hoc|ARM.Build.0 = Debug|Any CPU
		{96A49DD3-D4B4-4268-AFCF-9C0932C221CA}.Ad-Hoc|ARM.Deploy.0 = Debug|Any CPU
		{96A49DD3-D4B4-4268-AFCF-9C0932C221CA}.Ad-Hoc|iPhone.ActiveCfg = Debug|Any CPU
		{96A49DD3-D4B4-4268-AFCF-9C0932C221CA}.Ad-Hoc|iPhone.Build.0 = Debug|Any CPU
		{96A49DD3-D4B4-4268-AFCF-9C0932C221CA}.Ad-Hoc|iPhone.Deploy.0 = Debug|Any CPU
		{96A49DD3-D4B4-4268-AFCF-9C0932C221CA}.Ad-Hoc|iPhoneSimulator.ActiveCfg = Debug|Any CPU
		{96A49DD3-D4B4-4268-AFCF-9C0932C221CA}.Ad-Hoc|iPhoneSimulator.Build.0 = Debug|Any CPU
		{96A49DD3-D4B4-4268-AFCF-9C0932C221CA}.Ad-Hoc|iPhoneSimulator.Deploy.0 = Debug|Any CPU
		{96A49DD3-D4B4-4268-AFCF-9C0932C221CA}.Ad-Hoc|x64.ActiveCfg = Debug|Any CPU
		{96A49DD3-D4B4-4268-AFCF-9C0932C221CA}.Ad-Hoc|x64.Build.0 = Debug|Any CPU
		{96A49DD3-D4B4-4268-AFCF-9C0932C221CA}.Ad-Hoc|x64.Deploy.0 = Debug|Any CPU
		{96A49DD3-D4B4-4268-AFCF-9C0932C221CA}.Ad-Hoc|x86.ActiveCfg = Debug|Any CPU
		{96A49DD3-D4B4-4268-AFCF-9C0932C221CA}.Ad-Hoc|x86.Build.0 = Debug|Any CPU
		{96A49DD3-D4B4-4268-AFCF-9C0932C221CA}.Ad-Hoc|x86.Deploy.0 = Debug|Any CPU
		{96A49DD3-D4B4-4268-AFCF-9C0932C221CA}.AppStore|Any CPU.ActiveCfg = Debug|Any CPU
		{96A49DD3-D4B4-4268-AFCF-9C0932C221CA}.AppStore|Any CPU.Build.0 = Debug|Any CPU
		{96A49DD3-D4B4-4268-AFCF-9C0932C221CA}.AppStore|Any CPU.Deploy.0 = Debug|Any CPU
		{96A49DD3-D4B4-4268-AFCF-9C0932C221CA}.AppStore|ARM.ActiveCfg = Debug|Any CPU
		{96A49DD3-D4B4-4268-AFCF-9C0932C221CA}.AppStore|ARM.Build.0 = Debug|Any CPU
		{96A49DD3-D4B4-4268-AFCF-9C0932C221CA}.AppStore|ARM.Deploy.0 = Debug|Any CPU
		{96A49DD3-D4B4-4268-AFCF-9C0932C221CA}.AppStore|iPhone.ActiveCfg = Debug|Any CPU
		{96A49DD3-D4B4-4268-AFCF-9C0932C221CA}.AppStore|iPhone.Build.0 = Debug|Any CPU
		{96A49DD3-D4B4-4268-AFCF-9C0932C221CA}.AppStore|iPhone.Deploy.0 = Debug|Any CPU
		{96A49DD3-D4B4-4268-AFCF-9C0932C221CA}.AppStore|iPhoneSimulator.ActiveCfg = Debug|Any CPU
		{96A49DD3-D4B4-4268-AFCF-9C0932C221CA}.AppStore|iPhoneSimulator.Build.0 = Debug|Any CPU
		{96A49DD3-D4B4-4268-AFCF-9C0932C221CA}.AppStore|iPhoneSimulator.Deploy.0 = Debug|Any CPU
		{96A49DD3-D4B4-4268-AFCF-9C0932C221CA}.AppStore|x64.ActiveCfg = Debug|Any CPU
		{96A49DD3-D4B4-4268-AFCF-9C0932C221CA}.AppStore|x64.Build.0 = Debug|Any CPU
		{96A49DD3-D4B4-4268-AFCF-9C0932C221CA}.AppStore|x64.Deploy.0 = Debug|Any CPU
		{96A49DD3-D4B4-4268-AFCF-9C0932C221CA}.AppStore|x86.ActiveCfg = Debug|Any CPU
		{96A49DD3-D4B4-4268-AFCF-9C0932C221CA}.AppStore|x86.Build.0 = Debug|Any CPU
		{96A49DD3-D4B4-4268-AFCF-9C0932C221CA}.AppStore|x86.Deploy.0 = Debug|Any CPU
		{96A49DD3-D4B4-4268-AFCF-9C0932C221CA}.Debug|Any CPU.ActiveCfg = Debug|Any CPU
		{96A49DD3-D4B4-4268-AFCF-9C0932C221CA}.Debug|Any CPU.Build.0 = Debug|Any CPU
		{96A49DD3-D4B4-4268-AFCF-9C0932C221CA}.Debug|Any CPU.Deploy.0 = Debug|Any CPU
		{96A49DD3-D4B4-4268-AFCF-9C0932C221CA}.Debug|ARM.ActiveCfg = Debug|Any CPU
		{96A49DD3-D4B4-4268-AFCF-9C0932C221CA}.Debug|ARM.Build.0 = Debug|Any CPU
		{96A49DD3-D4B4-4268-AFCF-9C0932C221CA}.Debug|ARM.Deploy.0 = Debug|Any CPU
		{96A49DD3-D4B4-4268-AFCF-9C0932C221CA}.Debug|iPhone.ActiveCfg = Debug|Any CPU
		{96A49DD3-D4B4-4268-AFCF-9C0932C221CA}.Debug|iPhone.Build.0 = Debug|Any CPU
		{96A49DD3-D4B4-4268-AFCF-9C0932C221CA}.Debug|iPhone.Deploy.0 = Debug|Any CPU
		{96A49DD3-D4B4-4268-AFCF-9C0932C221CA}.Debug|iPhoneSimulator.ActiveCfg = Debug|Any CPU
		{96A49DD3-D4B4-4268-AFCF-9C0932C221CA}.Debug|iPhoneSimulator.Build.0 = Debug|Any CPU
		{96A49DD3-D4B4-4268-AFCF-9C0932C221CA}.Debug|iPhoneSimulator.Deploy.0 = Debug|Any CPU
		{96A49DD3-D4B4-4268-AFCF-9C0932C221CA}.Debug|x64.ActiveCfg = Debug|Any CPU
		{96A49DD3-D4B4-4268-AFCF-9C0932C221CA}.Debug|x64.Build.0 = Debug|Any CPU
		{96A49DD3-D4B4-4268-AFCF-9C0932C221CA}.Debug|x64.Deploy.0 = Debug|Any CPU
		{96A49DD3-D4B4-4268-AFCF-9C0932C221CA}.Debug|x86.ActiveCfg = Debug|Any CPU
		{96A49DD3-D4B4-4268-AFCF-9C0932C221CA}.Debug|x86.Build.0 = Debug|Any CPU
		{96A49DD3-D4B4-4268-AFCF-9C0932C221CA}.Debug|x86.Deploy.0 = Debug|Any CPU
		{96A49DD3-D4B4-4268-AFCF-9C0932C221CA}.Release|Any CPU.ActiveCfg = Release|Any CPU
		{96A49DD3-D4B4-4268-AFCF-9C0932C221CA}.Release|Any CPU.Build.0 = Release|Any CPU
		{96A49DD3-D4B4-4268-AFCF-9C0932C221CA}.Release|Any CPU.Deploy.0 = Release|Any CPU
		{96A49DD3-D4B4-4268-AFCF-9C0932C221CA}.Release|ARM.ActiveCfg = Release|Any CPU
		{96A49DD3-D4B4-4268-AFCF-9C0932C221CA}.Release|ARM.Build.0 = Release|Any CPU
		{96A49DD3-D4B4-4268-AFCF-9C0932C221CA}.Release|ARM.Deploy.0 = Release|Any CPU
		{96A49DD3-D4B4-4268-AFCF-9C0932C221CA}.Release|iPhone.ActiveCfg = Release|Any CPU
		{96A49DD3-D4B4-4268-AFCF-9C0932C221CA}.Release|iPhone.Build.0 = Release|Any CPU
		{96A49DD3-D4B4-4268-AFCF-9C0932C221CA}.Release|iPhone.Deploy.0 = Release|Any CPU
		{96A49DD3-D4B4-4268-AFCF-9C0932C221CA}.Release|iPhoneSimulator.ActiveCfg = Release|Any CPU
		{96A49DD3-D4B4-4268-AFCF-9C0932C221CA}.Release|iPhoneSimulator.Build.0 = Release|Any CPU
		{96A49DD3-D4B4-4268-AFCF-9C0932C221CA}.Release|iPhoneSimulator.Deploy.0 = Release|Any CPU
		{96A49DD3-D4B4-4268-AFCF-9C0932C221CA}.Release|x64.ActiveCfg = Release|Any CPU
		{96A49DD3-D4B4-4268-AFCF-9C0932C221CA}.Release|x64.Build.0 = Release|Any CPU
		{96A49DD3-D4B4-4268-AFCF-9C0932C221CA}.Release|x64.Deploy.0 = Release|Any CPU
		{96A49DD3-D4B4-4268-AFCF-9C0932C221CA}.Release|x86.ActiveCfg = Release|Any CPU
		{96A49DD3-D4B4-4268-AFCF-9C0932C221CA}.Release|x86.Build.0 = Release|Any CPU
		{96A49DD3-D4B4-4268-AFCF-9C0932C221CA}.Release|x86.Deploy.0 = Release|Any CPU
	EndGlobalSection
	GlobalSection(SolutionProperties) = preSolution
		HideSolutionNode = FALSE
	EndGlobalSection
	GlobalSection(ExtensibilityGlobals) = postSolution
		SolutionGuid = {EF300458-1D96-4A23-AE04-284428A0F860}
	EndGlobalSection
EndGlobal
