
Microsoft Visual Studio Solution File, Format Version 12.00
# Visual Studio 15
VisualStudioVersion = 15.0.28010.2019
MinimumVisualStudioVersion = 10.0.40219.1
Project("{FAE04EC0-301F-11D3-BF4B-00C04F79EFBC}") = "RelativeDemo.Android", "RelativeDemo\RelativeDemo.Android\RelativeDemo.Android.csproj", "{EFE82E96-4D08-4D58-9C39-C78C51034A3A}"
EndProject
Project("{FAE04EC0-301F-11D3-BF4B-00C04F79EFBC}") = "RelativeDemo.iOS", "RelativeDemo\RelativeDemo.iOS\RelativeDemo.iOS.csproj", "{BB25BB83-579E-4DAE-8D92-ABBBB4C06BCB}"
EndProject
Project("{FAE04EC0-301F-11D3-BF4B-00C04F79EFBC}") = "RelativeDemo.UWP", "RelativeDemo\RelativeDemo.UWP\RelativeDemo.UWP.csproj", "{EAEA8041-3E1B-4650-82AB-0DA63E4845DA}"
EndProject
Project("{FAE04EC0-301F-11D3-BF4B-00C04F79EFBC}") = "RelativeDemo", "RelativeDemo\RelativeDemo\RelativeDemo.csproj", "{0859F08E-5910-42E2-9D5A-2DE7DAC3CEBB}"
EndProject
Global
	GlobalSection(SolutionConfigurationPlatforms) = preSolution
		Ad-Hoc|Any CPU = Ad-Hoc|Any CPU
		Ad-Hoc|ARM = Ad-Hoc|ARM
		Ad-Hoc|iPhone = Ad-Hoc|iPhone
		Ad-Hoc|iPhoneSimulator = Ad-Hoc|iPhoneSimulator
		Ad-Hoc|x64 = Ad-Hoc|x64
		Ad-Hoc|x86 = Ad-Hoc|x86
		AppStore|Any CPU = AppStore|Any CPU
		AppStore|ARM = AppStore|ARM
		AppStore|iPhone = AppStore|iPhone
		AppStore|iPhoneSimulator = AppStore|iPhoneSimulator
		AppStore|x64 = AppStore|x64
		AppStore|x86 = AppStore|x86
		Debug|Any CPU = Debug|Any CPU
		Debug|ARM = Debug|ARM
		Debug|iPhone = Debug|iPhone
		Debug|iPhoneSimulator = Debug|iPhoneSimulator
		Debug|x64 = Debug|x64
		Debug|x86 = Debug|x86
		Release|Any CPU = Release|Any CPU
		Release|ARM = Release|ARM
		Release|iPhone = Release|iPhone
		Release|iPhoneSimulator = Release|iPhoneSimulator
		Release|x64 = Release|x64
		Release|x86 = Release|x86
	EndGlobalSection
	GlobalSection(ProjectConfigurationPlatforms) = postSolution
		{EFE82E96-4D08-4D58-9C39-C78C51034A3A}.Ad-Hoc|Any CPU.ActiveCfg = Release|Any CPU
		{EFE82E96-4D08-4D58-9C39-C78C51034A3A}.Ad-Hoc|Any CPU.Build.0 = Release|Any CPU
		{EFE82E96-4D08-4D58-9C39-C78C51034A3A}.Ad-Hoc|Any CPU.Deploy.0 = Release|Any CPU
		{EFE82E96-4D08-4D58-9C39-C78C51034A3A}.Ad-Hoc|ARM.ActiveCfg = Release|Any CPU
		{EFE82E96-4D08-4D58-9C39-C78C51034A3A}.Ad-Hoc|ARM.Build.0 = Release|Any CPU
		{EFE82E96-4D08-4D58-9C39-C78C51034A3A}.Ad-Hoc|ARM.Deploy.0 = Release|Any CPU
		{EFE82E96-4D08-4D58-9C39-C78C51034A3A}.Ad-Hoc|iPhone.ActiveCfg = Release|Any CPU
		{EFE82E96-4D08-4D58-9C39-C78C51034A3A}.Ad-Hoc|iPhone.Build.0 = Release|Any CPU
		{EFE82E96-4D08-4D58-9C39-C78C51034A3A}.Ad-Hoc|iPhone.Deploy.0 = Release|Any CPU
		{EFE82E96-4D08-4D58-9C39-C78C51034A3A}.Ad-Hoc|iPhoneSimulator.ActiveCfg = Release|Any CPU
		{EFE82E96-4D08-4D58-9C39-C78C51034A3A}.Ad-Hoc|iPhoneSimulator.Build.0 = Release|Any CPU
		{EFE82E96-4D08-4D58-9C39-C78C51034A3A}.Ad-Hoc|iPhoneSimulator.Deploy.0 = Release|Any CPU
		{EFE82E96-4D08-4D58-9C39-C78C51034A3A}.Ad-Hoc|x64.ActiveCfg = Release|Any CPU
		{EFE82E96-4D08-4D58-9C39-C78C51034A3A}.Ad-Hoc|x64.Build.0 = Release|Any CPU
		{EFE82E96-4D08-4D58-9C39-C78C51034A3A}.Ad-Hoc|x64.Deploy.0 = Release|Any CPU
		{EFE82E96-4D08-4D58-9C39-C78C51034A3A}.Ad-Hoc|x86.ActiveCfg = Release|Any CPU
		{EFE82E96-4D08-4D58-9C39-C78C51034A3A}.Ad-Hoc|x86.Build.0 = Release|Any CPU
		{EFE82E96-4D08-4D58-9C39-C78C51034A3A}.Ad-Hoc|x86.Deploy.0 = Release|Any CPU
		{EFE82E96-4D08-4D58-9C39-C78C51034A3A}.AppStore|Any CPU.ActiveCfg = Release|Any CPU
		{EFE82E96-4D08-4D58-9C39-C78C51034A3A}.AppStore|Any CPU.Build.0 = Release|Any CPU
		{EFE82E96-4D08-4D58-9C39-C78C51034A3A}.AppStore|Any CPU.Deploy.0 = Release|Any CPU
		{EFE82E96-4D08-4D58-9C39-C78C51034A3A}.AppStore|ARM.ActiveCfg = Release|Any CPU
		{EFE82E96-4D08-4D58-9C39-C78C51034A3A}.AppStore|ARM.Build.0 = Release|Any CPU
		{EFE82E96-4D08-4D58-9C39-C78C51034A3A}.AppStore|ARM.Deploy.0 = Release|Any CPU
		{EFE82E96-4D08-4D58-9C39-C78C51034A3A}.AppStore|iPhone.ActiveCfg = Release|Any CPU
		{EFE82E96-4D08-4D58-9C39-C78C51034A3A}.AppStore|iPhone.Build.0 = Release|Any CPU
		{EFE82E96-4D08-4D58-9C39-C78C51034A3A}.AppStore|iPhone.Deploy.0 = Release|Any CPU
		{EFE82E96-4D08-4D58-9C39-C78C51034A3A}.AppStore|iPhoneSimulator.ActiveCfg = Release|Any CPU
		{EFE82E96-4D08-4D58-9C39-C78C51034A3A}.AppStore|iPhoneSimulator.Build.0 = Release|Any CPU
		{EFE82E96-4D08-4D58-9C39-C78C51034A3A}.AppStore|iPhoneSimulator.Deploy.0 = Release|Any CPU
		{EFE82E96-4D08-4D58-9C39-C78C51034A3A}.AppStore|x64.ActiveCfg = Release|Any CPU
		{EFE82E96-4D08-4D58-9C39-C78C51034A3A}.AppStore|x64.Build.0 = Release|Any CPU
		{EFE82E96-4D08-4D58-9C39-C78C51034A3A}.AppStore|x64.Deploy.0 = Release|Any CPU
		{EFE82E96-4D08-4D58-9C39-C78C51034A3A}.AppStore|x86.ActiveCfg = Release|Any CPU
		{EFE82E96-4D08-4D58-9C39-C78C51034A3A}.AppStore|x86.Build.0 = Release|Any CPU
		{EFE82E96-4D08-4D58-9C39-C78C51034A3A}.AppStore|x86.Deploy.0 = Release|Any CPU
		{EFE82E96-4D08-4D58-9C39-C78C51034A3A}.Debug|Any CPU.ActiveCfg = Debug|Any CPU
		{EFE82E96-4D08-4D58-9C39-C78C51034A3A}.Debug|Any CPU.Build.0 = Debug|Any CPU
		{EFE82E96-4D08-4D58-9C39-C78C51034A3A}.Debug|Any CPU.Deploy.0 = Debug|Any CPU
		{EFE82E96-4D08-4D58-9C39-C78C51034A3A}.Debug|ARM.ActiveCfg = Debug|Any CPU
		{EFE82E96-4D08-4D58-9C39-C78C51034A3A}.Debug|ARM.Build.0 = Debug|Any CPU
		{EFE82E96-4D08-4D58-9C39-C78C51034A3A}.Debug|ARM.Deploy.0 = Debug|Any CPU
		{EFE82E96-4D08-4D58-9C39-C78C51034A3A}.Debug|iPhone.ActiveCfg = Debug|Any CPU
		{EFE82E96-4D08-4D58-9C39-C78C51034A3A}.Debug|iPhone.Build.0 = Debug|Any CPU
		{EFE82E96-4D08-4D58-9C39-C78C51034A3A}.Debug|iPhone.Deploy.0 = Debug|Any CPU
		{EFE82E96-4D08-4D58-9C39-C78C51034A3A}.Debug|iPhoneSimulator.ActiveCfg = Debug|Any CPU
		{EFE82E96-4D08-4D58-9C39-C78C51034A3A}.Debug|iPhoneSimulator.Build.0 = Debug|Any CPU
		{EFE82E96-4D08-4D58-9C39-C78C51034A3A}.Debug|iPhoneSimulator.Deploy.0 = Debug|Any CPU
		{EFE82E96-4D08-4D58-9C39-C78C51034A3A}.Debug|x64.ActiveCfg = Debug|Any CPU
		{EFE82E96-4D08-4D58-9C39-C78C51034A3A}.Debug|x64.Build.0 = Debug|Any CPU
		{EFE82E96-4D08-4D58-9C39-C78C51034A3A}.Debug|x64.Deploy.0 = Debug|Any CPU
		{EFE82E96-4D08-4D58-9C39-C78C51034A3A}.Debug|x86.ActiveCfg = Debug|Any CPU
		{EFE82E96-4D08-4D58-9C39-C78C51034A3A}.Debug|x86.Build.0 = Debug|Any CPU
		{EFE82E96-4D08-4D58-9C39-C78C51034A3A}.Debug|x86.Deploy.0 = Debug|Any CPU
		{EFE82E96-4D08-4D58-9C39-C78C51034A3A}.Release|Any CPU.ActiveCfg = Release|Any CPU
		{EFE82E96-4D08-4D58-9C39-C78C51034A3A}.Release|Any CPU.Build.0 = Release|Any CPU
		{EFE82E96-4D08-4D58-9C39-C78C51034A3A}.Release|Any CPU.Deploy.0 = Release|Any CPU
		{EFE82E96-4D08-4D58-9C39-C78C51034A3A}.Release|ARM.ActiveCfg = Release|Any CPU
		{EFE82E96-4D08-4D58-9C39-C78C51034A3A}.Release|ARM.Build.0 = Release|Any CPU
		{EFE82E96-4D08-4D58-9C39-C78C51034A3A}.Release|ARM.Deploy.0 = Release|Any CPU
		{EFE82E96-4D08-4D58-9C39-C78C51034A3A}.Release|iPhone.ActiveCfg = Release|Any CPU
		{EFE82E96-4D08-4D58-9C39-C78C51034A3A}.Release|iPhone.Build.0 = Release|Any CPU
		{EFE82E96-4D08-4D58-9C39-C78C51034A3A}.Release|iPhone.Deploy.0 = Release|Any CPU
		{EFE82E96-4D08-4D58-9C39-C78C51034A3A}.Release|iPhoneSimulator.ActiveCfg = Release|Any CPU
		{EFE82E96-4D08-4D58-9C39-C78C51034A3A}.Release|iPhoneSimulator.Build.0 = Release|Any CPU
		{EFE82E96-4D08-4D58-9C39-C78C51034A3A}.Release|iPhoneSimulator.Deploy.0 = Release|Any CPU
		{EFE82E96-4D08-4D58-9C39-C78C51034A3A}.Release|x64.ActiveCfg = Release|Any CPU
		{EFE82E96-4D08-4D58-9C39-C78C51034A3A}.Release|x64.Build.0 = Release|Any CPU
		{EFE82E96-4D08-4D58-9C39-C78C51034A3A}.Release|x64.Deploy.0 = Release|Any CPU
		{EFE82E96-4D08-4D58-9C39-C78C51034A3A}.Release|x86.ActiveCfg = Release|Any CPU
		{EFE82E96-4D08-4D58-9C39-C78C51034A3A}.Release|x86.Build.0 = Release|Any CPU
		{EFE82E96-4D08-4D58-9C39-C78C51034A3A}.Release|x86.Deploy.0 = Release|Any CPU
		{BB25BB83-579E-4DAE-8D92-ABBBB4C06BCB}.Ad-Hoc|Any CPU.ActiveCfg = Ad-Hoc|iPhone
		{BB25BB83-579E-4DAE-8D92-ABBBB4C06BCB}.Ad-Hoc|Any CPU.Build.0 = Ad-Hoc|iPhone
		{BB25BB83-579E-4DAE-8D92-ABBBB4C06BCB}.Ad-Hoc|Any CPU.Deploy.0 = Ad-Hoc|iPhone
		{BB25BB83-579E-4DAE-8D92-ABBBB4C06BCB}.Ad-Hoc|ARM.ActiveCfg = Ad-Hoc|iPhone
		{BB25BB83-579E-4DAE-8D92-ABBBB4C06BCB}.Ad-Hoc|ARM.Build.0 = Ad-Hoc|iPhone
		{BB25BB83-579E-4DAE-8D92-ABBBB4C06BCB}.Ad-Hoc|ARM.Deploy.0 = Ad-Hoc|iPhone
		{BB25BB83-579E-4DAE-8D92-ABBBB4C06BCB}.Ad-Hoc|iPhone.ActiveCfg = Ad-Hoc|iPhone
		{BB25BB83-579E-4DAE-8D92-ABBBB4C06BCB}.Ad-Hoc|iPhone.Build.0 = Ad-Hoc|iPhone
		{BB25BB83-579E-4DAE-8D92-ABBBB4C06BCB}.Ad-Hoc|iPhone.Deploy.0 = Ad-Hoc|iPhone
		{BB25BB83-579E-4DAE-8D92-ABBBB4C06BCB}.Ad-Hoc|iPhoneSimulator.ActiveCfg = Ad-Hoc|iPhoneSimulator
		{BB25BB83-579E-4DAE-8D92-ABBBB4C06BCB}.Ad-Hoc|iPhoneSimulator.Build.0 = Ad-Hoc|iPhoneSimulator
		{BB25BB83-579E-4DAE-8D92-ABBBB4C06BCB}.Ad-Hoc|iPhoneSimulator.Deploy.0 = Ad-Hoc|iPhoneSimulator
		{BB25BB83-579E-4DAE-8D92-ABBBB4C06BCB}.Ad-Hoc|x64.ActiveCfg = Ad-Hoc|iPhone
		{BB25BB83-579E-4DAE-8D92-ABBBB4C06BCB}.Ad-Hoc|x64.Build.0 = Ad-Hoc|iPhone
		{BB25BB83-579E-4DAE-8D92-ABBBB4C06BCB}.Ad-Hoc|x64.Deploy.0 = Ad-Hoc|iPhone
		{BB25BB83-579E-4DAE-8D92-ABBBB4C06BCB}.Ad-Hoc|x86.ActiveCfg = Ad-Hoc|iPhone
		{BB25BB83-579E-4DAE-8D92-ABBBB4C06BCB}.Ad-Hoc|x86.Build.0 = Ad-Hoc|iPhone
		{BB25BB83-579E-4DAE-8D92-ABBBB4C06BCB}.Ad-Hoc|x86.Deploy.0 = Ad-Hoc|iPhone
		{BB25BB83-579E-4DAE-8D92-ABBBB4C06BCB}.AppStore|Any CPU.ActiveCfg = AppStore|iPhone
		{BB25BB83-579E-4DAE-8D92-ABBBB4C06BCB}.AppStore|Any CPU.Build.0 = AppStore|iPhone
		{BB25BB83-579E-4DAE-8D92-ABBBB4C06BCB}.AppStore|Any CPU.Deploy.0 = AppStore|iPhone
		{BB25BB83-579E-4DAE-8D92-ABBBB4C06BCB}.AppStore|ARM.ActiveCfg = AppStore|iPhone
		{BB25BB83-579E-4DAE-8D92-ABBBB4C06BCB}.AppStore|ARM.Build.0 = AppStore|iPhone
		{BB25BB83-579E-4DAE-8D92-ABBBB4C06BCB}.AppStore|ARM.Deploy.0 = AppStore|iPhone
		{BB25BB83-579E-4DAE-8D92-ABBBB4C06BCB}.AppStore|iPhone.ActiveCfg = AppStore|iPhone
		{BB25BB83-579E-4DAE-8D92-ABBBB4C06BCB}.AppStore|iPhone.Build.0 = AppStore|iPhone
		{BB25BB83-579E-4DAE-8D92-ABBBB4C06BCB}.AppStore|iPhone.Deploy.0 = AppStore|iPhone
		{BB25BB83-579E-4DAE-8D92-ABBBB4C06BCB}.AppStore|iPhoneSimulator.ActiveCfg = AppStore|iPhoneSimulator
		{BB25BB83-579E-4DAE-8D92-ABBBB4C06BCB}.AppStore|iPhoneSimulator.Build.0 = AppStore|iPhoneSimulator
		{BB25BB83-579E-4DAE-8D92-ABBBB4C06BCB}.AppStore|iPhoneSimulator.Deploy.0 = AppStore|iPhoneSimulator
		{BB25BB83-579E-4DAE-8D92-ABBBB4C06BCB}.AppStore|x64.ActiveCfg = AppStore|iPhone
		{BB25BB83-579E-4DAE-8D92-ABBBB4C06BCB}.AppStore|x64.Build.0 = AppStore|iPhone
		{BB25BB83-579E-4DAE-8D92-ABBBB4C06BCB}.AppStore|x64.Deploy.0 = AppStore|iPhone
		{BB25BB83-579E-4DAE-8D92-ABBBB4C06BCB}.AppStore|x86.ActiveCfg = AppStore|iPhone
		{BB25BB83-579E-4DAE-8D92-ABBBB4C06BCB}.AppStore|x86.Build.0 = AppStore|iPhone
		{BB25BB83-579E-4DAE-8D92-ABBBB4C06BCB}.AppStore|x86.Deploy.0 = AppStore|iPhone
		{BB25BB83-579E-4DAE-8D92-ABBBB4C06BCB}.Debug|Any CPU.ActiveCfg = Debug|iPhoneSimulator
		{BB25BB83-579E-4DAE-8D92-ABBBB4C06BCB}.Debug|Any CPU.Build.0 = Debug|iPhoneSimulator
		{BB25BB83-579E-4DAE-8D92-ABBBB4C06BCB}.Debug|Any CPU.Deploy.0 = Debug|iPhoneSimulator
		{BB25BB83-579E-4DAE-8D92-ABBBB4C06BCB}.Debug|ARM.ActiveCfg = Debug|iPhone
		{BB25BB83-579E-4DAE-8D92-ABBBB4C06BCB}.Debug|ARM.Build.0 = Debug|iPhone
		{BB25BB83-579E-4DAE-8D92-ABBBB4C06BCB}.Debug|ARM.Deploy.0 = Debug|iPhone
		{BB25BB83-579E-4DAE-8D92-ABBBB4C06BCB}.Debug|iPhone.ActiveCfg = Debug|iPhone
		{BB25BB83-579E-4DAE-8D92-ABBBB4C06BCB}.Debug|iPhone.Build.0 = Debug|iPhone
		{BB25BB83-579E-4DAE-8D92-ABBBB4C06BCB}.Debug|iPhone.Deploy.0 = Debug|iPhone
		{BB25BB83-579E-4DAE-8D92-ABBBB4C06BCB}.Debug|iPhoneSimulator.ActiveCfg = Debug|iPhoneSimulator
		{BB25BB83-579E-4DAE-8D92-ABBBB4C06BCB}.Debug|iPhoneSimulator.Build.0 = Debug|iPhoneSimulator
		{BB25BB83-579E-4DAE-8D92-ABBBB4C06BCB}.Debug|iPhoneSimulator.Deploy.0 = Debug|iPhoneSimulator
		{BB25BB83-579E-4DAE-8D92-ABBBB4C06BCB}.Debug|x64.ActiveCfg = Debug|iPhone
		{BB25BB83-579E-4DAE-8D92-ABBBB4C06BCB}.Debug|x64.Build.0 = Debug|iPhone
		{BB25BB83-579E-4DAE-8D92-ABBBB4C06BCB}.Debug|x64.Deploy.0 = Debug|iPhone
		{BB25BB83-579E-4DAE-8D92-ABBBB4C06BCB}.Debug|x86.ActiveCfg = Debug|iPhone
		{BB25BB83-579E-4DAE-8D92-ABBBB4C06BCB}.Debug|x86.Build.0 = Debug|iPhone
		{BB25BB83-579E-4DAE-8D92-ABBBB4C06BCB}.Debug|x86.Deploy.0 = Debug|iPhone
		{BB25BB83-579E-4DAE-8D92-ABBBB4C06BCB}.Release|Any CPU.ActiveCfg = Release|iPhone
		{BB25BB83-579E-4DAE-8D92-ABBBB4C06BCB}.Release|Any CPU.Build.0 = Release|iPhone
		{BB25BB83-579E-4DAE-8D92-ABBBB4C06BCB}.Release|Any CPU.Deploy.0 = Release|iPhone
		{BB25BB83-579E-4DAE-8D92-ABBBB4C06BCB}.Release|ARM.ActiveCfg = Release|iPhone
		{BB25BB83-579E-4DAE-8D92-ABBBB4C06BCB}.Release|ARM.Build.0 = Release|iPhone
		{BB25BB83-579E-4DAE-8D92-ABBBB4C06BCB}.Release|ARM.Deploy.0 = Release|iPhone
		{BB25BB83-579E-4DAE-8D92-ABBBB4C06BCB}.Release|iPhone.ActiveCfg = Release|iPhone
		{BB25BB83-579E-4DAE-8D92-ABBBB4C06BCB}.Release|iPhone.Build.0 = Release|iPhone
		{BB25BB83-579E-4DAE-8D92-ABBBB4C06BCB}.Release|iPhone.Deploy.0 = Release|iPhone
		{BB25BB83-579E-4DAE-8D92-ABBBB4C06BCB}.Release|iPhoneSimulator.ActiveCfg = Release|iPhoneSimulator
		{BB25BB83-579E-4DAE-8D92-ABBBB4C06BCB}.Release|iPhoneSimulator.Build.0 = Release|iPhoneSimulator
		{BB25BB83-579E-4DAE-8D92-ABBBB4C06BCB}.Release|iPhoneSimulator.Deploy.0 = Release|iPhoneSimulator
		{BB25BB83-579E-4DAE-8D92-ABBBB4C06BCB}.Release|x64.ActiveCfg = Release|iPhone
		{BB25BB83-579E-4DAE-8D92-ABBBB4C06BCB}.Release|x64.Build.0 = Release|iPhone
		{BB25BB83-579E-4DAE-8D92-ABBBB4C06BCB}.Release|x64.Deploy.0 = Release|iPhone
		{BB25BB83-579E-4DAE-8D92-ABBBB4C06BCB}.Release|x86.ActiveCfg = Release|iPhone
		{BB25BB83-579E-4DAE-8D92-ABBBB4C06BCB}.Release|x86.Build.0 = Release|iPhone
		{BB25BB83-579E-4DAE-8D92-ABBBB4C06BCB}.Release|x86.Deploy.0 = Release|iPhone
		{EAEA8041-3E1B-4650-82AB-0DA63E4845DA}.Ad-Hoc|Any CPU.ActiveCfg = Release|x86
		{EAEA8041-3E1B-4650-82AB-0DA63E4845DA}.Ad-Hoc|Any CPU.Build.0 = Release|x86
		{EAEA8041-3E1B-4650-82AB-0DA63E4845DA}.Ad-Hoc|Any CPU.Deploy.0 = Release|x86
		{EAEA8041-3E1B-4650-82AB-0DA63E4845DA}.Ad-Hoc|ARM.ActiveCfg = Release|ARM
		{EAEA8041-3E1B-4650-82AB-0DA63E4845DA}.Ad-Hoc|ARM.Build.0 = Release|ARM
		{EAEA8041-3E1B-4650-82AB-0DA63E4845DA}.Ad-Hoc|ARM.Deploy.0 = Release|ARM
		{EAEA8041-3E1B-4650-82AB-0DA63E4845DA}.Ad-Hoc|iPhone.ActiveCfg = Release|x86
		{EAEA8041-3E1B-4650-82AB-0DA63E4845DA}.Ad-Hoc|iPhone.Build.0 = Release|x86
		{EAEA8041-3E1B-4650-82AB-0DA63E4845DA}.Ad-Hoc|iPhone.Deploy.0 = Release|x86
		{EAEA8041-3E1B-4650-82AB-0DA63E4845DA}.Ad-Hoc|iPhoneSimulator.ActiveCfg = Release|x86
		{EAEA8041-3E1B-4650-82AB-0DA63E4845DA}.Ad-Hoc|iPhoneSimulator.Build.0 = Release|x86
		{EAEA8041-3E1B-4650-82AB-0DA63E4845DA}.Ad-Hoc|iPhoneSimulator.Deploy.0 = Release|x86
		{EAEA8041-3E1B-4650-82AB-0DA63E4845DA}.Ad-Hoc|x64.ActiveCfg = Release|x64
		{EAEA8041-3E1B-4650-82AB-0DA63E4845DA}.Ad-Hoc|x64.Build.0 = Release|x64
		{EAEA8041-3E1B-4650-82AB-0DA63E4845DA}.Ad-Hoc|x64.Deploy.0 = Release|x64
		{EAEA8041-3E1B-4650-82AB-0DA63E4845DA}.Ad-Hoc|x86.ActiveCfg = Release|x86
		{EAEA8041-3E1B-4650-82AB-0DA63E4845DA}.Ad-Hoc|x86.Build.0 = Release|x86
		{EAEA8041-3E1B-4650-82AB-0DA63E4845DA}.Ad-Hoc|x86.Deploy.0 = Release|x86
		{EAEA8041-3E1B-4650-82AB-0DA63E4845DA}.AppStore|Any CPU.ActiveCfg = Release|x86
		{EAEA8041-3E1B-4650-82AB-0DA63E4845DA}.AppStore|Any CPU.Build.0 = Release|x86
		{EAEA8041-3E1B-4650-82AB-0DA63E4845DA}.AppStore|Any CPU.Deploy.0 = Release|x86
		{EAEA8041-3E1B-4650-82AB-0DA63E4845DA}.AppStore|ARM.ActiveCfg = Release|ARM
		{EAEA8041-3E1B-4650-82AB-0DA63E4845DA}.AppStore|ARM.Build.0 = Release|ARM
		{EAEA8041-3E1B-4650-82AB-0DA63E4845DA}.AppStore|ARM.Deploy.0 = Release|ARM
		{EAEA8041-3E1B-4650-82AB-0DA63E4845DA}.AppStore|iPhone.ActiveCfg = Release|x86
		{EAEA8041-3E1B-4650-82AB-0DA63E4845DA}.AppStore|iPhone.Build.0 = Release|x86
		{EAEA8041-3E1B-4650-82AB-0DA63E4845DA}.AppStore|iPhone.Deploy.0 = Release|x86
		{EAEA8041-3E1B-4650-82AB-0DA63E4845DA}.AppStore|iPhoneSimulator.ActiveCfg = Release|x86
		{EAEA8041-3E1B-4650-82AB-0DA63E4845DA}.AppStore|iPhoneSimulator.Build.0 = Release|x86
		{EAEA8041-3E1B-4650-82AB-0DA63E4845DA}.AppStore|iPhoneSimulator.Deploy.0 = Release|x86
		{EAEA8041-3E1B-4650-82AB-0DA63E4845DA}.AppStore|x64.ActiveCfg = Release|x64
		{EAEA8041-3E1B-4650-82AB-0DA63E4845DA}.AppStore|x64.Build.0 = Release|x64
		{EAEA8041-3E1B-4650-82AB-0DA63E4845DA}.AppStore|x64.Deploy.0 = Release|x64
		{EAEA8041-3E1B-4650-82AB-0DA63E4845DA}.AppStore|x86.ActiveCfg = Release|x86
		{EAEA8041-3E1B-4650-82AB-0DA63E4845DA}.AppStore|x86.Build.0 = Release|x86
		{EAEA8041-3E1B-4650-82AB-0DA63E4845DA}.AppStore|x86.Deploy.0 = Release|x86
		{EAEA8041-3E1B-4650-82AB-0DA63E4845DA}.Debug|Any CPU.ActiveCfg = Debug|x86
		{EAEA8041-3E1B-4650-82AB-0DA63E4845DA}.Debug|Any CPU.Build.0 = Debug|x86
		{EAEA8041-3E1B-4650-82AB-0DA63E4845DA}.Debug|Any CPU.Deploy.0 = Debug|x86
		{EAEA8041-3E1B-4650-82AB-0DA63E4845DA}.Debug|ARM.ActiveCfg = Debug|ARM
		{EAEA8041-3E1B-4650-82AB-0DA63E4845DA}.Debug|ARM.Build.0 = Debug|ARM
		{EAEA8041-3E1B-4650-82AB-0DA63E4845DA}.Debug|ARM.Deploy.0 = Debug|ARM
		{EAEA8041-3E1B-4650-82AB-0DA63E4845DA}.Debug|iPhone.ActiveCfg = Debug|x86
		{EAEA8041-3E1B-4650-82AB-0DA63E4845DA}.Debug|iPhone.Build.0 = Debug|x86
		{EAEA8041-3E1B-4650-82AB-0DA63E4845DA}.Debug|iPhone.Deploy.0 = Debug|x86
		{EAEA8041-3E1B-4650-82AB-0DA63E4845DA}.Debug|iPhoneSimulator.ActiveCfg = Debug|x86
		{EAEA8041-3E1B-4650-82AB-0DA63E4845DA}.Debug|iPhoneSimulator.Build.0 = Debug|x86
		{EAEA8041-3E1B-4650-82AB-0DA63E4845DA}.Debug|iPhoneSimulator.Deploy.0 = Debug|x86
		{EAEA8041-3E1B-4650-82AB-0DA63E4845DA}.Debug|x64.ActiveCfg = Debug|x64
		{EAEA8041-3E1B-4650-82AB-0DA63E4845DA}.Debug|x64.Build.0 = Debug|x64
		{EAEA8041-3E1B-4650-82AB-0DA63E4845DA}.Debug|x64.Deploy.0 = Debug|x64
		{EAEA8041-3E1B-4650-82AB-0DA63E4845DA}.Debug|x86.ActiveCfg = Debug|x86
		{EAEA8041-3E1B-4650-82AB-0DA63E4845DA}.Debug|x86.Build.0 = Debug|x86
		{EAEA8041-3E1B-4650-82AB-0DA63E4845DA}.Debug|x86.Deploy.0 = Debug|x86
		{EAEA8041-3E1B-4650-82AB-0DA63E4845DA}.Release|Any CPU.ActiveCfg = Release|x86
		{EAEA8041-3E1B-4650-82AB-0DA63E4845DA}.Release|Any CPU.Build.0 = Release|x86
		{EAEA8041-3E1B-4650-82AB-0DA63E4845DA}.Release|Any CPU.Deploy.0 = Release|x86
		{EAEA8041-3E1B-4650-82AB-0DA63E4845DA}.Release|ARM.ActiveCfg = Release|ARM
		{EAEA8041-3E1B-4650-82AB-0DA63E4845DA}.Release|ARM.Build.0 = Release|ARM
		{EAEA8041-3E1B-4650-82AB-0DA63E4845DA}.Release|ARM.Deploy.0 = Release|ARM
		{EAEA8041-3E1B-4650-82AB-0DA63E4845DA}.Release|iPhone.ActiveCfg = Release|x86
		{EAEA8041-3E1B-4650-82AB-0DA63E4845DA}.Release|iPhone.Build.0 = Release|x86
		{EAEA8041-3E1B-4650-82AB-0DA63E4845DA}.Release|iPhone.Deploy.0 = Release|x86
		{EAEA8041-3E1B-4650-82AB-0DA63E4845DA}.Release|iPhoneSimulator.ActiveCfg = Release|x86
		{EAEA8041-3E1B-4650-82AB-0DA63E4845DA}.Release|iPhoneSimulator.Build.0 = Release|x86
		{EAEA8041-3E1B-4650-82AB-0DA63E4845DA}.Release|iPhoneSimulator.Deploy.0 = Release|x86
		{EAEA8041-3E1B-4650-82AB-0DA63E4845DA}.Release|x64.ActiveCfg = Release|x64
		{EAEA8041-3E1B-4650-82AB-0DA63E4845DA}.Release|x64.Build.0 = Release|x64
		{EAEA8041-3E1B-4650-82AB-0DA63E4845DA}.Release|x64.Deploy.0 = Release|x64
		{EAEA8041-3E1B-4650-82AB-0DA63E4845DA}.Release|x86.ActiveCfg = Release|x86
		{EAEA8041-3E1B-4650-82AB-0DA63E4845DA}.Release|x86.Build.0 = Release|x86
		{EAEA8041-3E1B-4650-82AB-0DA63E4845DA}.Release|x86.Deploy.0 = Release|x86
		{0859F08E-5910-42E2-9D5A-2DE7DAC3CEBB}.Ad-Hoc|Any CPU.ActiveCfg = Debug|Any CPU
		{0859F08E-5910-42E2-9D5A-2DE7DAC3CEBB}.Ad-Hoc|Any CPU.Build.0 = Debug|Any CPU
		{0859F08E-5910-42E2-9D5A-2DE7DAC3CEBB}.Ad-Hoc|Any CPU.Deploy.0 = Debug|Any CPU
		{0859F08E-5910-42E2-9D5A-2DE7DAC3CEBB}.Ad-Hoc|ARM.ActiveCfg = Debug|Any CPU
		{0859F08E-5910-42E2-9D5A-2DE7DAC3CEBB}.Ad-Hoc|ARM.Build.0 = Debug|Any CPU
		{0859F08E-5910-42E2-9D5A-2DE7DAC3CEBB}.Ad-Hoc|ARM.Deploy.0 = Debug|Any CPU
		{0859F08E-5910-42E2-9D5A-2DE7DAC3CEBB}.Ad-Hoc|iPhone.ActiveCfg = Debug|Any CPU
		{0859F08E-5910-42E2-9D5A-2DE7DAC3CEBB}.Ad-Hoc|iPhone.Build.0 = Debug|Any CPU
		{0859F08E-5910-42E2-9D5A-2DE7DAC3CEBB}.Ad-Hoc|iPhone.Deploy.0 = Debug|Any CPU
		{0859F08E-5910-42E2-9D5A-2DE7DAC3CEBB}.Ad-Hoc|iPhoneSimulator.ActiveCfg = Debug|Any CPU
		{0859F08E-5910-42E2-9D5A-2DE7DAC3CEBB}.Ad-Hoc|iPhoneSimulator.Build.0 = Debug|Any CPU
		{0859F08E-5910-42E2-9D5A-2DE7DAC3CEBB}.Ad-Hoc|iPhoneSimulator.Deploy.0 = Debug|Any CPU
		{0859F08E-5910-42E2-9D5A-2DE7DAC3CEBB}.Ad-Hoc|x64.ActiveCfg = Debug|Any CPU
		{0859F08E-5910-42E2-9D5A-2DE7DAC3CEBB}.Ad-Hoc|x64.Build.0 = Debug|Any CPU
		{0859F08E-5910-42E2-9D5A-2DE7DAC3CEBB}.Ad-Hoc|x64.Deploy.0 = Debug|Any CPU
		{0859F08E-5910-42E2-9D5A-2DE7DAC3CEBB}.Ad-Hoc|x86.ActiveCfg = Debug|Any CPU
		{0859F08E-5910-42E2-9D5A-2DE7DAC3CEBB}.Ad-Hoc|x86.Build.0 = Debug|Any CPU
		{0859F08E-5910-42E2-9D5A-2DE7DAC3CEBB}.Ad-Hoc|x86.Deploy.0 = Debug|Any CPU
		{0859F08E-5910-42E2-9D5A-2DE7DAC3CEBB}.AppStore|Any CPU.ActiveCfg = Debug|Any CPU
		{0859F08E-5910-42E2-9D5A-2DE7DAC3CEBB}.AppStore|Any CPU.Build.0 = Debug|Any CPU
		{0859F08E-5910-42E2-9D5A-2DE7DAC3CEBB}.AppStore|Any CPU.Deploy.0 = Debug|Any CPU
		{0859F08E-5910-42E2-9D5A-2DE7DAC3CEBB}.AppStore|ARM.ActiveCfg = Debug|Any CPU
		{0859F08E-5910-42E2-9D5A-2DE7DAC3CEBB}.AppStore|ARM.Build.0 = Debug|Any CPU
		{0859F08E-5910-42E2-9D5A-2DE7DAC3CEBB}.AppStore|ARM.Deploy.0 = Debug|Any CPU
		{0859F08E-5910-42E2-9D5A-2DE7DAC3CEBB}.AppStore|iPhone.ActiveCfg = Debug|Any CPU
		{0859F08E-5910-42E2-9D5A-2DE7DAC3CEBB}.AppStore|iPhone.Build.0 = Debug|Any CPU
		{0859F08E-5910-42E2-9D5A-2DE7DAC3CEBB}.AppStore|iPhone.Deploy.0 = Debug|Any CPU
		{0859F08E-5910-42E2-9D5A-2DE7DAC3CEBB}.AppStore|iPhoneSimulator.ActiveCfg = Debug|Any CPU
		{0859F08E-5910-42E2-9D5A-2DE7DAC3CEBB}.AppStore|iPhoneSimulator.Build.0 = Debug|Any CPU
		{0859F08E-5910-42E2-9D5A-2DE7DAC3CEBB}.AppStore|iPhoneSimulator.Deploy.0 = Debug|Any CPU
		{0859F08E-5910-42E2-9D5A-2DE7DAC3CEBB}.AppStore|x64.ActiveCfg = Debug|Any CPU
		{0859F08E-5910-42E2-9D5A-2DE7DAC3CEBB}.AppStore|x64.Build.0 = Debug|Any CPU
		{0859F08E-5910-42E2-9D5A-2DE7DAC3CEBB}.AppStore|x64.Deploy.0 = Debug|Any CPU
		{0859F08E-5910-42E2-9D5A-2DE7DAC3CEBB}.AppStore|x86.ActiveCfg = Debug|Any CPU
		{0859F08E-5910-42E2-9D5A-2DE7DAC3CEBB}.AppStore|x86.Build.0 = Debug|Any CPU
		{0859F08E-5910-42E2-9D5A-2DE7DAC3CEBB}.AppStore|x86.Deploy.0 = Debug|Any CPU
		{0859F08E-5910-42E2-9D5A-2DE7DAC3CEBB}.Debug|Any CPU.ActiveCfg = Debug|Any CPU
		{0859F08E-5910-42E2-9D5A-2DE7DAC3CEBB}.Debug|Any CPU.Build.0 = Debug|Any CPU
		{0859F08E-5910-42E2-9D5A-2DE7DAC3CEBB}.Debug|Any CPU.Deploy.0 = Debug|Any CPU
		{0859F08E-5910-42E2-9D5A-2DE7DAC3CEBB}.Debug|ARM.ActiveCfg = Debug|Any CPU
		{0859F08E-5910-42E2-9D5A-2DE7DAC3CEBB}.Debug|ARM.Build.0 = Debug|Any CPU
		{0859F08E-5910-42E2-9D5A-2DE7DAC3CEBB}.Debug|ARM.Deploy.0 = Debug|Any CPU
		{0859F08E-5910-42E2-9D5A-2DE7DAC3CEBB}.Debug|iPhone.ActiveCfg = Debug|Any CPU
		{0859F08E-5910-42E2-9D5A-2DE7DAC3CEBB}.Debug|iPhone.Build.0 = Debug|Any CPU
		{0859F08E-5910-42E2-9D5A-2DE7DAC3CEBB}.Debug|iPhone.Deploy.0 = Debug|Any CPU
		{0859F08E-5910-42E2-9D5A-2DE7DAC3CEBB}.Debug|iPhoneSimulator.ActiveCfg = Debug|Any CPU
		{0859F08E-5910-42E2-9D5A-2DE7DAC3CEBB}.Debug|iPhoneSimulator.Build.0 = Debug|Any CPU
		{0859F08E-5910-42E2-9D5A-2DE7DAC3CEBB}.Debug|iPhoneSimulator.Deploy.0 = Debug|Any CPU
		{0859F08E-5910-42E2-9D5A-2DE7DAC3CEBB}.Debug|x64.ActiveCfg = Debug|Any CPU
		{0859F08E-5910-42E2-9D5A-2DE7DAC3CEBB}.Debug|x64.Build.0 = Debug|Any CPU
		{0859F08E-5910-42E2-9D5A-2DE7DAC3CEBB}.Debug|x64.Deploy.0 = Debug|Any CPU
		{0859F08E-5910-42E2-9D5A-2DE7DAC3CEBB}.Debug|x86.ActiveCfg = Debug|Any CPU
		{0859F08E-5910-42E2-9D5A-2DE7DAC3CEBB}.Debug|x86.Build.0 = Debug|Any CPU
		{0859F08E-5910-42E2-9D5A-2DE7DAC3CEBB}.Debug|x86.Deploy.0 = Debug|Any CPU
		{0859F08E-5910-42E2-9D5A-2DE7DAC3CEBB}.Release|Any CPU.ActiveCfg = Release|Any CPU
		{0859F08E-5910-42E2-9D5A-2DE7DAC3CEBB}.Release|Any CPU.Build.0 = Release|Any CPU
		{0859F08E-5910-42E2-9D5A-2DE7DAC3CEBB}.Release|Any CPU.Deploy.0 = Release|Any CPU
		{0859F08E-5910-42E2-9D5A-2DE7DAC3CEBB}.Release|ARM.ActiveCfg = Release|Any CPU
		{0859F08E-5910-42E2-9D5A-2DE7DAC3CEBB}.Release|ARM.Build.0 = Release|Any CPU
		{0859F08E-5910-42E2-9D5A-2DE7DAC3CEBB}.Release|ARM.Deploy.0 = Release|Any CPU
		{0859F08E-5910-42E2-9D5A-2DE7DAC3CEBB}.Release|iPhone.ActiveCfg = Release|Any CPU
		{0859F08E-5910-42E2-9D5A-2DE7DAC3CEBB}.Release|iPhone.Build.0 = Release|Any CPU
		{0859F08E-5910-42E2-9D5A-2DE7DAC3CEBB}.Release|iPhone.Deploy.0 = Release|Any CPU
		{0859F08E-5910-42E2-9D5A-2DE7DAC3CEBB}.Release|iPhoneSimulator.ActiveCfg = Release|Any CPU
		{0859F08E-5910-42E2-9D5A-2DE7DAC3CEBB}.Release|iPhoneSimulator.Build.0 = Release|Any CPU
		{0859F08E-5910-42E2-9D5A-2DE7DAC3CEBB}.Release|iPhoneSimulator.Deploy.0 = Release|Any CPU
		{0859F08E-5910-42E2-9D5A-2DE7DAC3CEBB}.Release|x64.ActiveCfg = Release|Any CPU
		{0859F08E-5910-42E2-9D5A-2DE7DAC3CEBB}.Release|x64.Build.0 = Release|Any CPU
		{0859F08E-5910-42E2-9D5A-2DE7DAC3CEBB}.Release|x64.Deploy.0 = Release|Any CPU
		{0859F08E-5910-42E2-9D5A-2DE7DAC3CEBB}.Release|x86.ActiveCfg = Release|Any CPU
		{0859F08E-5910-42E2-9D5A-2DE7DAC3CEBB}.Release|x86.Build.0 = Release|Any CPU
		{0859F08E-5910-42E2-9D5A-2DE7DAC3CEBB}.Release|x86.Deploy.0 = Release|Any CPU
	EndGlobalSection
	GlobalSection(SolutionProperties) = preSolution
		HideSolutionNode = FALSE
	EndGlobalSection
	GlobalSection(ExtensibilityGlobals) = postSolution
		SolutionGuid = {EA0C4BBA-A428-498F-8142-6E054DF23D1D}
	EndGlobalSection
EndGlobal
