
Microsoft Visual Studio Solution File, Format Version 12.00
# Visual Studio 15
VisualStudioVersion = 15.0.28010.2019
MinimumVisualStudioVersion = 10.0.40219.1
Project("{FAE04EC0-301F-11D3-BF4B-00C04F79EFBC}") = "XFElement.Android", "XFElement\XFElement.Android\XFElement.Android.csproj", "{9590763F-49EC-47EC-82BC-7887C1701A79}"
EndProject
Project("{FAE04EC0-301F-11D3-BF4B-00C04F79EFBC}") = "XFElement.iOS", "XFElement\XFElement.iOS\XFElement.iOS.csproj", "{0A57EB29-60AC-48BF-93AA-8216B51362F0}"
EndProject
Project("{FAE04EC0-301F-11D3-BF4B-00C04F79EFBC}") = "XFElement.UWP", "XFElement\XFElement.UWP\XFElement.UWP.csproj", "{A054ACE6-A0E0-46D7-9B62-305CBE3455F4}"
EndProject
Project("{FAE04EC0-301F-11D3-BF4B-00C04F79EFBC}") = "XFElement", "XFElement\XFElement\XFElement.csproj", "{D953F246-7C60-450A-B3BA-5A976632C3CE}"
EndProject
Global
	GlobalSection(SolutionConfigurationPlatforms) = preSolution
		Ad-Hoc|Any CPU = Ad-Hoc|Any CPU
		Ad-Hoc|ARM = Ad-Hoc|ARM
		Ad-Hoc|iPhone = Ad-Hoc|iPhone
		Ad-Hoc|iPhoneSimulator = Ad-Hoc|iPhoneSimulator
		Ad-Hoc|x64 = Ad-Hoc|x64
		Ad-Hoc|x86 = Ad-Hoc|x86
		AppStore|Any CPU = AppStore|Any CPU
		AppStore|ARM = AppStore|ARM
		AppStore|iPhone = AppStore|iPhone
		AppStore|iPhoneSimulator = AppStore|iPhoneSimulator
		AppStore|x64 = AppStore|x64
		AppStore|x86 = AppStore|x86
		Debug|Any CPU = Debug|Any CPU
		Debug|ARM = Debug|ARM
		Debug|iPhone = Debug|iPhone
		Debug|iPhoneSimulator = Debug|iPhoneSimulator
		Debug|x64 = Debug|x64
		Debug|x86 = Debug|x86
		Release|Any CPU = Release|Any CPU
		Release|ARM = Release|ARM
		Release|iPhone = Release|iPhone
		Release|iPhoneSimulator = Release|iPhoneSimulator
		Release|x64 = Release|x64
		Release|x86 = Release|x86
	EndGlobalSection
	GlobalSection(ProjectConfigurationPlatforms) = postSolution
		{9590763F-49EC-47EC-82BC-7887C1701A79}.Ad-Hoc|Any CPU.ActiveCfg = Release|Any CPU
		{9590763F-49EC-47EC-82BC-7887C1701A79}.Ad-Hoc|Any CPU.Build.0 = Release|Any CPU
		{9590763F-49EC-47EC-82BC-7887C1701A79}.Ad-Hoc|Any CPU.Deploy.0 = Release|Any CPU
		{9590763F-49EC-47EC-82BC-7887C1701A79}.Ad-Hoc|ARM.ActiveCfg = Release|Any CPU
		{9590763F-49EC-47EC-82BC-7887C1701A79}.Ad-Hoc|ARM.Build.0 = Release|Any CPU
		{9590763F-49EC-47EC-82BC-7887C1701A79}.Ad-Hoc|ARM.Deploy.0 = Release|Any CPU
		{9590763F-49EC-47EC-82BC-7887C1701A79}.Ad-Hoc|iPhone.ActiveCfg = Release|Any CPU
		{9590763F-49EC-47EC-82BC-7887C1701A79}.Ad-Hoc|iPhone.Build.0 = Release|Any CPU
		{9590763F-49EC-47EC-82BC-7887C1701A79}.Ad-Hoc|iPhone.Deploy.0 = Release|Any CPU
		{9590763F-49EC-47EC-82BC-7887C1701A79}.Ad-Hoc|iPhoneSimulator.ActiveCfg = Release|Any CPU
		{9590763F-49EC-47EC-82BC-7887C1701A79}.Ad-Hoc|iPhoneSimulator.Build.0 = Release|Any CPU
		{9590763F-49EC-47EC-82BC-7887C1701A79}.Ad-Hoc|iPhoneSimulator.Deploy.0 = Release|Any CPU
		{9590763F-49EC-47EC-82BC-7887C1701A79}.Ad-Hoc|x64.ActiveCfg = Release|Any CPU
		{9590763F-49EC-47EC-82BC-7887C1701A79}.Ad-Hoc|x64.Build.0 = Release|Any CPU
		{9590763F-49EC-47EC-82BC-7887C1701A79}.Ad-Hoc|x64.Deploy.0 = Release|Any CPU
		{9590763F-49EC-47EC-82BC-7887C1701A79}.Ad-Hoc|x86.ActiveCfg = Release|Any CPU
		{9590763F-49EC-47EC-82BC-7887C1701A79}.Ad-Hoc|x86.Build.0 = Release|Any CPU
		{9590763F-49EC-47EC-82BC-7887C1701A79}.Ad-Hoc|x86.Deploy.0 = Release|Any CPU
		{9590763F-49EC-47EC-82BC-7887C1701A79}.AppStore|Any CPU.ActiveCfg = Release|Any CPU
		{9590763F-49EC-47EC-82BC-7887C1701A79}.AppStore|Any CPU.Build.0 = Release|Any CPU
		{9590763F-49EC-47EC-82BC-7887C1701A79}.AppStore|Any CPU.Deploy.0 = Release|Any CPU
		{9590763F-49EC-47EC-82BC-7887C1701A79}.AppStore|ARM.ActiveCfg = Release|Any CPU
		{9590763F-49EC-47EC-82BC-7887C1701A79}.AppStore|ARM.Build.0 = Release|Any CPU
		{9590763F-49EC-47EC-82BC-7887C1701A79}.AppStore|ARM.Deploy.0 = Release|Any CPU
		{9590763F-49EC-47EC-82BC-7887C1701A79}.AppStore|iPhone.ActiveCfg = Release|Any CPU
		{9590763F-49EC-47EC-82BC-7887C1701A79}.AppStore|iPhone.Build.0 = Release|Any CPU
		{9590763F-49EC-47EC-82BC-7887C1701A79}.AppStore|iPhone.Deploy.0 = Release|Any CPU
		{9590763F-49EC-47EC-82BC-7887C1701A79}.AppStore|iPhoneSimulator.ActiveCfg = Release|Any CPU
		{9590763F-49EC-47EC-82BC-7887C1701A79}.AppStore|iPhoneSimulator.Build.0 = Release|Any CPU
		{9590763F-49EC-47EC-82BC-7887C1701A79}.AppStore|iPhoneSimulator.Deploy.0 = Release|Any CPU
		{9590763F-49EC-47EC-82BC-7887C1701A79}.AppStore|x64.ActiveCfg = Release|Any CPU
		{9590763F-49EC-47EC-82BC-7887C1701A79}.AppStore|x64.Build.0 = Release|Any CPU
		{9590763F-49EC-47EC-82BC-7887C1701A79}.AppStore|x64.Deploy.0 = Release|Any CPU
		{9590763F-49EC-47EC-82BC-7887C1701A79}.AppStore|x86.ActiveCfg = Release|Any CPU
		{9590763F-49EC-47EC-82BC-7887C1701A79}.AppStore|x86.Build.0 = Release|Any CPU
		{9590763F-49EC-47EC-82BC-7887C1701A79}.AppStore|x86.Deploy.0 = Release|Any CPU
		{9590763F-49EC-47EC-82BC-7887C1701A79}.Debug|Any CPU.ActiveCfg = Debug|Any CPU
		{9590763F-49EC-47EC-82BC-7887C1701A79}.Debug|Any CPU.Build.0 = Debug|Any CPU
		{9590763F-49EC-47EC-82BC-7887C1701A79}.Debug|Any CPU.Deploy.0 = Debug|Any CPU
		{9590763F-49EC-47EC-82BC-7887C1701A79}.Debug|ARM.ActiveCfg = Debug|Any CPU
		{9590763F-49EC-47EC-82BC-7887C1701A79}.Debug|ARM.Build.0 = Debug|Any CPU
		{9590763F-49EC-47EC-82BC-7887C1701A79}.Debug|ARM.Deploy.0 = Debug|Any CPU
		{9590763F-49EC-47EC-82BC-7887C1701A79}.Debug|iPhone.ActiveCfg = Debug|Any CPU
		{9590763F-49EC-47EC-82BC-7887C1701A79}.Debug|iPhone.Build.0 = Debug|Any CPU
		{9590763F-49EC-47EC-82BC-7887C1701A79}.Debug|iPhone.Deploy.0 = Debug|Any CPU
		{9590763F-49EC-47EC-82BC-7887C1701A79}.Debug|iPhoneSimulator.ActiveCfg = Debug|Any CPU
		{9590763F-49EC-47EC-82BC-7887C1701A79}.Debug|iPhoneSimulator.Build.0 = Debug|Any CPU
		{9590763F-49EC-47EC-82BC-7887C1701A79}.Debug|iPhoneSimulator.Deploy.0 = Debug|Any CPU
		{9590763F-49EC-47EC-82BC-7887C1701A79}.Debug|x64.ActiveCfg = Debug|Any CPU
		{9590763F-49EC-47EC-82BC-7887C1701A79}.Debug|x64.Build.0 = Debug|Any CPU
		{9590763F-49EC-47EC-82BC-7887C1701A79}.Debug|x64.Deploy.0 = Debug|Any CPU
		{9590763F-49EC-47EC-82BC-7887C1701A79}.Debug|x86.ActiveCfg = Debug|Any CPU
		{9590763F-49EC-47EC-82BC-7887C1701A79}.Debug|x86.Build.0 = Debug|Any CPU
		{9590763F-49EC-47EC-82BC-7887C1701A79}.Debug|x86.Deploy.0 = Debug|Any CPU
		{9590763F-49EC-47EC-82BC-7887C1701A79}.Release|Any CPU.ActiveCfg = Release|Any CPU
		{9590763F-49EC-47EC-82BC-7887C1701A79}.Release|Any CPU.Build.0 = Release|Any CPU
		{9590763F-49EC-47EC-82BC-7887C1701A79}.Release|Any CPU.Deploy.0 = Release|Any CPU
		{9590763F-49EC-47EC-82BC-7887C1701A79}.Release|ARM.ActiveCfg = Release|Any CPU
		{9590763F-49EC-47EC-82BC-7887C1701A79}.Release|ARM.Build.0 = Release|Any CPU
		{9590763F-49EC-47EC-82BC-7887C1701A79}.Release|ARM.Deploy.0 = Release|Any CPU
		{9590763F-49EC-47EC-82BC-7887C1701A79}.Release|iPhone.ActiveCfg = Release|Any CPU
		{9590763F-49EC-47EC-82BC-7887C1701A79}.Release|iPhone.Build.0 = Release|Any CPU
		{9590763F-49EC-47EC-82BC-7887C1701A79}.Release|iPhone.Deploy.0 = Release|Any CPU
		{9590763F-49EC-47EC-82BC-7887C1701A79}.Release|iPhoneSimulator.ActiveCfg = Release|Any CPU
		{9590763F-49EC-47EC-82BC-7887C1701A79}.Release|iPhoneSimulator.Build.0 = Release|Any CPU
		{9590763F-49EC-47EC-82BC-7887C1701A79}.Release|iPhoneSimulator.Deploy.0 = Release|Any CPU
		{9590763F-49EC-47EC-82BC-7887C1701A79}.Release|x64.ActiveCfg = Release|Any CPU
		{9590763F-49EC-47EC-82BC-7887C1701A79}.Release|x64.Build.0 = Release|Any CPU
		{9590763F-49EC-47EC-82BC-7887C1701A79}.Release|x64.Deploy.0 = Release|Any CPU
		{9590763F-49EC-47EC-82BC-7887C1701A79}.Release|x86.ActiveCfg = Release|Any CPU
		{9590763F-49EC-47EC-82BC-7887C1701A79}.Release|x86.Build.0 = Release|Any CPU
		{9590763F-49EC-47EC-82BC-7887C1701A79}.Release|x86.Deploy.0 = Release|Any CPU
		{0A57EB29-60AC-48BF-93AA-8216B51362F0}.Ad-Hoc|Any CPU.ActiveCfg = Ad-Hoc|iPhone
		{0A57EB29-60AC-48BF-93AA-8216B51362F0}.Ad-Hoc|Any CPU.Build.0 = Ad-Hoc|iPhone
		{0A57EB29-60AC-48BF-93AA-8216B51362F0}.Ad-Hoc|Any CPU.Deploy.0 = Ad-Hoc|iPhone
		{0A57EB29-60AC-48BF-93AA-8216B51362F0}.Ad-Hoc|ARM.ActiveCfg = Ad-Hoc|iPhone
		{0A57EB29-60AC-48BF-93AA-8216B51362F0}.Ad-Hoc|ARM.Build.0 = Ad-Hoc|iPhone
		{0A57EB29-60AC-48BF-93AA-8216B51362F0}.Ad-Hoc|ARM.Deploy.0 = Ad-Hoc|iPhone
		{0A57EB29-60AC-48BF-93AA-8216B51362F0}.Ad-Hoc|iPhone.ActiveCfg = Ad-Hoc|iPhone
		{0A57EB29-60AC-48BF-93AA-8216B51362F0}.Ad-Hoc|iPhone.Build.0 = Ad-Hoc|iPhone
		{0A57EB29-60AC-48BF-93AA-8216B51362F0}.Ad-Hoc|iPhone.Deploy.0 = Ad-Hoc|iPhone
		{0A57EB29-60AC-48BF-93AA-8216B51362F0}.Ad-Hoc|iPhoneSimulator.ActiveCfg = Ad-Hoc|iPhoneSimulator
		{0A57EB29-60AC-48BF-93AA-8216B51362F0}.Ad-Hoc|iPhoneSimulator.Build.0 = Ad-Hoc|iPhoneSimulator
		{0A57EB29-60AC-48BF-93AA-8216B51362F0}.Ad-Hoc|iPhoneSimulator.Deploy.0 = Ad-Hoc|iPhoneSimulator
		{0A57EB29-60AC-48BF-93AA-8216B51362F0}.Ad-Hoc|x64.ActiveCfg = Ad-Hoc|iPhone
		{0A57EB29-60AC-48BF-93AA-8216B51362F0}.Ad-Hoc|x64.Build.0 = Ad-Hoc|iPhone
		{0A57EB29-60AC-48BF-93AA-8216B51362F0}.Ad-Hoc|x64.Deploy.0 = Ad-Hoc|iPhone
		{0A57EB29-60AC-48BF-93AA-8216B51362F0}.Ad-Hoc|x86.ActiveCfg = Ad-Hoc|iPhone
		{0A57EB29-60AC-48BF-93AA-8216B51362F0}.Ad-Hoc|x86.Build.0 = Ad-Hoc|iPhone
		{0A57EB29-60AC-48BF-93AA-8216B51362F0}.Ad-Hoc|x86.Deploy.0 = Ad-Hoc|iPhone
		{0A57EB29-60AC-48BF-93AA-8216B51362F0}.AppStore|Any CPU.ActiveCfg = AppStore|iPhone
		{0A57EB29-60AC-48BF-93AA-8216B51362F0}.AppStore|Any CPU.Build.0 = AppStore|iPhone
		{0A57EB29-60AC-48BF-93AA-8216B51362F0}.AppStore|Any CPU.Deploy.0 = AppStore|iPhone
		{0A57EB29-60AC-48BF-93AA-8216B51362F0}.AppStore|ARM.ActiveCfg = AppStore|iPhone
		{0A57EB29-60AC-48BF-93AA-8216B51362F0}.AppStore|ARM.Build.0 = AppStore|iPhone
		{0A57EB29-60AC-48BF-93AA-8216B51362F0}.AppStore|ARM.Deploy.0 = AppStore|iPhone
		{0A57EB29-60AC-48BF-93AA-8216B51362F0}.AppStore|iPhone.ActiveCfg = AppStore|iPhone
		{0A57EB29-60AC-48BF-93AA-8216B51362F0}.AppStore|iPhone.Build.0 = AppStore|iPhone
		{0A57EB29-60AC-48BF-93AA-8216B51362F0}.AppStore|iPhone.Deploy.0 = AppStore|iPhone
		{0A57EB29-60AC-48BF-93AA-8216B51362F0}.AppStore|iPhoneSimulator.ActiveCfg = AppStore|iPhoneSimulator
		{0A57EB29-60AC-48BF-93AA-8216B51362F0}.AppStore|iPhoneSimulator.Build.0 = AppStore|iPhoneSimulator
		{0A57EB29-60AC-48BF-93AA-8216B51362F0}.AppStore|iPhoneSimulator.Deploy.0 = AppStore|iPhoneSimulator
		{0A57EB29-60AC-48BF-93AA-8216B51362F0}.AppStore|x64.ActiveCfg = AppStore|iPhone
		{0A57EB29-60AC-48BF-93AA-8216B51362F0}.AppStore|x64.Build.0 = AppStore|iPhone
		{0A57EB29-60AC-48BF-93AA-8216B51362F0}.AppStore|x64.Deploy.0 = AppStore|iPhone
		{0A57EB29-60AC-48BF-93AA-8216B51362F0}.AppStore|x86.ActiveCfg = AppStore|iPhone
		{0A57EB29-60AC-48BF-93AA-8216B51362F0}.AppStore|x86.Build.0 = AppStore|iPhone
		{0A57EB29-60AC-48BF-93AA-8216B51362F0}.AppStore|x86.Deploy.0 = AppStore|iPhone
		{0A57EB29-60AC-48BF-93AA-8216B51362F0}.Debug|Any CPU.ActiveCfg = Debug|iPhoneSimulator
		{0A57EB29-60AC-48BF-93AA-8216B51362F0}.Debug|Any CPU.Build.0 = Debug|iPhoneSimulator
		{0A57EB29-60AC-48BF-93AA-8216B51362F0}.Debug|Any CPU.Deploy.0 = Debug|iPhoneSimulator
		{0A57EB29-60AC-48BF-93AA-8216B51362F0}.Debug|ARM.ActiveCfg = Debug|iPhone
		{0A57EB29-60AC-48BF-93AA-8216B51362F0}.Debug|ARM.Build.0 = Debug|iPhone
		{0A57EB29-60AC-48BF-93AA-8216B51362F0}.Debug|ARM.Deploy.0 = Debug|iPhone
		{0A57EB29-60AC-48BF-93AA-8216B51362F0}.Debug|iPhone.ActiveCfg = Debug|iPhone
		{0A57EB29-60AC-48BF-93AA-8216B51362F0}.Debug|iPhone.Build.0 = Debug|iPhone
		{0A57EB29-60AC-48BF-93AA-8216B51362F0}.Debug|iPhone.Deploy.0 = Debug|iPhone
		{0A57EB29-60AC-48BF-93AA-8216B51362F0}.Debug|iPhoneSimulator.ActiveCfg = Debug|iPhoneSimulator
		{0A57EB29-60AC-48BF-93AA-8216B51362F0}.Debug|iPhoneSimulator.Build.0 = Debug|iPhoneSimulator
		{0A57EB29-60AC-48BF-93AA-8216B51362F0}.Debug|iPhoneSimulator.Deploy.0 = Debug|iPhoneSimulator
		{0A57EB29-60AC-48BF-93AA-8216B51362F0}.Debug|x64.ActiveCfg = Debug|iPhone
		{0A57EB29-60AC-48BF-93AA-8216B51362F0}.Debug|x64.Build.0 = Debug|iPhone
		{0A57EB29-60AC-48BF-93AA-8216B51362F0}.Debug|x64.Deploy.0 = Debug|iPhone
		{0A57EB29-60AC-48BF-93AA-8216B51362F0}.Debug|x86.ActiveCfg = Debug|iPhone
		{0A57EB29-60AC-48BF-93AA-8216B51362F0}.Debug|x86.Build.0 = Debug|iPhone
		{0A57EB29-60AC-48BF-93AA-8216B51362F0}.Debug|x86.Deploy.0 = Debug|iPhone
		{0A57EB29-60AC-48BF-93AA-8216B51362F0}.Release|Any CPU.ActiveCfg = Release|iPhone
		{0A57EB29-60AC-48BF-93AA-8216B51362F0}.Release|Any CPU.Build.0 = Release|iPhone
		{0A57EB29-60AC-48BF-93AA-8216B51362F0}.Release|Any CPU.Deploy.0 = Release|iPhone
		{0A57EB29-60AC-48BF-93AA-8216B51362F0}.Release|ARM.ActiveCfg = Release|iPhone
		{0A57EB29-60AC-48BF-93AA-8216B51362F0}.Release|ARM.Build.0 = Release|iPhone
		{0A57EB29-60AC-48BF-93AA-8216B51362F0}.Release|ARM.Deploy.0 = Release|iPhone
		{0A57EB29-60AC-48BF-93AA-8216B51362F0}.Release|iPhone.ActiveCfg = Release|iPhone
		{0A57EB29-60AC-48BF-93AA-8216B51362F0}.Release|iPhone.Build.0 = Release|iPhone
		{0A57EB29-60AC-48BF-93AA-8216B51362F0}.Release|iPhone.Deploy.0 = Release|iPhone
		{0A57EB29-60AC-48BF-93AA-8216B51362F0}.Release|iPhoneSimulator.ActiveCfg = Release|iPhoneSimulator
		{0A57EB29-60AC-48BF-93AA-8216B51362F0}.Release|iPhoneSimulator.Build.0 = Release|iPhoneSimulator
		{0A57EB29-60AC-48BF-93AA-8216B51362F0}.Release|iPhoneSimulator.Deploy.0 = Release|iPhoneSimulator
		{0A57EB29-60AC-48BF-93AA-8216B51362F0}.Release|x64.ActiveCfg = Release|iPhone
		{0A57EB29-60AC-48BF-93AA-8216B51362F0}.Release|x64.Build.0 = Release|iPhone
		{0A57EB29-60AC-48BF-93AA-8216B51362F0}.Release|x64.Deploy.0 = Release|iPhone
		{0A57EB29-60AC-48BF-93AA-8216B51362F0}.Release|x86.ActiveCfg = Release|iPhone
		{0A57EB29-60AC-48BF-93AA-8216B51362F0}.Release|x86.Build.0 = Release|iPhone
		{0A57EB29-60AC-48BF-93AA-8216B51362F0}.Release|x86.Deploy.0 = Release|iPhone
		{A054ACE6-A0E0-46D7-9B62-305CBE3455F4}.Ad-Hoc|Any CPU.ActiveCfg = Release|x86
		{A054ACE6-A0E0-46D7-9B62-305CBE3455F4}.Ad-Hoc|Any CPU.Build.0 = Release|x86
		{A054ACE6-A0E0-46D7-9B62-305CBE3455F4}.Ad-Hoc|Any CPU.Deploy.0 = Release|x86
		{A054ACE6-A0E0-46D7-9B62-305CBE3455F4}.Ad-Hoc|ARM.ActiveCfg = Release|ARM
		{A054ACE6-A0E0-46D7-9B62-305CBE3455F4}.Ad-Hoc|ARM.Build.0 = Release|ARM
		{A054ACE6-A0E0-46D7-9B62-305CBE3455F4}.Ad-Hoc|ARM.Deploy.0 = Release|ARM
		{A054ACE6-A0E0-46D7-9B62-305CBE3455F4}.Ad-Hoc|iPhone.ActiveCfg = Release|x86
		{A054ACE6-A0E0-46D7-9B62-305CBE3455F4}.Ad-Hoc|iPhone.Build.0 = Release|x86
		{A054ACE6-A0E0-46D7-9B62-305CBE3455F4}.Ad-Hoc|iPhone.Deploy.0 = Release|x86
		{A054ACE6-A0E0-46D7-9B62-305CBE3455F4}.Ad-Hoc|iPhoneSimulator.ActiveCfg = Release|x86
		{A054ACE6-A0E0-46D7-9B62-305CBE3455F4}.Ad-Hoc|iPhoneSimulator.Build.0 = Release|x86
		{A054ACE6-A0E0-46D7-9B62-305CBE3455F4}.Ad-Hoc|iPhoneSimulator.Deploy.0 = Release|x86
		{A054ACE6-A0E0-46D7-9B62-305CBE3455F4}.Ad-Hoc|x64.ActiveCfg = Release|x64
		{A054ACE6-A0E0-46D7-9B62-305CBE3455F4}.Ad-Hoc|x64.Build.0 = Release|x64
		{A054ACE6-A0E0-46D7-9B62-305CBE3455F4}.Ad-Hoc|x64.Deploy.0 = Release|x64
		{A054ACE6-A0E0-46D7-9B62-305CBE3455F4}.Ad-Hoc|x86.ActiveCfg = Release|x86
		{A054ACE6-A0E0-46D7-9B62-305CBE3455F4}.Ad-Hoc|x86.Build.0 = Release|x86
		{A054ACE6-A0E0-46D7-9B62-305CBE3455F4}.Ad-Hoc|x86.Deploy.0 = Release|x86
		{A054ACE6-A0E0-46D7-9B62-305CBE3455F4}.AppStore|Any CPU.ActiveCfg = Release|x86
		{A054ACE6-A0E0-46D7-9B62-305CBE3455F4}.AppStore|Any CPU.Build.0 = Release|x86
		{A054ACE6-A0E0-46D7-9B62-305CBE3455F4}.AppStore|Any CPU.Deploy.0 = Release|x86
		{A054ACE6-A0E0-46D7-9B62-305CBE3455F4}.AppStore|ARM.ActiveCfg = Release|ARM
		{A054ACE6-A0E0-46D7-9B62-305CBE3455F4}.AppStore|ARM.Build.0 = Release|ARM
		{A054ACE6-A0E0-46D7-9B62-305CBE3455F4}.AppStore|ARM.Deploy.0 = Release|ARM
		{A054ACE6-A0E0-46D7-9B62-305CBE3455F4}.AppStore|iPhone.ActiveCfg = Release|x86
		{A054ACE6-A0E0-46D7-9B62-305CBE3455F4}.AppStore|iPhone.Build.0 = Release|x86
		{A054ACE6-A0E0-46D7-9B62-305CBE3455F4}.AppStore|iPhone.Deploy.0 = Release|x86
		{A054ACE6-A0E0-46D7-9B62-305CBE3455F4}.AppStore|iPhoneSimulator.ActiveCfg = Release|x86
		{A054ACE6-A0E0-46D7-9B62-305CBE3455F4}.AppStore|iPhoneSimulator.Build.0 = Release|x86
		{A054ACE6-A0E0-46D7-9B62-305CBE3455F4}.AppStore|iPhoneSimulator.Deploy.0 = Release|x86
		{A054ACE6-A0E0-46D7-9B62-305CBE3455F4}.AppStore|x64.ActiveCfg = Release|x64
		{A054ACE6-A0E0-46D7-9B62-305CBE3455F4}.AppStore|x64.Build.0 = Release|x64
		{A054ACE6-A0E0-46D7-9B62-305CBE3455F4}.AppStore|x64.Deploy.0 = Release|x64
		{A054ACE6-A0E0-46D7-9B62-305CBE3455F4}.AppStore|x86.ActiveCfg = Release|x86
		{A054ACE6-A0E0-46D7-9B62-305CBE3455F4}.AppStore|x86.Build.0 = Release|x86
		{A054ACE6-A0E0-46D7-9B62-305CBE3455F4}.AppStore|x86.Deploy.0 = Release|x86
		{A054ACE6-A0E0-46D7-9B62-305CBE3455F4}.Debug|Any CPU.ActiveCfg = Debug|x86
		{A054ACE6-A0E0-46D7-9B62-305CBE3455F4}.Debug|Any CPU.Build.0 = Debug|x86
		{A054ACE6-A0E0-46D7-9B62-305CBE3455F4}.Debug|Any CPU.Deploy.0 = Debug|x86
		{A054ACE6-A0E0-46D7-9B62-305CBE3455F4}.Debug|ARM.ActiveCfg = Debug|ARM
		{A054ACE6-A0E0-46D7-9B62-305CBE3455F4}.Debug|ARM.Build.0 = Debug|ARM
		{A054ACE6-A0E0-46D7-9B62-305CBE3455F4}.Debug|ARM.Deploy.0 = Debug|ARM
		{A054ACE6-A0E0-46D7-9B62-305CBE3455F4}.Debug|iPhone.ActiveCfg = Debug|x86
		{A054ACE6-A0E0-46D7-9B62-305CBE3455F4}.Debug|iPhone.Build.0 = Debug|x86
		{A054ACE6-A0E0-46D7-9B62-305CBE3455F4}.Debug|iPhone.Deploy.0 = Debug|x86
		{A054ACE6-A0E0-46D7-9B62-305CBE3455F4}.Debug|iPhoneSimulator.ActiveCfg = Debug|x86
		{A054ACE6-A0E0-46D7-9B62-305CBE3455F4}.Debug|iPhoneSimulator.Build.0 = Debug|x86
		{A054ACE6-A0E0-46D7-9B62-305CBE3455F4}.Debug|iPhoneSimulator.Deploy.0 = Debug|x86
		{A054ACE6-A0E0-46D7-9B62-305CBE3455F4}.Debug|x64.ActiveCfg = Debug|x64
		{A054ACE6-A0E0-46D7-9B62-305CBE3455F4}.Debug|x64.Build.0 = Debug|x64
		{A054ACE6-A0E0-46D7-9B62-305CBE3455F4}.Debug|x64.Deploy.0 = Debug|x64
		{A054ACE6-A0E0-46D7-9B62-305CBE3455F4}.Debug|x86.ActiveCfg = Debug|x86
		{A054ACE6-A0E0-46D7-9B62-305CBE3455F4}.Debug|x86.Build.0 = Debug|x86
		{A054ACE6-A0E0-46D7-9B62-305CBE3455F4}.Debug|x86.Deploy.0 = Debug|x86
		{A054ACE6-A0E0-46D7-9B62-305CBE3455F4}.Release|Any CPU.ActiveCfg = Release|x86
		{A054ACE6-A0E0-46D7-9B62-305CBE3455F4}.Release|Any CPU.Build.0 = Release|x86
		{A054ACE6-A0E0-46D7-9B62-305CBE3455F4}.Release|Any CPU.Deploy.0 = Release|x86
		{A054ACE6-A0E0-46D7-9B62-305CBE3455F4}.Release|ARM.ActiveCfg = Release|ARM
		{A054ACE6-A0E0-46D7-9B62-305CBE3455F4}.Release|ARM.Build.0 = Release|ARM
		{A054ACE6-A0E0-46D7-9B62-305CBE3455F4}.Release|ARM.Deploy.0 = Release|ARM
		{A054ACE6-A0E0-46D7-9B62-305CBE3455F4}.Release|iPhone.ActiveCfg = Release|x86
		{A054ACE6-A0E0-46D7-9B62-305CBE3455F4}.Release|iPhone.Build.0 = Release|x86
		{A054ACE6-A0E0-46D7-9B62-305CBE3455F4}.Release|iPhone.Deploy.0 = Release|x86
		{A054ACE6-A0E0-46D7-9B62-305CBE3455F4}.Release|iPhoneSimulator.ActiveCfg = Release|x86
		{A054ACE6-A0E0-46D7-9B62-305CBE3455F4}.Release|iPhoneSimulator.Build.0 = Release|x86
		{A054ACE6-A0E0-46D7-9B62-305CBE3455F4}.Release|iPhoneSimulator.Deploy.0 = Release|x86
		{A054ACE6-A0E0-46D7-9B62-305CBE3455F4}.Release|x64.ActiveCfg = Release|x64
		{A054ACE6-A0E0-46D7-9B62-305CBE3455F4}.Release|x64.Build.0 = Release|x64
		{A054ACE6-A0E0-46D7-9B62-305CBE3455F4}.Release|x64.Deploy.0 = Release|x64
		{A054ACE6-A0E0-46D7-9B62-305CBE3455F4}.Release|x86.ActiveCfg = Release|x86
		{A054ACE6-A0E0-46D7-9B62-305CBE3455F4}.Release|x86.Build.0 = Release|x86
		{A054ACE6-A0E0-46D7-9B62-305CBE3455F4}.Release|x86.Deploy.0 = Release|x86
		{D953F246-7C60-450A-B3BA-5A976632C3CE}.Ad-Hoc|Any CPU.ActiveCfg = Debug|Any CPU
		{D953F246-7C60-450A-B3BA-5A976632C3CE}.Ad-Hoc|Any CPU.Build.0 = Debug|Any CPU
		{D953F246-7C60-450A-B3BA-5A976632C3CE}.Ad-Hoc|Any CPU.Deploy.0 = Debug|Any CPU
		{D953F246-7C60-450A-B3BA-5A976632C3CE}.Ad-Hoc|ARM.ActiveCfg = Debug|Any CPU
		{D953F246-7C60-450A-B3BA-5A976632C3CE}.Ad-Hoc|ARM.Build.0 = Debug|Any CPU
		{D953F246-7C60-450A-B3BA-5A976632C3CE}.Ad-Hoc|ARM.Deploy.0 = Debug|Any CPU
		{D953F246-7C60-450A-B3BA-5A976632C3CE}.Ad-Hoc|iPhone.ActiveCfg = Debug|Any CPU
		{D953F246-7C60-450A-B3BA-5A976632C3CE}.Ad-Hoc|iPhone.Build.0 = Debug|Any CPU
		{D953F246-7C60-450A-B3BA-5A976632C3CE}.Ad-Hoc|iPhone.Deploy.0 = Debug|Any CPU
		{D953F246-7C60-450A-B3BA-5A976632C3CE}.Ad-Hoc|iPhoneSimulator.ActiveCfg = Debug|Any CPU
		{D953F246-7C60-450A-B3BA-5A976632C3CE}.Ad-Hoc|iPhoneSimulator.Build.0 = Debug|Any CPU
		{D953F246-7C60-450A-B3BA-5A976632C3CE}.Ad-Hoc|iPhoneSimulator.Deploy.0 = Debug|Any CPU
		{D953F246-7C60-450A-B3BA-5A976632C3CE}.Ad-Hoc|x64.ActiveCfg = Debug|Any CPU
		{D953F246-7C60-450A-B3BA-5A976632C3CE}.Ad-Hoc|x64.Build.0 = Debug|Any CPU
		{D953F246-7C60-450A-B3BA-5A976632C3CE}.Ad-Hoc|x64.Deploy.0 = Debug|Any CPU
		{D953F246-7C60-450A-B3BA-5A976632C3CE}.Ad-Hoc|x86.ActiveCfg = Debug|Any CPU
		{D953F246-7C60-450A-B3BA-5A976632C3CE}.Ad-Hoc|x86.Build.0 = Debug|Any CPU
		{D953F246-7C60-450A-B3BA-5A976632C3CE}.Ad-Hoc|x86.Deploy.0 = Debug|Any CPU
		{D953F246-7C60-450A-B3BA-5A976632C3CE}.AppStore|Any CPU.ActiveCfg = Debug|Any CPU
		{D953F246-7C60-450A-B3BA-5A976632C3CE}.AppStore|Any CPU.Build.0 = Debug|Any CPU
		{D953F246-7C60-450A-B3BA-5A976632C3CE}.AppStore|Any CPU.Deploy.0 = Debug|Any CPU
		{D953F246-7C60-450A-B3BA-5A976632C3CE}.AppStore|ARM.ActiveCfg = Debug|Any CPU
		{D953F246-7C60-450A-B3BA-5A976632C3CE}.AppStore|ARM.Build.0 = Debug|Any CPU
		{D953F246-7C60-450A-B3BA-5A976632C3CE}.AppStore|ARM.Deploy.0 = Debug|Any CPU
		{D953F246-7C60-450A-B3BA-5A976632C3CE}.AppStore|iPhone.ActiveCfg = Debug|Any CPU
		{D953F246-7C60-450A-B3BA-5A976632C3CE}.AppStore|iPhone.Build.0 = Debug|Any CPU
		{D953F246-7C60-450A-B3BA-5A976632C3CE}.AppStore|iPhone.Deploy.0 = Debug|Any CPU
		{D953F246-7C60-450A-B3BA-5A976632C3CE}.AppStore|iPhoneSimulator.ActiveCfg = Debug|Any CPU
		{D953F246-7C60-450A-B3BA-5A976632C3CE}.AppStore|iPhoneSimulator.Build.0 = Debug|Any CPU
		{D953F246-7C60-450A-B3BA-5A976632C3CE}.AppStore|iPhoneSimulator.Deploy.0 = Debug|Any CPU
		{D953F246-7C60-450A-B3BA-5A976632C3CE}.AppStore|x64.ActiveCfg = Debug|Any CPU
		{D953F246-7C60-450A-B3BA-5A976632C3CE}.AppStore|x64.Build.0 = Debug|Any CPU
		{D953F246-7C60-450A-B3BA-5A976632C3CE}.AppStore|x64.Deploy.0 = Debug|Any CPU
		{D953F246-7C60-450A-B3BA-5A976632C3CE}.AppStore|x86.ActiveCfg = Debug|Any CPU
		{D953F246-7C60-450A-B3BA-5A976632C3CE}.AppStore|x86.Build.0 = Debug|Any CPU
		{D953F246-7C60-450A-B3BA-5A976632C3CE}.AppStore|x86.Deploy.0 = Debug|Any CPU
		{D953F246-7C60-450A-B3BA-5A976632C3CE}.Debug|Any CPU.ActiveCfg = Debug|Any CPU
		{D953F246-7C60-450A-B3BA-5A976632C3CE}.Debug|Any CPU.Build.0 = Debug|Any CPU
		{D953F246-7C60-450A-B3BA-5A976632C3CE}.Debug|Any CPU.Deploy.0 = Debug|Any CPU
		{D953F246-7C60-450A-B3BA-5A976632C3CE}.Debug|ARM.ActiveCfg = Debug|Any CPU
		{D953F246-7C60-450A-B3BA-5A976632C3CE}.Debug|ARM.Build.0 = Debug|Any CPU
		{D953F246-7C60-450A-B3BA-5A976632C3CE}.Debug|ARM.Deploy.0 = Debug|Any CPU
		{D953F246-7C60-450A-B3BA-5A976632C3CE}.Debug|iPhone.ActiveCfg = Debug|Any CPU
		{D953F246-7C60-450A-B3BA-5A976632C3CE}.Debug|iPhone.Build.0 = Debug|Any CPU
		{D953F246-7C60-450A-B3BA-5A976632C3CE}.Debug|iPhone.Deploy.0 = Debug|Any CPU
		{D953F246-7C60-450A-B3BA-5A976632C3CE}.Debug|iPhoneSimulator.ActiveCfg = Debug|Any CPU
		{D953F246-7C60-450A-B3BA-5A976632C3CE}.Debug|iPhoneSimulator.Build.0 = Debug|Any CPU
		{D953F246-7C60-450A-B3BA-5A976632C3CE}.Debug|iPhoneSimulator.Deploy.0 = Debug|Any CPU
		{D953F246-7C60-450A-B3BA-5A976632C3CE}.Debug|x64.ActiveCfg = Debug|Any CPU
		{D953F246-7C60-450A-B3BA-5A976632C3CE}.Debug|x64.Build.0 = Debug|Any CPU
		{D953F246-7C60-450A-B3BA-5A976632C3CE}.Debug|x64.Deploy.0 = Debug|Any CPU
		{D953F246-7C60-450A-B3BA-5A976632C3CE}.Debug|x86.ActiveCfg = Debug|Any CPU
		{D953F246-7C60-450A-B3BA-5A976632C3CE}.Debug|x86.Build.0 = Debug|Any CPU
		{D953F246-7C60-450A-B3BA-5A976632C3CE}.Debug|x86.Deploy.0 = Debug|Any CPU
		{D953F246-7C60-450A-B3BA-5A976632C3CE}.Release|Any CPU.ActiveCfg = Release|Any CPU
		{D953F246-7C60-450A-B3BA-5A976632C3CE}.Release|Any CPU.Build.0 = Release|Any CPU
		{D953F246-7C60-450A-B3BA-5A976632C3CE}.Release|Any CPU.Deploy.0 = Release|Any CPU
		{D953F246-7C60-450A-B3BA-5A976632C3CE}.Release|ARM.ActiveCfg = Release|Any CPU
		{D953F246-7C60-450A-B3BA-5A976632C3CE}.Release|ARM.Build.0 = Release|Any CPU
		{D953F246-7C60-450A-B3BA-5A976632C3CE}.Release|ARM.Deploy.0 = Release|Any CPU
		{D953F246-7C60-450A-B3BA-5A976632C3CE}.Release|iPhone.ActiveCfg = Release|Any CPU
		{D953F246-7C60-450A-B3BA-5A976632C3CE}.Release|iPhone.Build.0 = Release|Any CPU
		{D953F246-7C60-450A-B3BA-5A976632C3CE}.Release|iPhone.Deploy.0 = Release|Any CPU
		{D953F246-7C60-450A-B3BA-5A976632C3CE}.Release|iPhoneSimulator.ActiveCfg = Release|Any CPU
		{D953F246-7C60-450A-B3BA-5A976632C3CE}.Release|iPhoneSimulator.Build.0 = Release|Any CPU
		{D953F246-7C60-450A-B3BA-5A976632C3CE}.Release|iPhoneSimulator.Deploy.0 = Release|Any CPU
		{D953F246-7C60-450A-B3BA-5A976632C3CE}.Release|x64.ActiveCfg = Release|Any CPU
		{D953F246-7C60-450A-B3BA-5A976632C3CE}.Release|x64.Build.0 = Release|Any CPU
		{D953F246-7C60-450A-B3BA-5A976632C3CE}.Release|x64.Deploy.0 = Release|Any CPU
		{D953F246-7C60-450A-B3BA-5A976632C3CE}.Release|x86.ActiveCfg = Release|Any CPU
		{D953F246-7C60-450A-B3BA-5A976632C3CE}.Release|x86.Build.0 = Release|Any CPU
		{D953F246-7C60-450A-B3BA-5A976632C3CE}.Release|x86.Deploy.0 = Release|Any CPU
	EndGlobalSection
	GlobalSection(SolutionProperties) = preSolution
		HideSolutionNode = FALSE
	EndGlobalSection
	GlobalSection(ExtensibilityGlobals) = postSolution
		SolutionGuid = {4236B628-C06B-4B77-A3C8-21567C81E6C7}
	EndGlobalSection
EndGlobal
