
Microsoft Visual Studio Solution File, Format Version 12.00
# Visual Studio 15
VisualStudioVersion = 15.0.28010.2019
MinimumVisualStudioVersion = 10.0.40219.1
Project("{FAE04EC0-301F-11D3-BF4B-00C04F79EFBC}") = "VisualElementSize.Android", "VisualElementSize\VisualElementSize.Android\VisualElementSize.Android.csproj", "{A11271B4-8339-4A49-ACF7-FFFB0C580A1E}"
EndProject
Project("{FAE04EC0-301F-11D3-BF4B-00C04F79EFBC}") = "VisualElementSize.iOS", "VisualElementSize\VisualElementSize.iOS\VisualElementSize.iOS.csproj", "{EDFF107F-E652-4C1B-910B-1DB90F7C55DF}"
EndProject
Project("{FAE04EC0-301F-11D3-BF4B-00C04F79EFBC}") = "VisualElementSize.UWP", "VisualElementSize\VisualElementSize.UWP\VisualElementSize.UWP.csproj", "{1D6C49E9-31C6-411D-AAA5-3E0AA06ECFB7}"
EndProject
Project("{FAE04EC0-301F-11D3-BF4B-00C04F79EFBC}") = "VisualElementSize", "VisualElementSize\VisualElementSize\VisualElementSize.csproj", "{23223B2A-F206-4210-B001-551481B4A981}"
EndProject
Global
	GlobalSection(SolutionConfigurationPlatforms) = preSolution
		Ad-Hoc|Any CPU = Ad-Hoc|Any CPU
		Ad-Hoc|ARM = Ad-Hoc|ARM
		Ad-Hoc|iPhone = Ad-Hoc|iPhone
		Ad-Hoc|iPhoneSimulator = Ad-Hoc|iPhoneSimulator
		Ad-Hoc|x64 = Ad-Hoc|x64
		Ad-Hoc|x86 = Ad-Hoc|x86
		AppStore|Any CPU = AppStore|Any CPU
		AppStore|ARM = AppStore|ARM
		AppStore|iPhone = AppStore|iPhone
		AppStore|iPhoneSimulator = AppStore|iPhoneSimulator
		AppStore|x64 = AppStore|x64
		AppStore|x86 = AppStore|x86
		Debug|Any CPU = Debug|Any CPU
		Debug|ARM = Debug|ARM
		Debug|iPhone = Debug|iPhone
		Debug|iPhoneSimulator = Debug|iPhoneSimulator
		Debug|x64 = Debug|x64
		Debug|x86 = Debug|x86
		Release|Any CPU = Release|Any CPU
		Release|ARM = Release|ARM
		Release|iPhone = Release|iPhone
		Release|iPhoneSimulator = Release|iPhoneSimulator
		Release|x64 = Release|x64
		Release|x86 = Release|x86
	EndGlobalSection
	GlobalSection(ProjectConfigurationPlatforms) = postSolution
		{A11271B4-8339-4A49-ACF7-FFFB0C580A1E}.Ad-Hoc|Any CPU.ActiveCfg = Release|Any CPU
		{A11271B4-8339-4A49-ACF7-FFFB0C580A1E}.Ad-Hoc|Any CPU.Build.0 = Release|Any CPU
		{A11271B4-8339-4A49-ACF7-FFFB0C580A1E}.Ad-Hoc|Any CPU.Deploy.0 = Release|Any CPU
		{A11271B4-8339-4A49-ACF7-FFFB0C580A1E}.Ad-Hoc|ARM.ActiveCfg = Release|Any CPU
		{A11271B4-8339-4A49-ACF7-FFFB0C580A1E}.Ad-Hoc|ARM.Build.0 = Release|Any CPU
		{A11271B4-8339-4A49-ACF7-FFFB0C580A1E}.Ad-Hoc|ARM.Deploy.0 = Release|Any CPU
		{A11271B4-8339-4A49-ACF7-FFFB0C580A1E}.Ad-Hoc|iPhone.ActiveCfg = Release|Any CPU
		{A11271B4-8339-4A49-ACF7-FFFB0C580A1E}.Ad-Hoc|iPhone.Build.0 = Release|Any CPU
		{A11271B4-8339-4A49-ACF7-FFFB0C580A1E}.Ad-Hoc|iPhone.Deploy.0 = Release|Any CPU
		{A11271B4-8339-4A49-ACF7-FFFB0C580A1E}.Ad-Hoc|iPhoneSimulator.ActiveCfg = Release|Any CPU
		{A11271B4-8339-4A49-ACF7-FFFB0C580A1E}.Ad-Hoc|iPhoneSimulator.Build.0 = Release|Any CPU
		{A11271B4-8339-4A49-ACF7-FFFB0C580A1E}.Ad-Hoc|iPhoneSimulator.Deploy.0 = Release|Any CPU
		{A11271B4-8339-4A49-ACF7-FFFB0C580A1E}.Ad-Hoc|x64.ActiveCfg = Release|Any CPU
		{A11271B4-8339-4A49-ACF7-FFFB0C580A1E}.Ad-Hoc|x64.Build.0 = Release|Any CPU
		{A11271B4-8339-4A49-ACF7-FFFB0C580A1E}.Ad-Hoc|x64.Deploy.0 = Release|Any CPU
		{A11271B4-8339-4A49-ACF7-FFFB0C580A1E}.Ad-Hoc|x86.ActiveCfg = Release|Any CPU
		{A11271B4-8339-4A49-ACF7-FFFB0C580A1E}.Ad-Hoc|x86.Build.0 = Release|Any CPU
		{A11271B4-8339-4A49-ACF7-FFFB0C580A1E}.Ad-Hoc|x86.Deploy.0 = Release|Any CPU
		{A11271B4-8339-4A49-ACF7-FFFB0C580A1E}.AppStore|Any CPU.ActiveCfg = Release|Any CPU
		{A11271B4-8339-4A49-ACF7-FFFB0C580A1E}.AppStore|Any CPU.Build.0 = Release|Any CPU
		{A11271B4-8339-4A49-ACF7-FFFB0C580A1E}.AppStore|Any CPU.Deploy.0 = Release|Any CPU
		{A11271B4-8339-4A49-ACF7-FFFB0C580A1E}.AppStore|ARM.ActiveCfg = Release|Any CPU
		{A11271B4-8339-4A49-ACF7-FFFB0C580A1E}.AppStore|ARM.Build.0 = Release|Any CPU
		{A11271B4-8339-4A49-ACF7-FFFB0C580A1E}.AppStore|ARM.Deploy.0 = Release|Any CPU
		{A11271B4-8339-4A49-ACF7-FFFB0C580A1E}.AppStore|iPhone.ActiveCfg = Release|Any CPU
		{A11271B4-8339-4A49-ACF7-FFFB0C580A1E}.AppStore|iPhone.Build.0 = Release|Any CPU
		{A11271B4-8339-4A49-ACF7-FFFB0C580A1E}.AppStore|iPhone.Deploy.0 = Release|Any CPU
		{A11271B4-8339-4A49-ACF7-FFFB0C580A1E}.AppStore|iPhoneSimulator.ActiveCfg = Release|Any CPU
		{A11271B4-8339-4A49-ACF7-FFFB0C580A1E}.AppStore|iPhoneSimulator.Build.0 = Release|Any CPU
		{A11271B4-8339-4A49-ACF7-FFFB0C580A1E}.AppStore|iPhoneSimulator.Deploy.0 = Release|Any CPU
		{A11271B4-8339-4A49-ACF7-FFFB0C580A1E}.AppStore|x64.ActiveCfg = Release|Any CPU
		{A11271B4-8339-4A49-ACF7-FFFB0C580A1E}.AppStore|x64.Build.0 = Release|Any CPU
		{A11271B4-8339-4A49-ACF7-FFFB0C580A1E}.AppStore|x64.Deploy.0 = Release|Any CPU
		{A11271B4-8339-4A49-ACF7-FFFB0C580A1E}.AppStore|x86.ActiveCfg = Release|Any CPU
		{A11271B4-8339-4A49-ACF7-FFFB0C580A1E}.AppStore|x86.Build.0 = Release|Any CPU
		{A11271B4-8339-4A49-ACF7-FFFB0C580A1E}.AppStore|x86.Deploy.0 = Release|Any CPU
		{A11271B4-8339-4A49-ACF7-FFFB0C580A1E}.Debug|Any CPU.ActiveCfg = Debug|Any CPU
		{A11271B4-8339-4A49-ACF7-FFFB0C580A1E}.Debug|Any CPU.Build.0 = Debug|Any CPU
		{A11271B4-8339-4A49-ACF7-FFFB0C580A1E}.Debug|Any CPU.Deploy.0 = Debug|Any CPU
		{A11271B4-8339-4A49-ACF7-FFFB0C580A1E}.Debug|ARM.ActiveCfg = Debug|Any CPU
		{A11271B4-8339-4A49-ACF7-FFFB0C580A1E}.Debug|ARM.Build.0 = Debug|Any CPU
		{A11271B4-8339-4A49-ACF7-FFFB0C580A1E}.Debug|ARM.Deploy.0 = Debug|Any CPU
		{A11271B4-8339-4A49-ACF7-FFFB0C580A1E}.Debug|iPhone.ActiveCfg = Debug|Any CPU
		{A11271B4-8339-4A49-ACF7-FFFB0C580A1E}.Debug|iPhone.Build.0 = Debug|Any CPU
		{A11271B4-8339-4A49-ACF7-FFFB0C580A1E}.Debug|iPhone.Deploy.0 = Debug|Any CPU
		{A11271B4-8339-4A49-ACF7-FFFB0C580A1E}.Debug|iPhoneSimulator.ActiveCfg = Debug|Any CPU
		{A11271B4-8339-4A49-ACF7-FFFB0C580A1E}.Debug|iPhoneSimulator.Build.0 = Debug|Any CPU
		{A11271B4-8339-4A49-ACF7-FFFB0C580A1E}.Debug|iPhoneSimulator.Deploy.0 = Debug|Any CPU
		{A11271B4-8339-4A49-ACF7-FFFB0C580A1E}.Debug|x64.ActiveCfg = Debug|Any CPU
		{A11271B4-8339-4A49-ACF7-FFFB0C580A1E}.Debug|x64.Build.0 = Debug|Any CPU
		{A11271B4-8339-4A49-ACF7-FFFB0C580A1E}.Debug|x64.Deploy.0 = Debug|Any CPU
		{A11271B4-8339-4A49-ACF7-FFFB0C580A1E}.Debug|x86.ActiveCfg = Debug|Any CPU
		{A11271B4-8339-4A49-ACF7-FFFB0C580A1E}.Debug|x86.Build.0 = Debug|Any CPU
		{A11271B4-8339-4A49-ACF7-FFFB0C580A1E}.Debug|x86.Deploy.0 = Debug|Any CPU
		{A11271B4-8339-4A49-ACF7-FFFB0C580A1E}.Release|Any CPU.ActiveCfg = Release|Any CPU
		{A11271B4-8339-4A49-ACF7-FFFB0C580A1E}.Release|Any CPU.Build.0 = Release|Any CPU
		{A11271B4-8339-4A49-ACF7-FFFB0C580A1E}.Release|Any CPU.Deploy.0 = Release|Any CPU
		{A11271B4-8339-4A49-ACF7-FFFB0C580A1E}.Release|ARM.ActiveCfg = Release|Any CPU
		{A11271B4-8339-4A49-ACF7-FFFB0C580A1E}.Release|ARM.Build.0 = Release|Any CPU
		{A11271B4-8339-4A49-ACF7-FFFB0C580A1E}.Release|ARM.Deploy.0 = Release|Any CPU
		{A11271B4-8339-4A49-ACF7-FFFB0C580A1E}.Release|iPhone.ActiveCfg = Release|Any CPU
		{A11271B4-8339-4A49-ACF7-FFFB0C580A1E}.Release|iPhone.Build.0 = Release|Any CPU
		{A11271B4-8339-4A49-ACF7-FFFB0C580A1E}.Release|iPhone.Deploy.0 = Release|Any CPU
		{A11271B4-8339-4A49-ACF7-FFFB0C580A1E}.Release|iPhoneSimulator.ActiveCfg = Release|Any CPU
		{A11271B4-8339-4A49-ACF7-FFFB0C580A1E}.Release|iPhoneSimulator.Build.0 = Release|Any CPU
		{A11271B4-8339-4A49-ACF7-FFFB0C580A1E}.Release|iPhoneSimulator.Deploy.0 = Release|Any CPU
		{A11271B4-8339-4A49-ACF7-FFFB0C580A1E}.Release|x64.ActiveCfg = Release|Any CPU
		{A11271B4-8339-4A49-ACF7-FFFB0C580A1E}.Release|x64.Build.0 = Release|Any CPU
		{A11271B4-8339-4A49-ACF7-FFFB0C580A1E}.Release|x64.Deploy.0 = Release|Any CPU
		{A11271B4-8339-4A49-ACF7-FFFB0C580A1E}.Release|x86.ActiveCfg = Release|Any CPU
		{A11271B4-8339-4A49-ACF7-FFFB0C580A1E}.Release|x86.Build.0 = Release|Any CPU
		{A11271B4-8339-4A49-ACF7-FFFB0C580A1E}.Release|x86.Deploy.0 = Release|Any CPU
		{EDFF107F-E652-4C1B-910B-1DB90F7C55DF}.Ad-Hoc|Any CPU.ActiveCfg = Ad-Hoc|iPhone
		{EDFF107F-E652-4C1B-910B-1DB90F7C55DF}.Ad-Hoc|Any CPU.Build.0 = Ad-Hoc|iPhone
		{EDFF107F-E652-4C1B-910B-1DB90F7C55DF}.Ad-Hoc|Any CPU.Deploy.0 = Ad-Hoc|iPhone
		{EDFF107F-E652-4C1B-910B-1DB90F7C55DF}.Ad-Hoc|ARM.ActiveCfg = Ad-Hoc|iPhone
		{EDFF107F-E652-4C1B-910B-1DB90F7C55DF}.Ad-Hoc|ARM.Build.0 = Ad-Hoc|iPhone
		{EDFF107F-E652-4C1B-910B-1DB90F7C55DF}.Ad-Hoc|ARM.Deploy.0 = Ad-Hoc|iPhone
		{EDFF107F-E652-4C1B-910B-1DB90F7C55DF}.Ad-Hoc|iPhone.ActiveCfg = Ad-Hoc|iPhone
		{EDFF107F-E652-4C1B-910B-1DB90F7C55DF}.Ad-Hoc|iPhone.Build.0 = Ad-Hoc|iPhone
		{EDFF107F-E652-4C1B-910B-1DB90F7C55DF}.Ad-Hoc|iPhone.Deploy.0 = Ad-Hoc|iPhone
		{EDFF107F-E652-4C1B-910B-1DB90F7C55DF}.Ad-Hoc|iPhoneSimulator.ActiveCfg = Ad-Hoc|iPhoneSimulator
		{EDFF107F-E652-4C1B-910B-1DB90F7C55DF}.Ad-Hoc|iPhoneSimulator.Build.0 = Ad-Hoc|iPhoneSimulator
		{EDFF107F-E652-4C1B-910B-1DB90F7C55DF}.Ad-Hoc|iPhoneSimulator.Deploy.0 = Ad-Hoc|iPhoneSimulator
		{EDFF107F-E652-4C1B-910B-1DB90F7C55DF}.Ad-Hoc|x64.ActiveCfg = Ad-Hoc|iPhone
		{EDFF107F-E652-4C1B-910B-1DB90F7C55DF}.Ad-Hoc|x64.Build.0 = Ad-Hoc|iPhone
		{EDFF107F-E652-4C1B-910B-1DB90F7C55DF}.Ad-Hoc|x64.Deploy.0 = Ad-Hoc|iPhone
		{EDFF107F-E652-4C1B-910B-1DB90F7C55DF}.Ad-Hoc|x86.ActiveCfg = Ad-Hoc|iPhone
		{EDFF107F-E652-4C1B-910B-1DB90F7C55DF}.Ad-Hoc|x86.Build.0 = Ad-Hoc|iPhone
		{EDFF107F-E652-4C1B-910B-1DB90F7C55DF}.Ad-Hoc|x86.Deploy.0 = Ad-Hoc|iPhone
		{EDFF107F-E652-4C1B-910B-1DB90F7C55DF}.AppStore|Any CPU.ActiveCfg = AppStore|iPhone
		{EDFF107F-E652-4C1B-910B-1DB90F7C55DF}.AppStore|Any CPU.Build.0 = AppStore|iPhone
		{EDFF107F-E652-4C1B-910B-1DB90F7C55DF}.AppStore|Any CPU.Deploy.0 = AppStore|iPhone
		{EDFF107F-E652-4C1B-910B-1DB90F7C55DF}.AppStore|ARM.ActiveCfg = AppStore|iPhone
		{EDFF107F-E652-4C1B-910B-1DB90F7C55DF}.AppStore|ARM.Build.0 = AppStore|iPhone
		{EDFF107F-E652-4C1B-910B-1DB90F7C55DF}.AppStore|ARM.Deploy.0 = AppStore|iPhone
		{EDFF107F-E652-4C1B-910B-1DB90F7C55DF}.AppStore|iPhone.ActiveCfg = AppStore|iPhone
		{EDFF107F-E652-4C1B-910B-1DB90F7C55DF}.AppStore|iPhone.Build.0 = AppStore|iPhone
		{EDFF107F-E652-4C1B-910B-1DB90F7C55DF}.AppStore|iPhone.Deploy.0 = AppStore|iPhone
		{EDFF107F-E652-4C1B-910B-1DB90F7C55DF}.AppStore|iPhoneSimulator.ActiveCfg = AppStore|iPhoneSimulator
		{EDFF107F-E652-4C1B-910B-1DB90F7C55DF}.AppStore|iPhoneSimulator.Build.0 = AppStore|iPhoneSimulator
		{EDFF107F-E652-4C1B-910B-1DB90F7C55DF}.AppStore|iPhoneSimulator.Deploy.0 = AppStore|iPhoneSimulator
		{EDFF107F-E652-4C1B-910B-1DB90F7C55DF}.AppStore|x64.ActiveCfg = AppStore|iPhone
		{EDFF107F-E652-4C1B-910B-1DB90F7C55DF}.AppStore|x64.Build.0 = AppStore|iPhone
		{EDFF107F-E652-4C1B-910B-1DB90F7C55DF}.AppStore|x64.Deploy.0 = AppStore|iPhone
		{EDFF107F-E652-4C1B-910B-1DB90F7C55DF}.AppStore|x86.ActiveCfg = AppStore|iPhone
		{EDFF107F-E652-4C1B-910B-1DB90F7C55DF}.AppStore|x86.Build.0 = AppStore|iPhone
		{EDFF107F-E652-4C1B-910B-1DB90F7C55DF}.AppStore|x86.Deploy.0 = AppStore|iPhone
		{EDFF107F-E652-4C1B-910B-1DB90F7C55DF}.Debug|Any CPU.ActiveCfg = Debug|iPhoneSimulator
		{EDFF107F-E652-4C1B-910B-1DB90F7C55DF}.Debug|Any CPU.Build.0 = Debug|iPhoneSimulator
		{EDFF107F-E652-4C1B-910B-1DB90F7C55DF}.Debug|Any CPU.Deploy.0 = Debug|iPhoneSimulator
		{EDFF107F-E652-4C1B-910B-1DB90F7C55DF}.Debug|ARM.ActiveCfg = Debug|iPhone
		{EDFF107F-E652-4C1B-910B-1DB90F7C55DF}.Debug|ARM.Build.0 = Debug|iPhone
		{EDFF107F-E652-4C1B-910B-1DB90F7C55DF}.Debug|ARM.Deploy.0 = Debug|iPhone
		{EDFF107F-E652-4C1B-910B-1DB90F7C55DF}.Debug|iPhone.ActiveCfg = Debug|iPhone
		{EDFF107F-E652-4C1B-910B-1DB90F7C55DF}.Debug|iPhone.Build.0 = Debug|iPhone
		{EDFF107F-E652-4C1B-910B-1DB90F7C55DF}.Debug|iPhone.Deploy.0 = Debug|iPhone
		{EDFF107F-E652-4C1B-910B-1DB90F7C55DF}.Debug|iPhoneSimulator.ActiveCfg = Debug|iPhoneSimulator
		{EDFF107F-E652-4C1B-910B-1DB90F7C55DF}.Debug|iPhoneSimulator.Build.0 = Debug|iPhoneSimulator
		{EDFF107F-E652-4C1B-910B-1DB90F7C55DF}.Debug|iPhoneSimulator.Deploy.0 = Debug|iPhoneSimulator
		{EDFF107F-E652-4C1B-910B-1DB90F7C55DF}.Debug|x64.ActiveCfg = Debug|iPhone
		{EDFF107F-E652-4C1B-910B-1DB90F7C55DF}.Debug|x64.Build.0 = Debug|iPhone
		{EDFF107F-E652-4C1B-910B-1DB90F7C55DF}.Debug|x64.Deploy.0 = Debug|iPhone
		{EDFF107F-E652-4C1B-910B-1DB90F7C55DF}.Debug|x86.ActiveCfg = Debug|iPhone
		{EDFF107F-E652-4C1B-910B-1DB90F7C55DF}.Debug|x86.Build.0 = Debug|iPhone
		{EDFF107F-E652-4C1B-910B-1DB90F7C55DF}.Debug|x86.Deploy.0 = Debug|iPhone
		{EDFF107F-E652-4C1B-910B-1DB90F7C55DF}.Release|Any CPU.ActiveCfg = Release|iPhone
		{EDFF107F-E652-4C1B-910B-1DB90F7C55DF}.Release|Any CPU.Build.0 = Release|iPhone
		{EDFF107F-E652-4C1B-910B-1DB90F7C55DF}.Release|Any CPU.Deploy.0 = Release|iPhone
		{EDFF107F-E652-4C1B-910B-1DB90F7C55DF}.Release|ARM.ActiveCfg = Release|iPhone
		{EDFF107F-E652-4C1B-910B-1DB90F7C55DF}.Release|ARM.Build.0 = Release|iPhone
		{EDFF107F-E652-4C1B-910B-1DB90F7C55DF}.Release|ARM.Deploy.0 = Release|iPhone
		{EDFF107F-E652-4C1B-910B-1DB90F7C55DF}.Release|iPhone.ActiveCfg = Release|iPhone
		{EDFF107F-E652-4C1B-910B-1DB90F7C55DF}.Release|iPhone.Build.0 = Release|iPhone
		{EDFF107F-E652-4C1B-910B-1DB90F7C55DF}.Release|iPhone.Deploy.0 = Release|iPhone
		{EDFF107F-E652-4C1B-910B-1DB90F7C55DF}.Release|iPhoneSimulator.ActiveCfg = Release|iPhoneSimulator
		{EDFF107F-E652-4C1B-910B-1DB90F7C55DF}.Release|iPhoneSimulator.Build.0 = Release|iPhoneSimulator
		{EDFF107F-E652-4C1B-910B-1DB90F7C55DF}.Release|iPhoneSimulator.Deploy.0 = Release|iPhoneSimulator
		{EDFF107F-E652-4C1B-910B-1DB90F7C55DF}.Release|x64.ActiveCfg = Release|iPhone
		{EDFF107F-E652-4C1B-910B-1DB90F7C55DF}.Release|x64.Build.0 = Release|iPhone
		{EDFF107F-E652-4C1B-910B-1DB90F7C55DF}.Release|x64.Deploy.0 = Release|iPhone
		{EDFF107F-E652-4C1B-910B-1DB90F7C55DF}.Release|x86.ActiveCfg = Release|iPhone
		{EDFF107F-E652-4C1B-910B-1DB90F7C55DF}.Release|x86.Build.0 = Release|iPhone
		{EDFF107F-E652-4C1B-910B-1DB90F7C55DF}.Release|x86.Deploy.0 = Release|iPhone
		{1D6C49E9-31C6-411D-AAA5-3E0AA06ECFB7}.Ad-Hoc|Any CPU.ActiveCfg = Release|x86
		{1D6C49E9-31C6-411D-AAA5-3E0AA06ECFB7}.Ad-Hoc|Any CPU.Build.0 = Release|x86
		{1D6C49E9-31C6-411D-AAA5-3E0AA06ECFB7}.Ad-Hoc|Any CPU.Deploy.0 = Release|x86
		{1D6C49E9-31C6-411D-AAA5-3E0AA06ECFB7}.Ad-Hoc|ARM.ActiveCfg = Release|ARM
		{1D6C49E9-31C6-411D-AAA5-3E0AA06ECFB7}.Ad-Hoc|ARM.Build.0 = Release|ARM
		{1D6C49E9-31C6-411D-AAA5-3E0AA06ECFB7}.Ad-Hoc|ARM.Deploy.0 = Release|ARM
		{1D6C49E9-31C6-411D-AAA5-3E0AA06ECFB7}.Ad-Hoc|iPhone.ActiveCfg = Release|x86
		{1D6C49E9-31C6-411D-AAA5-3E0AA06ECFB7}.Ad-Hoc|iPhone.Build.0 = Release|x86
		{1D6C49E9-31C6-411D-AAA5-3E0AA06ECFB7}.Ad-Hoc|iPhone.Deploy.0 = Release|x86
		{1D6C49E9-31C6-411D-AAA5-3E0AA06ECFB7}.Ad-Hoc|iPhoneSimulator.ActiveCfg = Release|x86
		{1D6C49E9-31C6-411D-AAA5-3E0AA06ECFB7}.Ad-Hoc|iPhoneSimulator.Build.0 = Release|x86
		{1D6C49E9-31C6-411D-AAA5-3E0AA06ECFB7}.Ad-Hoc|iPhoneSimulator.Deploy.0 = Release|x86
		{1D6C49E9-31C6-411D-AAA5-3E0AA06ECFB7}.Ad-Hoc|x64.ActiveCfg = Release|x64
		{1D6C49E9-31C6-411D-AAA5-3E0AA06ECFB7}.Ad-Hoc|x64.Build.0 = Release|x64
		{1D6C49E9-31C6-411D-AAA5-3E0AA06ECFB7}.Ad-Hoc|x64.Deploy.0 = Release|x64
		{1D6C49E9-31C6-411D-AAA5-3E0AA06ECFB7}.Ad-Hoc|x86.ActiveCfg = Release|x86
		{1D6C49E9-31C6-411D-AAA5-3E0AA06ECFB7}.Ad-Hoc|x86.Build.0 = Release|x86
		{1D6C49E9-31C6-411D-AAA5-3E0AA06ECFB7}.Ad-Hoc|x86.Deploy.0 = Release|x86
		{1D6C49E9-31C6-411D-AAA5-3E0AA06ECFB7}.AppStore|Any CPU.ActiveCfg = Release|x86
		{1D6C49E9-31C6-411D-AAA5-3E0AA06ECFB7}.AppStore|Any CPU.Build.0 = Release|x86
		{1D6C49E9-31C6-411D-AAA5-3E0AA06ECFB7}.AppStore|Any CPU.Deploy.0 = Release|x86
		{1D6C49E9-31C6-411D-AAA5-3E0AA06ECFB7}.AppStore|ARM.ActiveCfg = Release|ARM
		{1D6C49E9-31C6-411D-AAA5-3E0AA06ECFB7}.AppStore|ARM.Build.0 = Release|ARM
		{1D6C49E9-31C6-411D-AAA5-3E0AA06ECFB7}.AppStore|ARM.Deploy.0 = Release|ARM
		{1D6C49E9-31C6-411D-AAA5-3E0AA06ECFB7}.AppStore|iPhone.ActiveCfg = Release|x86
		{1D6C49E9-31C6-411D-AAA5-3E0AA06ECFB7}.AppStore|iPhone.Build.0 = Release|x86
		{1D6C49E9-31C6-411D-AAA5-3E0AA06ECFB7}.AppStore|iPhone.Deploy.0 = Release|x86
		{1D6C49E9-31C6-411D-AAA5-3E0AA06ECFB7}.AppStore|iPhoneSimulator.ActiveCfg = Release|x86
		{1D6C49E9-31C6-411D-AAA5-3E0AA06ECFB7}.AppStore|iPhoneSimulator.Build.0 = Release|x86
		{1D6C49E9-31C6-411D-AAA5-3E0AA06ECFB7}.AppStore|iPhoneSimulator.Deploy.0 = Release|x86
		{1D6C49E9-31C6-411D-AAA5-3E0AA06ECFB7}.AppStore|x64.ActiveCfg = Release|x64
		{1D6C49E9-31C6-411D-AAA5-3E0AA06ECFB7}.AppStore|x64.Build.0 = Release|x64
		{1D6C49E9-31C6-411D-AAA5-3E0AA06ECFB7}.AppStore|x64.Deploy.0 = Release|x64
		{1D6C49E9-31C6-411D-AAA5-3E0AA06ECFB7}.AppStore|x86.ActiveCfg = Release|x86
		{1D6C49E9-31C6-411D-AAA5-3E0AA06ECFB7}.AppStore|x86.Build.0 = Release|x86
		{1D6C49E9-31C6-411D-AAA5-3E0AA06ECFB7}.AppStore|x86.Deploy.0 = Release|x86
		{1D6C49E9-31C6-411D-AAA5-3E0AA06ECFB7}.Debug|Any CPU.ActiveCfg = Debug|x86
		{1D6C49E9-31C6-411D-AAA5-3E0AA06ECFB7}.Debug|Any CPU.Build.0 = Debug|x86
		{1D6C49E9-31C6-411D-AAA5-3E0AA06ECFB7}.Debug|Any CPU.Deploy.0 = Debug|x86
		{1D6C49E9-31C6-411D-AAA5-3E0AA06ECFB7}.Debug|ARM.ActiveCfg = Debug|ARM
		{1D6C49E9-31C6-411D-AAA5-3E0AA06ECFB7}.Debug|ARM.Build.0 = Debug|ARM
		{1D6C49E9-31C6-411D-AAA5-3E0AA06ECFB7}.Debug|ARM.Deploy.0 = Debug|ARM
		{1D6C49E9-31C6-411D-AAA5-3E0AA06ECFB7}.Debug|iPhone.ActiveCfg = Debug|x86
		{1D6C49E9-31C6-411D-AAA5-3E0AA06ECFB7}.Debug|iPhone.Build.0 = Debug|x86
		{1D6C49E9-31C6-411D-AAA5-3E0AA06ECFB7}.Debug|iPhone.Deploy.0 = Debug|x86
		{1D6C49E9-31C6-411D-AAA5-3E0AA06ECFB7}.Debug|iPhoneSimulator.ActiveCfg = Debug|x86
		{1D6C49E9-31C6-411D-AAA5-3E0AA06ECFB7}.Debug|iPhoneSimulator.Build.0 = Debug|x86
		{1D6C49E9-31C6-411D-AAA5-3E0AA06ECFB7}.Debug|iPhoneSimulator.Deploy.0 = Debug|x86
		{1D6C49E9-31C6-411D-AAA5-3E0AA06ECFB7}.Debug|x64.ActiveCfg = Debug|x64
		{1D6C49E9-31C6-411D-AAA5-3E0AA06ECFB7}.Debug|x64.Build.0 = Debug|x64
		{1D6C49E9-31C6-411D-AAA5-3E0AA06ECFB7}.Debug|x64.Deploy.0 = Debug|x64
		{1D6C49E9-31C6-411D-AAA5-3E0AA06ECFB7}.Debug|x86.ActiveCfg = Debug|x86
		{1D6C49E9-31C6-411D-AAA5-3E0AA06ECFB7}.Debug|x86.Build.0 = Debug|x86
		{1D6C49E9-31C6-411D-AAA5-3E0AA06ECFB7}.Debug|x86.Deploy.0 = Debug|x86
		{1D6C49E9-31C6-411D-AAA5-3E0AA06ECFB7}.Release|Any CPU.ActiveCfg = Release|x86
		{1D6C49E9-31C6-411D-AAA5-3E0AA06ECFB7}.Release|Any CPU.Build.0 = Release|x86
		{1D6C49E9-31C6-411D-AAA5-3E0AA06ECFB7}.Release|Any CPU.Deploy.0 = Release|x86
		{1D6C49E9-31C6-411D-AAA5-3E0AA06ECFB7}.Release|ARM.ActiveCfg = Release|ARM
		{1D6C49E9-31C6-411D-AAA5-3E0AA06ECFB7}.Release|ARM.Build.0 = Release|ARM
		{1D6C49E9-31C6-411D-AAA5-3E0AA06ECFB7}.Release|ARM.Deploy.0 = Release|ARM
		{1D6C49E9-31C6-411D-AAA5-3E0AA06ECFB7}.Release|iPhone.ActiveCfg = Release|x86
		{1D6C49E9-31C6-411D-AAA5-3E0AA06ECFB7}.Release|iPhone.Build.0 = Release|x86
		{1D6C49E9-31C6-411D-AAA5-3E0AA06ECFB7}.Release|iPhone.Deploy.0 = Release|x86
		{1D6C49E9-31C6-411D-AAA5-3E0AA06ECFB7}.Release|iPhoneSimulator.ActiveCfg = Release|x86
		{1D6C49E9-31C6-411D-AAA5-3E0AA06ECFB7}.Release|iPhoneSimulator.Build.0 = Release|x86
		{1D6C49E9-31C6-411D-AAA5-3E0AA06ECFB7}.Release|iPhoneSimulator.Deploy.0 = Release|x86
		{1D6C49E9-31C6-411D-AAA5-3E0AA06ECFB7}.Release|x64.ActiveCfg = Release|x64
		{1D6C49E9-31C6-411D-AAA5-3E0AA06ECFB7}.Release|x64.Build.0 = Release|x64
		{1D6C49E9-31C6-411D-AAA5-3E0AA06ECFB7}.Release|x64.Deploy.0 = Release|x64
		{1D6C49E9-31C6-411D-AAA5-3E0AA06ECFB7}.Release|x86.ActiveCfg = Release|x86
		{1D6C49E9-31C6-411D-AAA5-3E0AA06ECFB7}.Release|x86.Build.0 = Release|x86
		{1D6C49E9-31C6-411D-AAA5-3E0AA06ECFB7}.Release|x86.Deploy.0 = Release|x86
		{23223B2A-F206-4210-B001-551481B4A981}.Ad-Hoc|Any CPU.ActiveCfg = Debug|Any CPU
		{23223B2A-F206-4210-B001-551481B4A981}.Ad-Hoc|Any CPU.Build.0 = Debug|Any CPU
		{23223B2A-F206-4210-B001-551481B4A981}.Ad-Hoc|Any CPU.Deploy.0 = Debug|Any CPU
		{23223B2A-F206-4210-B001-551481B4A981}.Ad-Hoc|ARM.ActiveCfg = Debug|Any CPU
		{23223B2A-F206-4210-B001-551481B4A981}.Ad-Hoc|ARM.Build.0 = Debug|Any CPU
		{23223B2A-F206-4210-B001-551481B4A981}.Ad-Hoc|ARM.Deploy.0 = Debug|Any CPU
		{23223B2A-F206-4210-B001-551481B4A981}.Ad-Hoc|iPhone.ActiveCfg = Debug|Any CPU
		{23223B2A-F206-4210-B001-551481B4A981}.Ad-Hoc|iPhone.Build.0 = Debug|Any CPU
		{23223B2A-F206-4210-B001-551481B4A981}.Ad-Hoc|iPhone.Deploy.0 = Debug|Any CPU
		{23223B2A-F206-4210-B001-551481B4A981}.Ad-Hoc|iPhoneSimulator.ActiveCfg = Debug|Any CPU
		{23223B2A-F206-4210-B001-551481B4A981}.Ad-Hoc|iPhoneSimulator.Build.0 = Debug|Any CPU
		{23223B2A-F206-4210-B001-551481B4A981}.Ad-Hoc|iPhoneSimulator.Deploy.0 = Debug|Any CPU
		{23223B2A-F206-4210-B001-551481B4A981}.Ad-Hoc|x64.ActiveCfg = Debug|Any CPU
		{23223B2A-F206-4210-B001-551481B4A981}.Ad-Hoc|x64.Build.0 = Debug|Any CPU
		{23223B2A-F206-4210-B001-551481B4A981}.Ad-Hoc|x64.Deploy.0 = Debug|Any CPU
		{23223B2A-F206-4210-B001-551481B4A981}.Ad-Hoc|x86.ActiveCfg = Debug|Any CPU
		{23223B2A-F206-4210-B001-551481B4A981}.Ad-Hoc|x86.Build.0 = Debug|Any CPU
		{23223B2A-F206-4210-B001-551481B4A981}.Ad-Hoc|x86.Deploy.0 = Debug|Any CPU
		{23223B2A-F206-4210-B001-551481B4A981}.AppStore|Any CPU.ActiveCfg = Debug|Any CPU
		{23223B2A-F206-4210-B001-551481B4A981}.AppStore|Any CPU.Build.0 = Debug|Any CPU
		{23223B2A-F206-4210-B001-551481B4A981}.AppStore|Any CPU.Deploy.0 = Debug|Any CPU
		{23223B2A-F206-4210-B001-551481B4A981}.AppStore|ARM.ActiveCfg = Debug|Any CPU
		{23223B2A-F206-4210-B001-551481B4A981}.AppStore|ARM.Build.0 = Debug|Any CPU
		{23223B2A-F206-4210-B001-551481B4A981}.AppStore|ARM.Deploy.0 = Debug|Any CPU
		{23223B2A-F206-4210-B001-551481B4A981}.AppStore|iPhone.ActiveCfg = Debug|Any CPU
		{23223B2A-F206-4210-B001-551481B4A981}.AppStore|iPhone.Build.0 = Debug|Any CPU
		{23223B2A-F206-4210-B001-551481B4A981}.AppStore|iPhone.Deploy.0 = Debug|Any CPU
		{23223B2A-F206-4210-B001-551481B4A981}.AppStore|iPhoneSimulator.ActiveCfg = Debug|Any CPU
		{23223B2A-F206-4210-B001-551481B4A981}.AppStore|iPhoneSimulator.Build.0 = Debug|Any CPU
		{23223B2A-F206-4210-B001-551481B4A981}.AppStore|iPhoneSimulator.Deploy.0 = Debug|Any CPU
		{23223B2A-F206-4210-B001-551481B4A981}.AppStore|x64.ActiveCfg = Debug|Any CPU
		{23223B2A-F206-4210-B001-551481B4A981}.AppStore|x64.Build.0 = Debug|Any CPU
		{23223B2A-F206-4210-B001-551481B4A981}.AppStore|x64.Deploy.0 = Debug|Any CPU
		{23223B2A-F206-4210-B001-551481B4A981}.AppStore|x86.ActiveCfg = Debug|Any CPU
		{23223B2A-F206-4210-B001-551481B4A981}.AppStore|x86.Build.0 = Debug|Any CPU
		{23223B2A-F206-4210-B001-551481B4A981}.AppStore|x86.Deploy.0 = Debug|Any CPU
		{23223B2A-F206-4210-B001-551481B4A981}.Debug|Any CPU.ActiveCfg = Debug|Any CPU
		{23223B2A-F206-4210-B001-551481B4A981}.Debug|Any CPU.Build.0 = Debug|Any CPU
		{23223B2A-F206-4210-B001-551481B4A981}.Debug|Any CPU.Deploy.0 = Debug|Any CPU
		{23223B2A-F206-4210-B001-551481B4A981}.Debug|ARM.ActiveCfg = Debug|Any CPU
		{23223B2A-F206-4210-B001-551481B4A981}.Debug|ARM.Build.0 = Debug|Any CPU
		{23223B2A-F206-4210-B001-551481B4A981}.Debug|ARM.Deploy.0 = Debug|Any CPU
		{23223B2A-F206-4210-B001-551481B4A981}.Debug|iPhone.ActiveCfg = Debug|Any CPU
		{23223B2A-F206-4210-B001-551481B4A981}.Debug|iPhone.Build.0 = Debug|Any CPU
		{23223B2A-F206-4210-B001-551481B4A981}.Debug|iPhone.Deploy.0 = Debug|Any CPU
		{23223B2A-F206-4210-B001-551481B4A981}.Debug|iPhoneSimulator.ActiveCfg = Debug|Any CPU
		{23223B2A-F206-4210-B001-551481B4A981}.Debug|iPhoneSimulator.Build.0 = Debug|Any CPU
		{23223B2A-F206-4210-B001-551481B4A981}.Debug|iPhoneSimulator.Deploy.0 = Debug|Any CPU
		{23223B2A-F206-4210-B001-551481B4A981}.Debug|x64.ActiveCfg = Debug|Any CPU
		{23223B2A-F206-4210-B001-551481B4A981}.Debug|x64.Build.0 = Debug|Any CPU
		{23223B2A-F206-4210-B001-551481B4A981}.Debug|x64.Deploy.0 = Debug|Any CPU
		{23223B2A-F206-4210-B001-551481B4A981}.Debug|x86.ActiveCfg = Debug|Any CPU
		{23223B2A-F206-4210-B001-551481B4A981}.Debug|x86.Build.0 = Debug|Any CPU
		{23223B2A-F206-4210-B001-551481B4A981}.Debug|x86.Deploy.0 = Debug|Any CPU
		{23223B2A-F206-4210-B001-551481B4A981}.Release|Any CPU.ActiveCfg = Release|Any CPU
		{23223B2A-F206-4210-B001-551481B4A981}.Release|Any CPU.Build.0 = Release|Any CPU
		{23223B2A-F206-4210-B001-551481B4A981}.Release|Any CPU.Deploy.0 = Release|Any CPU
		{23223B2A-F206-4210-B001-551481B4A981}.Release|ARM.ActiveCfg = Release|Any CPU
		{23223B2A-F206-4210-B001-551481B4A981}.Release|ARM.Build.0 = Release|Any CPU
		{23223B2A-F206-4210-B001-551481B4A981}.Release|ARM.Deploy.0 = Release|Any CPU
		{23223B2A-F206-4210-B001-551481B4A981}.Release|iPhone.ActiveCfg = Release|Any CPU
		{23223B2A-F206-4210-B001-551481B4A981}.Release|iPhone.Build.0 = Release|Any CPU
		{23223B2A-F206-4210-B001-551481B4A981}.Release|iPhone.Deploy.0 = Release|Any CPU
		{23223B2A-F206-4210-B001-551481B4A981}.Release|iPhoneSimulator.ActiveCfg = Release|Any CPU
		{23223B2A-F206-4210-B001-551481B4A981}.Release|iPhoneSimulator.Build.0 = Release|Any CPU
		{23223B2A-F206-4210-B001-551481B4A981}.Release|iPhoneSimulator.Deploy.0 = Release|Any CPU
		{23223B2A-F206-4210-B001-551481B4A981}.Release|x64.ActiveCfg = Release|Any CPU
		{23223B2A-F206-4210-B001-551481B4A981}.Release|x64.Build.0 = Release|Any CPU
		{23223B2A-F206-4210-B001-551481B4A981}.Release|x64.Deploy.0 = Release|Any CPU
		{23223B2A-F206-4210-B001-551481B4A981}.Release|x86.ActiveCfg = Release|Any CPU
		{23223B2A-F206-4210-B001-551481B4A981}.Release|x86.Build.0 = Release|Any CPU
		{23223B2A-F206-4210-B001-551481B4A981}.Release|x86.Deploy.0 = Release|Any CPU
	EndGlobalSection
	GlobalSection(SolutionProperties) = preSolution
		HideSolutionNode = FALSE
	EndGlobalSection
	GlobalSection(ExtensibilityGlobals) = postSolution
		SolutionGuid = {BAAF4283-998C-42D5-98E5-D1355544B86C}
	EndGlobalSection
EndGlobal
