
Microsoft Visual Studio Solution File, Format Version 12.00
# Visual Studio 15
VisualStudioVersion = 15.0.28010.2019
MinimumVisualStudioVersion = 10.0.40219.1
Project("{FAE04EC0-301F-11D3-BF4B-00C04F79EFBC}") = "TabbedDemo.Android", "TabbedDemo\TabbedDemo.Android\TabbedDemo.Android.csproj", "{D1CB4411-9FE8-4900-A7C1-577FE24A808F}"
EndProject
Project("{FAE04EC0-301F-11D3-BF4B-00C04F79EFBC}") = "TabbedDemo.iOS", "TabbedDemo\TabbedDemo.iOS\TabbedDemo.iOS.csproj", "{255538C7-FF34-48F2-9A98-75391B630BFB}"
EndProject
Project("{FAE04EC0-301F-11D3-BF4B-00C04F79EFBC}") = "TabbedDemo.UWP", "TabbedDemo\TabbedDemo.UWP\TabbedDemo.UWP.csproj", "{DA14F03D-601D-4B41-B4BC-37B99F1C60D9}"
EndProject
Project("{FAE04EC0-301F-11D3-BF4B-00C04F79EFBC}") = "TabbedDemo", "TabbedDemo\TabbedDemo\TabbedDemo.csproj", "{3406C3CA-6C9C-43A4-9AFC-8A71D4859CFA}"
EndProject
Global
	GlobalSection(SolutionConfigurationPlatforms) = preSolution
		Ad-Hoc|Any CPU = Ad-Hoc|Any CPU
		Ad-Hoc|ARM = Ad-Hoc|ARM
		Ad-Hoc|iPhone = Ad-Hoc|iPhone
		Ad-Hoc|iPhoneSimulator = Ad-Hoc|iPhoneSimulator
		Ad-Hoc|x64 = Ad-Hoc|x64
		Ad-Hoc|x86 = Ad-Hoc|x86
		AppStore|Any CPU = AppStore|Any CPU
		AppStore|ARM = AppStore|ARM
		AppStore|iPhone = AppStore|iPhone
		AppStore|iPhoneSimulator = AppStore|iPhoneSimulator
		AppStore|x64 = AppStore|x64
		AppStore|x86 = AppStore|x86
		Debug|Any CPU = Debug|Any CPU
		Debug|ARM = Debug|ARM
		Debug|iPhone = Debug|iPhone
		Debug|iPhoneSimulator = Debug|iPhoneSimulator
		Debug|x64 = Debug|x64
		Debug|x86 = Debug|x86
		Release|Any CPU = Release|Any CPU
		Release|ARM = Release|ARM
		Release|iPhone = Release|iPhone
		Release|iPhoneSimulator = Release|iPhoneSimulator
		Release|x64 = Release|x64
		Release|x86 = Release|x86
	EndGlobalSection
	GlobalSection(ProjectConfigurationPlatforms) = postSolution
		{D1CB4411-9FE8-4900-A7C1-577FE24A808F}.Ad-Hoc|Any CPU.ActiveCfg = Release|Any CPU
		{D1CB4411-9FE8-4900-A7C1-577FE24A808F}.Ad-Hoc|Any CPU.Build.0 = Release|Any CPU
		{D1CB4411-9FE8-4900-A7C1-577FE24A808F}.Ad-Hoc|Any CPU.Deploy.0 = Release|Any CPU
		{D1CB4411-9FE8-4900-A7C1-577FE24A808F}.Ad-Hoc|ARM.ActiveCfg = Release|Any CPU
		{D1CB4411-9FE8-4900-A7C1-577FE24A808F}.Ad-Hoc|ARM.Build.0 = Release|Any CPU
		{D1CB4411-9FE8-4900-A7C1-577FE24A808F}.Ad-Hoc|ARM.Deploy.0 = Release|Any CPU
		{D1CB4411-9FE8-4900-A7C1-577FE24A808F}.Ad-Hoc|iPhone.ActiveCfg = Release|Any CPU
		{D1CB4411-9FE8-4900-A7C1-577FE24A808F}.Ad-Hoc|iPhone.Build.0 = Release|Any CPU
		{D1CB4411-9FE8-4900-A7C1-577FE24A808F}.Ad-Hoc|iPhone.Deploy.0 = Release|Any CPU
		{D1CB4411-9FE8-4900-A7C1-577FE24A808F}.Ad-Hoc|iPhoneSimulator.ActiveCfg = Release|Any CPU
		{D1CB4411-9FE8-4900-A7C1-577FE24A808F}.Ad-Hoc|iPhoneSimulator.Build.0 = Release|Any CPU
		{D1CB4411-9FE8-4900-A7C1-577FE24A808F}.Ad-Hoc|iPhoneSimulator.Deploy.0 = Release|Any CPU
		{D1CB4411-9FE8-4900-A7C1-577FE24A808F}.Ad-Hoc|x64.ActiveCfg = Release|Any CPU
		{D1CB4411-9FE8-4900-A7C1-577FE24A808F}.Ad-Hoc|x64.Build.0 = Release|Any CPU
		{D1CB4411-9FE8-4900-A7C1-577FE24A808F}.Ad-Hoc|x64.Deploy.0 = Release|Any CPU
		{D1CB4411-9FE8-4900-A7C1-577FE24A808F}.Ad-Hoc|x86.ActiveCfg = Release|Any CPU
		{D1CB4411-9FE8-4900-A7C1-577FE24A808F}.Ad-Hoc|x86.Build.0 = Release|Any CPU
		{D1CB4411-9FE8-4900-A7C1-577FE24A808F}.Ad-Hoc|x86.Deploy.0 = Release|Any CPU
		{D1CB4411-9FE8-4900-A7C1-577FE24A808F}.AppStore|Any CPU.ActiveCfg = Release|Any CPU
		{D1CB4411-9FE8-4900-A7C1-577FE24A808F}.AppStore|Any CPU.Build.0 = Release|Any CPU
		{D1CB4411-9FE8-4900-A7C1-577FE24A808F}.AppStore|Any CPU.Deploy.0 = Release|Any CPU
		{D1CB4411-9FE8-4900-A7C1-577FE24A808F}.AppStore|ARM.ActiveCfg = Release|Any CPU
		{D1CB4411-9FE8-4900-A7C1-577FE24A808F}.AppStore|ARM.Build.0 = Release|Any CPU
		{D1CB4411-9FE8-4900-A7C1-577FE24A808F}.AppStore|ARM.Deploy.0 = Release|Any CPU
		{D1CB4411-9FE8-4900-A7C1-577FE24A808F}.AppStore|iPhone.ActiveCfg = Release|Any CPU
		{D1CB4411-9FE8-4900-A7C1-577FE24A808F}.AppStore|iPhone.Build.0 = Release|Any CPU
		{D1CB4411-9FE8-4900-A7C1-577FE24A808F}.AppStore|iPhone.Deploy.0 = Release|Any CPU
		{D1CB4411-9FE8-4900-A7C1-577FE24A808F}.AppStore|iPhoneSimulator.ActiveCfg = Release|Any CPU
		{D1CB4411-9FE8-4900-A7C1-577FE24A808F}.AppStore|iPhoneSimulator.Build.0 = Release|Any CPU
		{D1CB4411-9FE8-4900-A7C1-577FE24A808F}.AppStore|iPhoneSimulator.Deploy.0 = Release|Any CPU
		{D1CB4411-9FE8-4900-A7C1-577FE24A808F}.AppStore|x64.ActiveCfg = Release|Any CPU
		{D1CB4411-9FE8-4900-A7C1-577FE24A808F}.AppStore|x64.Build.0 = Release|Any CPU
		{D1CB4411-9FE8-4900-A7C1-577FE24A808F}.AppStore|x64.Deploy.0 = Release|Any CPU
		{D1CB4411-9FE8-4900-A7C1-577FE24A808F}.AppStore|x86.ActiveCfg = Release|Any CPU
		{D1CB4411-9FE8-4900-A7C1-577FE24A808F}.AppStore|x86.Build.0 = Release|Any CPU
		{D1CB4411-9FE8-4900-A7C1-577FE24A808F}.AppStore|x86.Deploy.0 = Release|Any CPU
		{D1CB4411-9FE8-4900-A7C1-577FE24A808F}.Debug|Any CPU.ActiveCfg = Debug|Any CPU
		{D1CB4411-9FE8-4900-A7C1-577FE24A808F}.Debug|Any CPU.Build.0 = Debug|Any CPU
		{D1CB4411-9FE8-4900-A7C1-577FE24A808F}.Debug|Any CPU.Deploy.0 = Debug|Any CPU
		{D1CB4411-9FE8-4900-A7C1-577FE24A808F}.Debug|ARM.ActiveCfg = Debug|Any CPU
		{D1CB4411-9FE8-4900-A7C1-577FE24A808F}.Debug|ARM.Build.0 = Debug|Any CPU
		{D1CB4411-9FE8-4900-A7C1-577FE24A808F}.Debug|ARM.Deploy.0 = Debug|Any CPU
		{D1CB4411-9FE8-4900-A7C1-577FE24A808F}.Debug|iPhone.ActiveCfg = Debug|Any CPU
		{D1CB4411-9FE8-4900-A7C1-577FE24A808F}.Debug|iPhone.Build.0 = Debug|Any CPU
		{D1CB4411-9FE8-4900-A7C1-577FE24A808F}.Debug|iPhone.Deploy.0 = Debug|Any CPU
		{D1CB4411-9FE8-4900-A7C1-577FE24A808F}.Debug|iPhoneSimulator.ActiveCfg = Debug|Any CPU
		{D1CB4411-9FE8-4900-A7C1-577FE24A808F}.Debug|iPhoneSimulator.Build.0 = Debug|Any CPU
		{D1CB4411-9FE8-4900-A7C1-577FE24A808F}.Debug|iPhoneSimulator.Deploy.0 = Debug|Any CPU
		{D1CB4411-9FE8-4900-A7C1-577FE24A808F}.Debug|x64.ActiveCfg = Debug|Any CPU
		{D1CB4411-9FE8-4900-A7C1-577FE24A808F}.Debug|x64.Build.0 = Debug|Any CPU
		{D1CB4411-9FE8-4900-A7C1-577FE24A808F}.Debug|x64.Deploy.0 = Debug|Any CPU
		{D1CB4411-9FE8-4900-A7C1-577FE24A808F}.Debug|x86.ActiveCfg = Debug|Any CPU
		{D1CB4411-9FE8-4900-A7C1-577FE24A808F}.Debug|x86.Build.0 = Debug|Any CPU
		{D1CB4411-9FE8-4900-A7C1-577FE24A808F}.Debug|x86.Deploy.0 = Debug|Any CPU
		{D1CB4411-9FE8-4900-A7C1-577FE24A808F}.Release|Any CPU.ActiveCfg = Release|Any CPU
		{D1CB4411-9FE8-4900-A7C1-577FE24A808F}.Release|Any CPU.Build.0 = Release|Any CPU
		{D1CB4411-9FE8-4900-A7C1-577FE24A808F}.Release|Any CPU.Deploy.0 = Release|Any CPU
		{D1CB4411-9FE8-4900-A7C1-577FE24A808F}.Release|ARM.ActiveCfg = Release|Any CPU
		{D1CB4411-9FE8-4900-A7C1-577FE24A808F}.Release|ARM.Build.0 = Release|Any CPU
		{D1CB4411-9FE8-4900-A7C1-577FE24A808F}.Release|ARM.Deploy.0 = Release|Any CPU
		{D1CB4411-9FE8-4900-A7C1-577FE24A808F}.Release|iPhone.ActiveCfg = Release|Any CPU
		{D1CB4411-9FE8-4900-A7C1-577FE24A808F}.Release|iPhone.Build.0 = Release|Any CPU
		{D1CB4411-9FE8-4900-A7C1-577FE24A808F}.Release|iPhone.Deploy.0 = Release|Any CPU
		{D1CB4411-9FE8-4900-A7C1-577FE24A808F}.Release|iPhoneSimulator.ActiveCfg = Release|Any CPU
		{D1CB4411-9FE8-4900-A7C1-577FE24A808F}.Release|iPhoneSimulator.Build.0 = Release|Any CPU
		{D1CB4411-9FE8-4900-A7C1-577FE24A808F}.Release|iPhoneSimulator.Deploy.0 = Release|Any CPU
		{D1CB4411-9FE8-4900-A7C1-577FE24A808F}.Release|x64.ActiveCfg = Release|Any CPU
		{D1CB4411-9FE8-4900-A7C1-577FE24A808F}.Release|x64.Build.0 = Release|Any CPU
		{D1CB4411-9FE8-4900-A7C1-577FE24A808F}.Release|x64.Deploy.0 = Release|Any CPU
		{D1CB4411-9FE8-4900-A7C1-577FE24A808F}.Release|x86.ActiveCfg = Release|Any CPU
		{D1CB4411-9FE8-4900-A7C1-577FE24A808F}.Release|x86.Build.0 = Release|Any CPU
		{D1CB4411-9FE8-4900-A7C1-577FE24A808F}.Release|x86.Deploy.0 = Release|Any CPU
		{255538C7-FF34-48F2-9A98-75391B630BFB}.Ad-Hoc|Any CPU.ActiveCfg = Ad-Hoc|iPhone
		{255538C7-FF34-48F2-9A98-75391B630BFB}.Ad-Hoc|Any CPU.Build.0 = Ad-Hoc|iPhone
		{255538C7-FF34-48F2-9A98-75391B630BFB}.Ad-Hoc|Any CPU.Deploy.0 = Ad-Hoc|iPhone
		{255538C7-FF34-48F2-9A98-75391B630BFB}.Ad-Hoc|ARM.ActiveCfg = Ad-Hoc|iPhone
		{255538C7-FF34-48F2-9A98-75391B630BFB}.Ad-Hoc|ARM.Build.0 = Ad-Hoc|iPhone
		{255538C7-FF34-48F2-9A98-75391B630BFB}.Ad-Hoc|ARM.Deploy.0 = Ad-Hoc|iPhone
		{255538C7-FF34-48F2-9A98-75391B630BFB}.Ad-Hoc|iPhone.ActiveCfg = Ad-Hoc|iPhone
		{255538C7-FF34-48F2-9A98-75391B630BFB}.Ad-Hoc|iPhone.Build.0 = Ad-Hoc|iPhone
		{255538C7-FF34-48F2-9A98-75391B630BFB}.Ad-Hoc|iPhone.Deploy.0 = Ad-Hoc|iPhone
		{255538C7-FF34-48F2-9A98-75391B630BFB}.Ad-Hoc|iPhoneSimulator.ActiveCfg = Ad-Hoc|iPhoneSimulator
		{255538C7-FF34-48F2-9A98-75391B630BFB}.Ad-Hoc|iPhoneSimulator.Build.0 = Ad-Hoc|iPhoneSimulator
		{255538C7-FF34-48F2-9A98-75391B630BFB}.Ad-Hoc|iPhoneSimulator.Deploy.0 = Ad-Hoc|iPhoneSimulator
		{255538C7-FF34-48F2-9A98-75391B630BFB}.Ad-Hoc|x64.ActiveCfg = Ad-Hoc|iPhone
		{255538C7-FF34-48F2-9A98-75391B630BFB}.Ad-Hoc|x64.Build.0 = Ad-Hoc|iPhone
		{255538C7-FF34-48F2-9A98-75391B630BFB}.Ad-Hoc|x64.Deploy.0 = Ad-Hoc|iPhone
		{255538C7-FF34-48F2-9A98-75391B630BFB}.Ad-Hoc|x86.ActiveCfg = Ad-Hoc|iPhone
		{255538C7-FF34-48F2-9A98-75391B630BFB}.Ad-Hoc|x86.Build.0 = Ad-Hoc|iPhone
		{255538C7-FF34-48F2-9A98-75391B630BFB}.Ad-Hoc|x86.Deploy.0 = Ad-Hoc|iPhone
		{255538C7-FF34-48F2-9A98-75391B630BFB}.AppStore|Any CPU.ActiveCfg = AppStore|iPhone
		{255538C7-FF34-48F2-9A98-75391B630BFB}.AppStore|Any CPU.Build.0 = AppStore|iPhone
		{255538C7-FF34-48F2-9A98-75391B630BFB}.AppStore|Any CPU.Deploy.0 = AppStore|iPhone
		{255538C7-FF34-48F2-9A98-75391B630BFB}.AppStore|ARM.ActiveCfg = AppStore|iPhone
		{255538C7-FF34-48F2-9A98-75391B630BFB}.AppStore|ARM.Build.0 = AppStore|iPhone
		{255538C7-FF34-48F2-9A98-75391B630BFB}.AppStore|ARM.Deploy.0 = AppStore|iPhone
		{255538C7-FF34-48F2-9A98-75391B630BFB}.AppStore|iPhone.ActiveCfg = AppStore|iPhone
		{255538C7-FF34-48F2-9A98-75391B630BFB}.AppStore|iPhone.Build.0 = AppStore|iPhone
		{255538C7-FF34-48F2-9A98-75391B630BFB}.AppStore|iPhone.Deploy.0 = AppStore|iPhone
		{255538C7-FF34-48F2-9A98-75391B630BFB}.AppStore|iPhoneSimulator.ActiveCfg = AppStore|iPhoneSimulator
		{255538C7-FF34-48F2-9A98-75391B630BFB}.AppStore|iPhoneSimulator.Build.0 = AppStore|iPhoneSimulator
		{255538C7-FF34-48F2-9A98-75391B630BFB}.AppStore|iPhoneSimulator.Deploy.0 = AppStore|iPhoneSimulator
		{255538C7-FF34-48F2-9A98-75391B630BFB}.AppStore|x64.ActiveCfg = AppStore|iPhone
		{255538C7-FF34-48F2-9A98-75391B630BFB}.AppStore|x64.Build.0 = AppStore|iPhone
		{255538C7-FF34-48F2-9A98-75391B630BFB}.AppStore|x64.Deploy.0 = AppStore|iPhone
		{255538C7-FF34-48F2-9A98-75391B630BFB}.AppStore|x86.ActiveCfg = AppStore|iPhone
		{255538C7-FF34-48F2-9A98-75391B630BFB}.AppStore|x86.Build.0 = AppStore|iPhone
		{255538C7-FF34-48F2-9A98-75391B630BFB}.AppStore|x86.Deploy.0 = AppStore|iPhone
		{255538C7-FF34-48F2-9A98-75391B630BFB}.Debug|Any CPU.ActiveCfg = Debug|iPhoneSimulator
		{255538C7-FF34-48F2-9A98-75391B630BFB}.Debug|Any CPU.Build.0 = Debug|iPhoneSimulator
		{255538C7-FF34-48F2-9A98-75391B630BFB}.Debug|Any CPU.Deploy.0 = Debug|iPhoneSimulator
		{255538C7-FF34-48F2-9A98-75391B630BFB}.Debug|ARM.ActiveCfg = Debug|iPhone
		{255538C7-FF34-48F2-9A98-75391B630BFB}.Debug|ARM.Build.0 = Debug|iPhone
		{255538C7-FF34-48F2-9A98-75391B630BFB}.Debug|ARM.Deploy.0 = Debug|iPhone
		{255538C7-FF34-48F2-9A98-75391B630BFB}.Debug|iPhone.ActiveCfg = Debug|iPhone
		{255538C7-FF34-48F2-9A98-75391B630BFB}.Debug|iPhone.Build.0 = Debug|iPhone
		{255538C7-FF34-48F2-9A98-75391B630BFB}.Debug|iPhone.Deploy.0 = Debug|iPhone
		{255538C7-FF34-48F2-9A98-75391B630BFB}.Debug|iPhoneSimulator.ActiveCfg = Debug|iPhoneSimulator
		{255538C7-FF34-48F2-9A98-75391B630BFB}.Debug|iPhoneSimulator.Build.0 = Debug|iPhoneSimulator
		{255538C7-FF34-48F2-9A98-75391B630BFB}.Debug|iPhoneSimulator.Deploy.0 = Debug|iPhoneSimulator
		{255538C7-FF34-48F2-9A98-75391B630BFB}.Debug|x64.ActiveCfg = Debug|iPhone
		{255538C7-FF34-48F2-9A98-75391B630BFB}.Debug|x64.Build.0 = Debug|iPhone
		{255538C7-FF34-48F2-9A98-75391B630BFB}.Debug|x64.Deploy.0 = Debug|iPhone
		{255538C7-FF34-48F2-9A98-75391B630BFB}.Debug|x86.ActiveCfg = Debug|iPhone
		{255538C7-FF34-48F2-9A98-75391B630BFB}.Debug|x86.Build.0 = Debug|iPhone
		{255538C7-FF34-48F2-9A98-75391B630BFB}.Debug|x86.Deploy.0 = Debug|iPhone
		{255538C7-FF34-48F2-9A98-75391B630BFB}.Release|Any CPU.ActiveCfg = Release|iPhone
		{255538C7-FF34-48F2-9A98-75391B630BFB}.Release|Any CPU.Build.0 = Release|iPhone
		{255538C7-FF34-48F2-9A98-75391B630BFB}.Release|Any CPU.Deploy.0 = Release|iPhone
		{255538C7-FF34-48F2-9A98-75391B630BFB}.Release|ARM.ActiveCfg = Release|iPhone
		{255538C7-FF34-48F2-9A98-75391B630BFB}.Release|ARM.Build.0 = Release|iPhone
		{255538C7-FF34-48F2-9A98-75391B630BFB}.Release|ARM.Deploy.0 = Release|iPhone
		{255538C7-FF34-48F2-9A98-75391B630BFB}.Release|iPhone.ActiveCfg = Release|iPhone
		{255538C7-FF34-48F2-9A98-75391B630BFB}.Release|iPhone.Build.0 = Release|iPhone
		{255538C7-FF34-48F2-9A98-75391B630BFB}.Release|iPhone.Deploy.0 = Release|iPhone
		{255538C7-FF34-48F2-9A98-75391B630BFB}.Release|iPhoneSimulator.ActiveCfg = Release|iPhoneSimulator
		{255538C7-FF34-48F2-9A98-75391B630BFB}.Release|iPhoneSimulator.Build.0 = Release|iPhoneSimulator
		{255538C7-FF34-48F2-9A98-75391B630BFB}.Release|iPhoneSimulator.Deploy.0 = Release|iPhoneSimulator
		{255538C7-FF34-48F2-9A98-75391B630BFB}.Release|x64.ActiveCfg = Release|iPhone
		{255538C7-FF34-48F2-9A98-75391B630BFB}.Release|x64.Build.0 = Release|iPhone
		{255538C7-FF34-48F2-9A98-75391B630BFB}.Release|x64.Deploy.0 = Release|iPhone
		{255538C7-FF34-48F2-9A98-75391B630BFB}.Release|x86.ActiveCfg = Release|iPhone
		{255538C7-FF34-48F2-9A98-75391B630BFB}.Release|x86.Build.0 = Release|iPhone
		{255538C7-FF34-48F2-9A98-75391B630BFB}.Release|x86.Deploy.0 = Release|iPhone
		{DA14F03D-601D-4B41-B4BC-37B99F1C60D9}.Ad-Hoc|Any CPU.ActiveCfg = Release|x86
		{DA14F03D-601D-4B41-B4BC-37B99F1C60D9}.Ad-Hoc|Any CPU.Build.0 = Release|x86
		{DA14F03D-601D-4B41-B4BC-37B99F1C60D9}.Ad-Hoc|Any CPU.Deploy.0 = Release|x86
		{DA14F03D-601D-4B41-B4BC-37B99F1C60D9}.Ad-Hoc|ARM.ActiveCfg = Release|ARM
		{DA14F03D-601D-4B41-B4BC-37B99F1C60D9}.Ad-Hoc|ARM.Build.0 = Release|ARM
		{DA14F03D-601D-4B41-B4BC-37B99F1C60D9}.Ad-Hoc|ARM.Deploy.0 = Release|ARM
		{DA14F03D-601D-4B41-B4BC-37B99F1C60D9}.Ad-Hoc|iPhone.ActiveCfg = Release|x86
		{DA14F03D-601D-4B41-B4BC-37B99F1C60D9}.Ad-Hoc|iPhone.Build.0 = Release|x86
		{DA14F03D-601D-4B41-B4BC-37B99F1C60D9}.Ad-Hoc|iPhone.Deploy.0 = Release|x86
		{DA14F03D-601D-4B41-B4BC-37B99F1C60D9}.Ad-Hoc|iPhoneSimulator.ActiveCfg = Release|x86
		{DA14F03D-601D-4B41-B4BC-37B99F1C60D9}.Ad-Hoc|iPhoneSimulator.Build.0 = Release|x86
		{DA14F03D-601D-4B41-B4BC-37B99F1C60D9}.Ad-Hoc|iPhoneSimulator.Deploy.0 = Release|x86
		{DA14F03D-601D-4B41-B4BC-37B99F1C60D9}.Ad-Hoc|x64.ActiveCfg = Release|x64
		{DA14F03D-601D-4B41-B4BC-37B99F1C60D9}.Ad-Hoc|x64.Build.0 = Release|x64
		{DA14F03D-601D-4B41-B4BC-37B99F1C60D9}.Ad-Hoc|x64.Deploy.0 = Release|x64
		{DA14F03D-601D-4B41-B4BC-37B99F1C60D9}.Ad-Hoc|x86.ActiveCfg = Release|x86
		{DA14F03D-601D-4B41-B4BC-37B99F1C60D9}.Ad-Hoc|x86.Build.0 = Release|x86
		{DA14F03D-601D-4B41-B4BC-37B99F1C60D9}.Ad-Hoc|x86.Deploy.0 = Release|x86
		{DA14F03D-601D-4B41-B4BC-37B99F1C60D9}.AppStore|Any CPU.ActiveCfg = Release|x86
		{DA14F03D-601D-4B41-B4BC-37B99F1C60D9}.AppStore|Any CPU.Build.0 = Release|x86
		{DA14F03D-601D-4B41-B4BC-37B99F1C60D9}.AppStore|Any CPU.Deploy.0 = Release|x86
		{DA14F03D-601D-4B41-B4BC-37B99F1C60D9}.AppStore|ARM.ActiveCfg = Release|ARM
		{DA14F03D-601D-4B41-B4BC-37B99F1C60D9}.AppStore|ARM.Build.0 = Release|ARM
		{DA14F03D-601D-4B41-B4BC-37B99F1C60D9}.AppStore|ARM.Deploy.0 = Release|ARM
		{DA14F03D-601D-4B41-B4BC-37B99F1C60D9}.AppStore|iPhone.ActiveCfg = Release|x86
		{DA14F03D-601D-4B41-B4BC-37B99F1C60D9}.AppStore|iPhone.Build.0 = Release|x86
		{DA14F03D-601D-4B41-B4BC-37B99F1C60D9}.AppStore|iPhone.Deploy.0 = Release|x86
		{DA14F03D-601D-4B41-B4BC-37B99F1C60D9}.AppStore|iPhoneSimulator.ActiveCfg = Release|x86
		{DA14F03D-601D-4B41-B4BC-37B99F1C60D9}.AppStore|iPhoneSimulator.Build.0 = Release|x86
		{DA14F03D-601D-4B41-B4BC-37B99F1C60D9}.AppStore|iPhoneSimulator.Deploy.0 = Release|x86
		{DA14F03D-601D-4B41-B4BC-37B99F1C60D9}.AppStore|x64.ActiveCfg = Release|x64
		{DA14F03D-601D-4B41-B4BC-37B99F1C60D9}.AppStore|x64.Build.0 = Release|x64
		{DA14F03D-601D-4B41-B4BC-37B99F1C60D9}.AppStore|x64.Deploy.0 = Release|x64
		{DA14F03D-601D-4B41-B4BC-37B99F1C60D9}.AppStore|x86.ActiveCfg = Release|x86
		{DA14F03D-601D-4B41-B4BC-37B99F1C60D9}.AppStore|x86.Build.0 = Release|x86
		{DA14F03D-601D-4B41-B4BC-37B99F1C60D9}.AppStore|x86.Deploy.0 = Release|x86
		{DA14F03D-601D-4B41-B4BC-37B99F1C60D9}.Debug|Any CPU.ActiveCfg = Debug|x86
		{DA14F03D-601D-4B41-B4BC-37B99F1C60D9}.Debug|Any CPU.Build.0 = Debug|x86
		{DA14F03D-601D-4B41-B4BC-37B99F1C60D9}.Debug|Any CPU.Deploy.0 = Debug|x86
		{DA14F03D-601D-4B41-B4BC-37B99F1C60D9}.Debug|ARM.ActiveCfg = Debug|ARM
		{DA14F03D-601D-4B41-B4BC-37B99F1C60D9}.Debug|ARM.Build.0 = Debug|ARM
		{DA14F03D-601D-4B41-B4BC-37B99F1C60D9}.Debug|ARM.Deploy.0 = Debug|ARM
		{DA14F03D-601D-4B41-B4BC-37B99F1C60D9}.Debug|iPhone.ActiveCfg = Debug|x86
		{DA14F03D-601D-4B41-B4BC-37B99F1C60D9}.Debug|iPhone.Build.0 = Debug|x86
		{DA14F03D-601D-4B41-B4BC-37B99F1C60D9}.Debug|iPhone.Deploy.0 = Debug|x86
		{DA14F03D-601D-4B41-B4BC-37B99F1C60D9}.Debug|iPhoneSimulator.ActiveCfg = Debug|x86
		{DA14F03D-601D-4B41-B4BC-37B99F1C60D9}.Debug|iPhoneSimulator.Build.0 = Debug|x86
		{DA14F03D-601D-4B41-B4BC-37B99F1C60D9}.Debug|iPhoneSimulator.Deploy.0 = Debug|x86
		{DA14F03D-601D-4B41-B4BC-37B99F1C60D9}.Debug|x64.ActiveCfg = Debug|x64
		{DA14F03D-601D-4B41-B4BC-37B99F1C60D9}.Debug|x64.Build.0 = Debug|x64
		{DA14F03D-601D-4B41-B4BC-37B99F1C60D9}.Debug|x64.Deploy.0 = Debug|x64
		{DA14F03D-601D-4B41-B4BC-37B99F1C60D9}.Debug|x86.ActiveCfg = Debug|x86
		{DA14F03D-601D-4B41-B4BC-37B99F1C60D9}.Debug|x86.Build.0 = Debug|x86
		{DA14F03D-601D-4B41-B4BC-37B99F1C60D9}.Debug|x86.Deploy.0 = Debug|x86
		{DA14F03D-601D-4B41-B4BC-37B99F1C60D9}.Release|Any CPU.ActiveCfg = Release|x86
		{DA14F03D-601D-4B41-B4BC-37B99F1C60D9}.Release|Any CPU.Build.0 = Release|x86
		{DA14F03D-601D-4B41-B4BC-37B99F1C60D9}.Release|Any CPU.Deploy.0 = Release|x86
		{DA14F03D-601D-4B41-B4BC-37B99F1C60D9}.Release|ARM.ActiveCfg = Release|ARM
		{DA14F03D-601D-4B41-B4BC-37B99F1C60D9}.Release|ARM.Build.0 = Release|ARM
		{DA14F03D-601D-4B41-B4BC-37B99F1C60D9}.Release|ARM.Deploy.0 = Release|ARM
		{DA14F03D-601D-4B41-B4BC-37B99F1C60D9}.Release|iPhone.ActiveCfg = Release|x86
		{DA14F03D-601D-4B41-B4BC-37B99F1C60D9}.Release|iPhone.Build.0 = Release|x86
		{DA14F03D-601D-4B41-B4BC-37B99F1C60D9}.Release|iPhone.Deploy.0 = Release|x86
		{DA14F03D-601D-4B41-B4BC-37B99F1C60D9}.Release|iPhoneSimulator.ActiveCfg = Release|x86
		{DA14F03D-601D-4B41-B4BC-37B99F1C60D9}.Release|iPhoneSimulator.Build.0 = Release|x86
		{DA14F03D-601D-4B41-B4BC-37B99F1C60D9}.Release|iPhoneSimulator.Deploy.0 = Release|x86
		{DA14F03D-601D-4B41-B4BC-37B99F1C60D9}.Release|x64.ActiveCfg = Release|x64
		{DA14F03D-601D-4B41-B4BC-37B99F1C60D9}.Release|x64.Build.0 = Release|x64
		{DA14F03D-601D-4B41-B4BC-37B99F1C60D9}.Release|x64.Deploy.0 = Release|x64
		{DA14F03D-601D-4B41-B4BC-37B99F1C60D9}.Release|x86.ActiveCfg = Release|x86
		{DA14F03D-601D-4B41-B4BC-37B99F1C60D9}.Release|x86.Build.0 = Release|x86
		{DA14F03D-601D-4B41-B4BC-37B99F1C60D9}.Release|x86.Deploy.0 = Release|x86
		{3406C3CA-6C9C-43A4-9AFC-8A71D4859CFA}.Ad-Hoc|Any CPU.ActiveCfg = Debug|Any CPU
		{3406C3CA-6C9C-43A4-9AFC-8A71D4859CFA}.Ad-Hoc|Any CPU.Build.0 = Debug|Any CPU
		{3406C3CA-6C9C-43A4-9AFC-8A71D4859CFA}.Ad-Hoc|Any CPU.Deploy.0 = Debug|Any CPU
		{3406C3CA-6C9C-43A4-9AFC-8A71D4859CFA}.Ad-Hoc|ARM.ActiveCfg = Debug|Any CPU
		{3406C3CA-6C9C-43A4-9AFC-8A71D4859CFA}.Ad-Hoc|ARM.Build.0 = Debug|Any CPU
		{3406C3CA-6C9C-43A4-9AFC-8A71D4859CFA}.Ad-Hoc|ARM.Deploy.0 = Debug|Any CPU
		{3406C3CA-6C9C-43A4-9AFC-8A71D4859CFA}.Ad-Hoc|iPhone.ActiveCfg = Debug|Any CPU
		{3406C3CA-6C9C-43A4-9AFC-8A71D4859CFA}.Ad-Hoc|iPhone.Build.0 = Debug|Any CPU
		{3406C3CA-6C9C-43A4-9AFC-8A71D4859CFA}.Ad-Hoc|iPhone.Deploy.0 = Debug|Any CPU
		{3406C3CA-6C9C-43A4-9AFC-8A71D4859CFA}.Ad-Hoc|iPhoneSimulator.ActiveCfg = Debug|Any CPU
		{3406C3CA-6C9C-43A4-9AFC-8A71D4859CFA}.Ad-Hoc|iPhoneSimulator.Build.0 = Debug|Any CPU
		{3406C3CA-6C9C-43A4-9AFC-8A71D4859CFA}.Ad-Hoc|iPhoneSimulator.Deploy.0 = Debug|Any CPU
		{3406C3CA-6C9C-43A4-9AFC-8A71D4859CFA}.Ad-Hoc|x64.ActiveCfg = Debug|Any CPU
		{3406C3CA-6C9C-43A4-9AFC-8A71D4859CFA}.Ad-Hoc|x64.Build.0 = Debug|Any CPU
		{3406C3CA-6C9C-43A4-9AFC-8A71D4859CFA}.Ad-Hoc|x64.Deploy.0 = Debug|Any CPU
		{3406C3CA-6C9C-43A4-9AFC-8A71D4859CFA}.Ad-Hoc|x86.ActiveCfg = Debug|Any CPU
		{3406C3CA-6C9C-43A4-9AFC-8A71D4859CFA}.Ad-Hoc|x86.Build.0 = Debug|Any CPU
		{3406C3CA-6C9C-43A4-9AFC-8A71D4859CFA}.Ad-Hoc|x86.Deploy.0 = Debug|Any CPU
		{3406C3CA-6C9C-43A4-9AFC-8A71D4859CFA}.AppStore|Any CPU.ActiveCfg = Debug|Any CPU
		{3406C3CA-6C9C-43A4-9AFC-8A71D4859CFA}.AppStore|Any CPU.Build.0 = Debug|Any CPU
		{3406C3CA-6C9C-43A4-9AFC-8A71D4859CFA}.AppStore|Any CPU.Deploy.0 = Debug|Any CPU
		{3406C3CA-6C9C-43A4-9AFC-8A71D4859CFA}.AppStore|ARM.ActiveCfg = Debug|Any CPU
		{3406C3CA-6C9C-43A4-9AFC-8A71D4859CFA}.AppStore|ARM.Build.0 = Debug|Any CPU
		{3406C3CA-6C9C-43A4-9AFC-8A71D4859CFA}.AppStore|ARM.Deploy.0 = Debug|Any CPU
		{3406C3CA-6C9C-43A4-9AFC-8A71D4859CFA}.AppStore|iPhone.ActiveCfg = Debug|Any CPU
		{3406C3CA-6C9C-43A4-9AFC-8A71D4859CFA}.AppStore|iPhone.Build.0 = Debug|Any CPU
		{3406C3CA-6C9C-43A4-9AFC-8A71D4859CFA}.AppStore|iPhone.Deploy.0 = Debug|Any CPU
		{3406C3CA-6C9C-43A4-9AFC-8A71D4859CFA}.AppStore|iPhoneSimulator.ActiveCfg = Debug|Any CPU
		{3406C3CA-6C9C-43A4-9AFC-8A71D4859CFA}.AppStore|iPhoneSimulator.Build.0 = Debug|Any CPU
		{3406C3CA-6C9C-43A4-9AFC-8A71D4859CFA}.AppStore|iPhoneSimulator.Deploy.0 = Debug|Any CPU
		{3406C3CA-6C9C-43A4-9AFC-8A71D4859CFA}.AppStore|x64.ActiveCfg = Debug|Any CPU
		{3406C3CA-6C9C-43A4-9AFC-8A71D4859CFA}.AppStore|x64.Build.0 = Debug|Any CPU
		{3406C3CA-6C9C-43A4-9AFC-8A71D4859CFA}.AppStore|x64.Deploy.0 = Debug|Any CPU
		{3406C3CA-6C9C-43A4-9AFC-8A71D4859CFA}.AppStore|x86.ActiveCfg = Debug|Any CPU
		{3406C3CA-6C9C-43A4-9AFC-8A71D4859CFA}.AppStore|x86.Build.0 = Debug|Any CPU
		{3406C3CA-6C9C-43A4-9AFC-8A71D4859CFA}.AppStore|x86.Deploy.0 = Debug|Any CPU
		{3406C3CA-6C9C-43A4-9AFC-8A71D4859CFA}.Debug|Any CPU.ActiveCfg = Debug|Any CPU
		{3406C3CA-6C9C-43A4-9AFC-8A71D4859CFA}.Debug|Any CPU.Build.0 = Debug|Any CPU
		{3406C3CA-6C9C-43A4-9AFC-8A71D4859CFA}.Debug|Any CPU.Deploy.0 = Debug|Any CPU
		{3406C3CA-6C9C-43A4-9AFC-8A71D4859CFA}.Debug|ARM.ActiveCfg = Debug|Any CPU
		{3406C3CA-6C9C-43A4-9AFC-8A71D4859CFA}.Debug|ARM.Build.0 = Debug|Any CPU
		{3406C3CA-6C9C-43A4-9AFC-8A71D4859CFA}.Debug|ARM.Deploy.0 = Debug|Any CPU
		{3406C3CA-6C9C-43A4-9AFC-8A71D4859CFA}.Debug|iPhone.ActiveCfg = Debug|Any CPU
		{3406C3CA-6C9C-43A4-9AFC-8A71D4859CFA}.Debug|iPhone.Build.0 = Debug|Any CPU
		{3406C3CA-6C9C-43A4-9AFC-8A71D4859CFA}.Debug|iPhone.Deploy.0 = Debug|Any CPU
		{3406C3CA-6C9C-43A4-9AFC-8A71D4859CFA}.Debug|iPhoneSimulator.ActiveCfg = Debug|Any CPU
		{3406C3CA-6C9C-43A4-9AFC-8A71D4859CFA}.Debug|iPhoneSimulator.Build.0 = Debug|Any CPU
		{3406C3CA-6C9C-43A4-9AFC-8A71D4859CFA}.Debug|iPhoneSimulator.Deploy.0 = Debug|Any CPU
		{3406C3CA-6C9C-43A4-9AFC-8A71D4859CFA}.Debug|x64.ActiveCfg = Debug|Any CPU
		{3406C3CA-6C9C-43A4-9AFC-8A71D4859CFA}.Debug|x64.Build.0 = Debug|Any CPU
		{3406C3CA-6C9C-43A4-9AFC-8A71D4859CFA}.Debug|x64.Deploy.0 = Debug|Any CPU
		{3406C3CA-6C9C-43A4-9AFC-8A71D4859CFA}.Debug|x86.ActiveCfg = Debug|Any CPU
		{3406C3CA-6C9C-43A4-9AFC-8A71D4859CFA}.Debug|x86.Build.0 = Debug|Any CPU
		{3406C3CA-6C9C-43A4-9AFC-8A71D4859CFA}.Debug|x86.Deploy.0 = Debug|Any CPU
		{3406C3CA-6C9C-43A4-9AFC-8A71D4859CFA}.Release|Any CPU.ActiveCfg = Release|Any CPU
		{3406C3CA-6C9C-43A4-9AFC-8A71D4859CFA}.Release|Any CPU.Build.0 = Release|Any CPU
		{3406C3CA-6C9C-43A4-9AFC-8A71D4859CFA}.Release|Any CPU.Deploy.0 = Release|Any CPU
		{3406C3CA-6C9C-43A4-9AFC-8A71D4859CFA}.Release|ARM.ActiveCfg = Release|Any CPU
		{3406C3CA-6C9C-43A4-9AFC-8A71D4859CFA}.Release|ARM.Build.0 = Release|Any CPU
		{3406C3CA-6C9C-43A4-9AFC-8A71D4859CFA}.Release|ARM.Deploy.0 = Release|Any CPU
		{3406C3CA-6C9C-43A4-9AFC-8A71D4859CFA}.Release|iPhone.ActiveCfg = Release|Any CPU
		{3406C3CA-6C9C-43A4-9AFC-8A71D4859CFA}.Release|iPhone.Build.0 = Release|Any CPU
		{3406C3CA-6C9C-43A4-9AFC-8A71D4859CFA}.Release|iPhone.Deploy.0 = Release|Any CPU
		{3406C3CA-6C9C-43A4-9AFC-8A71D4859CFA}.Release|iPhoneSimulator.ActiveCfg = Release|Any CPU
		{3406C3CA-6C9C-43A4-9AFC-8A71D4859CFA}.Release|iPhoneSimulator.Build.0 = Release|Any CPU
		{3406C3CA-6C9C-43A4-9AFC-8A71D4859CFA}.Release|iPhoneSimulator.Deploy.0 = Release|Any CPU
		{3406C3CA-6C9C-43A4-9AFC-8A71D4859CFA}.Release|x64.ActiveCfg = Release|Any CPU
		{3406C3CA-6C9C-43A4-9AFC-8A71D4859CFA}.Release|x64.Build.0 = Release|Any CPU
		{3406C3CA-6C9C-43A4-9AFC-8A71D4859CFA}.Release|x64.Deploy.0 = Release|Any CPU
		{3406C3CA-6C9C-43A4-9AFC-8A71D4859CFA}.Release|x86.ActiveCfg = Release|Any CPU
		{3406C3CA-6C9C-43A4-9AFC-8A71D4859CFA}.Release|x86.Build.0 = Release|Any CPU
		{3406C3CA-6C9C-43A4-9AFC-8A71D4859CFA}.Release|x86.Deploy.0 = Release|Any CPU
	EndGlobalSection
	GlobalSection(SolutionProperties) = preSolution
		HideSolutionNode = FALSE
	EndGlobalSection
	GlobalSection(ExtensibilityGlobals) = postSolution
		SolutionGuid = {7C184B17-1DE1-460A-94D2-8FF4312B3E59}
	EndGlobalSection
EndGlobal
